PODS:
  - DACircularProgress (2.3.1)
  - MBProgressHUD (1.0.0)
  - MWPhotoBrowser (2.1.2):
    - DACircularProgress (~> 2.3)
    - MBProgressHUD
    - SDWebImage
    - XCDYouTubeKit
  - SDWebImage (4.0.0):
    - SDWebImage/Core (= 4.0.0)
  - SDWebImage/Core (4.0.0)
  - XCDYouTubeKit (2.5.5)

DEPENDENCIES:
  - MWPhotoBrowser (from `../`)
  - XCDYouTubeKit

EXTERNAL SOURCES:
  MWPhotoBrowser:
    :path: ../

SPEC CHECKSUMS:
  DACircularProgress: 4dd437c0fc3da5161cb289e07ac449493d41db71
  MBProgressHUD: 4890f671c94e8a0f3cf959aa731e9de2f036d71a
  MWPhotoBrowser: ff1338bbaa18628f4c0ddb1cda2400e4eb76f3f2
  SDWebImage: 76a6348bdc74eb5a55dd08a091ef298e56b55e41
  XCDYouTubeKit: 86f4e7a9c2baa7b7adf6abfc28ac3ab34927be2d

PODFILE CHECKSUM: 8d80a550b39a400bc48ef7231048ba8671fc89d2

COCOAPODS: 1.0.1
