// !$*UTF8*$!
{
	archiveVersion = 1;
	classes = {
	};
	objectVersion = 46;
	objects = {

/* Begin PBXBuildFile section */
		0EA380331573EA4B003F4582 /* ImageIO.framework in Frameworks */ = {isa = PBXBuildFile; fileRef = 0EA380321573EA4B003F4582 /* ImageIO.framework */; };
		1F4CDC67158E4DF50004A6D3 /* libSDWebImageARC.a in Frameworks */ = {isa = PBXBuildFile; fileRef = 1F4CDC62158E4DDD0004A6D3 /* libSDWebImageARC.a */; };
		1F4CDC6A158E4E030004A6D3 /* libMBProgressHUD.a in Frameworks */ = {isa = PBXBuildFile; fileRef = 1F4CDC56158E4DD70004A6D3 /* libMBProgressHUD.a */; };
		4C6F96C814AF704100F8389A /* Foundation.framework in Frameworks */ = {isa = PBXBuildFile; fileRef = 4C6F96C714AF704100F8389A /* Foundation.framework */; };
		4C6F96E214AF70BD00F8389A /* MWCaptionView.h in Headers */ = {isa = PBXBuildFile; fileRef = 4C6F96D614AF70BD00F8389A /* MWCaptionView.h */; };
		4C6F96E314AF70BD00F8389A /* MWCaptionView.m in Sources */ = {isa = PBXBuildFile; fileRef = 4C6F96D714AF70BD00F8389A /* MWCaptionView.m */; };
		4C6F96E414AF70BD00F8389A /* MWPhoto.h in Headers */ = {isa = PBXBuildFile; fileRef = 4C6F96D814AF70BD00F8389A /* MWPhoto.h */; settings = {ATTRIBUTES = (); }; };
		4C6F96E514AF70BD00F8389A /* MWPhoto.m in Sources */ = {isa = PBXBuildFile; fileRef = 4C6F96D914AF70BD00F8389A /* MWPhoto.m */; };
		4C6F96E614AF70BD00F8389A /* MWPhotoBrowser.h in Headers */ = {isa = PBXBuildFile; fileRef = 4C6F96DA14AF70BD00F8389A /* MWPhotoBrowser.h */; settings = {ATTRIBUTES = (); }; };
		4C6F96E714AF70BD00F8389A /* MWPhotoBrowser.m in Sources */ = {isa = PBXBuildFile; fileRef = 4C6F96DB14AF70BD00F8389A /* MWPhotoBrowser.m */; };
		4C6F96E814AF70BD00F8389A /* MWTapDetectingImageView.h in Headers */ = {isa = PBXBuildFile; fileRef = 4C6F96DC14AF70BD00F8389A /* MWTapDetectingImageView.h */; };
		4C6F96E914AF70BD00F8389A /* MWTapDetectingImageView.m in Sources */ = {isa = PBXBuildFile; fileRef = 4C6F96DD14AF70BD00F8389A /* MWTapDetectingImageView.m */; };
		4C6F96EA14AF70BD00F8389A /* MWTapDetectingView.h in Headers */ = {isa = PBXBuildFile; fileRef = 4C6F96DE14AF70BD00F8389A /* MWTapDetectingView.h */; };
		4C6F96EB14AF70BD00F8389A /* MWTapDetectingView.m in Sources */ = {isa = PBXBuildFile; fileRef = 4C6F96DF14AF70BD00F8389A /* MWTapDetectingView.m */; };
		4C6F96EC14AF70BD00F8389A /* MWZoomingScrollView.h in Headers */ = {isa = PBXBuildFile; fileRef = 4C6F96E014AF70BD00F8389A /* MWZoomingScrollView.h */; };
		4C6F96ED14AF70BD00F8389A /* MWZoomingScrollView.m in Sources */ = {isa = PBXBuildFile; fileRef = 4C6F96E114AF70BD00F8389A /* MWZoomingScrollView.m */; };
		4C6F97C714AF74E200F8389A /* MessageUI.framework in Frameworks */ = {isa = PBXBuildFile; fileRef = 4C6F97C614AF74E200F8389A /* MessageUI.framework */; };
		4CB08BA314B1F38700730E9F /* MWPhotoProtocol.h in Headers */ = {isa = PBXBuildFile; fileRef = 4CB08BA214B1F38700730E9F /* MWPhotoProtocol.h */; };
/* End PBXBuildFile section */

/* Begin PBXContainerItemProxy section */
		1F4CDC55158E4DD70004A6D3 /* PBXContainerItemProxy */ = {
			isa = PBXContainerItemProxy;
			containerPortal = 1F4CDC4E158E4DD70004A6D3 /* MBProgressHUD.xcodeproj */;
			proxyType = 2;
			remoteGlobalIDString = D286A7491518C70F00E13FB8;
			remoteInfo = MBProgressHUD;
		};
		1F4CDC5F158E4DDD0004A6D3 /* PBXContainerItemProxy */ = {
			isa = PBXContainerItemProxy;
			containerPortal = 1FFB6E82158E4C9100706C7A /* SDWebImage.xcodeproj */;
			proxyType = 2;
			remoteGlobalIDString = 53922D6F148C55820056699D;
			remoteInfo = SDWebImage;
		};
		1F4CDC61158E4DDD0004A6D3 /* PBXContainerItemProxy */ = {
			isa = PBXContainerItemProxy;
			containerPortal = 1FFB6E82158E4C9100706C7A /* SDWebImage.xcodeproj */;
			proxyType = 2;
			remoteGlobalIDString = 53761325155AD0D5005750A4;
			remoteInfo = "SDWebImage ARC";
		};
		1F4CDC63158E4DDD0004A6D3 /* PBXContainerItemProxy */ = {
			isa = PBXContainerItemProxy;
			containerPortal = 1FFB6E82158E4C9100706C7A /* SDWebImage.xcodeproj */;
			proxyType = 2;
			remoteGlobalIDString = 531041E0157EAFA400BBABC3;
			remoteInfo = "SDWebImage ARC+MKAnnotation";
		};
		1F4CDC65158E4DEE0004A6D3 /* PBXContainerItemProxy */ = {
			isa = PBXContainerItemProxy;
			containerPortal = 1FFB6E82158E4C9100706C7A /* SDWebImage.xcodeproj */;
			proxyType = 1;
			remoteGlobalIDString = 53761307155AD0D5005750A4;
			remoteInfo = "SDWebImage ARC";
		};
		1F4CDC68158E4DFF0004A6D3 /* PBXContainerItemProxy */ = {
			isa = PBXContainerItemProxy;
			containerPortal = 1F4CDC4E158E4DD70004A6D3 /* MBProgressHUD.xcodeproj */;
			proxyType = 1;
			remoteGlobalIDString = D286A7481518C70F00E13FB8;
			remoteInfo = MBProgressHUD;
		};
/* End PBXContainerItemProxy section */

/* Begin PBXFileReference section */
		0EA380321573EA4B003F4582 /* ImageIO.framework */ = {isa = PBXFileReference; lastKnownFileType = wrapper.framework; name = ImageIO.framework; path = System/Library/Frameworks/ImageIO.framework; sourceTree = SDKROOT; };
		1F4CDC3C158E4D1F0004A6D3 /* libSDWebImage.a */ = {isa = PBXFileReference; lastKnownFileType = file; name = libSDWebImage.a; path = "../../SDWebImage/build/Release-iphoneos/libSDWebImage.a"; sourceTree = "<group>"; };
		1F4CDC4E158E4DD70004A6D3 /* MBProgressHUD.xcodeproj */ = {isa = PBXFileReference; lastKnownFileType = "wrapper.pb-project"; name = MBProgressHUD.xcodeproj; path = ../MBProgressHUD/MBProgressHUD.xcodeproj; sourceTree = "<group>"; };
		1FFB6E82158E4C9100706C7A /* SDWebImage.xcodeproj */ = {isa = PBXFileReference; lastKnownFileType = "wrapper.pb-project"; name = SDWebImage.xcodeproj; path = ../SDWebImage/SDWebImage.xcodeproj; sourceTree = "<group>"; };
		4C6F96C414AF704100F8389A /* libMWPhotoBrowser.a */ = {isa = PBXFileReference; explicitFileType = archive.ar; includeInIndex = 0; path = libMWPhotoBrowser.a; sourceTree = BUILT_PRODUCTS_DIR; };
		4C6F96C714AF704100F8389A /* Foundation.framework */ = {isa = PBXFileReference; lastKnownFileType = wrapper.framework; name = Foundation.framework; path = System/Library/Frameworks/Foundation.framework; sourceTree = SDKROOT; };
		4C6F96CB14AF704100F8389A /* MWPhotoBrowser-Prefix.pch */ = {isa = PBXFileReference; lastKnownFileType = sourcecode.c.h; path = "MWPhotoBrowser-Prefix.pch"; sourceTree = SOURCE_ROOT; };
		4C6F96D614AF70BD00F8389A /* MWCaptionView.h */ = {isa = PBXFileReference; fileEncoding = 4; lastKnownFileType = sourcecode.c.h; name = MWCaptionView.h; path = Classes/MWCaptionView.h; sourceTree = SOURCE_ROOT; };
		4C6F96D714AF70BD00F8389A /* MWCaptionView.m */ = {isa = PBXFileReference; fileEncoding = 4; lastKnownFileType = sourcecode.c.objc; name = MWCaptionView.m; path = Classes/MWCaptionView.m; sourceTree = SOURCE_ROOT; };
		4C6F96D814AF70BD00F8389A /* MWPhoto.h */ = {isa = PBXFileReference; fileEncoding = 4; lastKnownFileType = sourcecode.c.h; name = MWPhoto.h; path = Classes/MWPhoto.h; sourceTree = SOURCE_ROOT; };
		4C6F96D914AF70BD00F8389A /* MWPhoto.m */ = {isa = PBXFileReference; fileEncoding = 4; lastKnownFileType = sourcecode.c.objc; name = MWPhoto.m; path = Classes/MWPhoto.m; sourceTree = SOURCE_ROOT; };
		4C6F96DA14AF70BD00F8389A /* MWPhotoBrowser.h */ = {isa = PBXFileReference; fileEncoding = 4; lastKnownFileType = sourcecode.c.h; name = MWPhotoBrowser.h; path = Classes/MWPhotoBrowser.h; sourceTree = SOURCE_ROOT; };
		4C6F96DB14AF70BD00F8389A /* MWPhotoBrowser.m */ = {isa = PBXFileReference; fileEncoding = 4; lastKnownFileType = sourcecode.c.objc; name = MWPhotoBrowser.m; path = Classes/MWPhotoBrowser.m; sourceTree = SOURCE_ROOT; };
		4C6F96DC14AF70BD00F8389A /* MWTapDetectingImageView.h */ = {isa = PBXFileReference; fileEncoding = 4; lastKnownFileType = sourcecode.c.h; name = MWTapDetectingImageView.h; path = Classes/MWTapDetectingImageView.h; sourceTree = SOURCE_ROOT; };
		4C6F96DD14AF70BD00F8389A /* MWTapDetectingImageView.m */ = {isa = PBXFileReference; fileEncoding = 4; lastKnownFileType = sourcecode.c.objc; name = MWTapDetectingImageView.m; path = Classes/MWTapDetectingImageView.m; sourceTree = SOURCE_ROOT; };
		4C6F96DE14AF70BD00F8389A /* MWTapDetectingView.h */ = {isa = PBXFileReference; fileEncoding = 4; lastKnownFileType = sourcecode.c.h; name = MWTapDetectingView.h; path = Classes/MWTapDetectingView.h; sourceTree = SOURCE_ROOT; };
		4C6F96DF14AF70BD00F8389A /* MWTapDetectingView.m */ = {isa = PBXFileReference; fileEncoding = 4; lastKnownFileType = sourcecode.c.objc; name = MWTapDetectingView.m; path = Classes/MWTapDetectingView.m; sourceTree = SOURCE_ROOT; };
		4C6F96E014AF70BD00F8389A /* MWZoomingScrollView.h */ = {isa = PBXFileReference; fileEncoding = 4; lastKnownFileType = sourcecode.c.h; name = MWZoomingScrollView.h; path = Classes/MWZoomingScrollView.h; sourceTree = SOURCE_ROOT; };
		4C6F96E114AF70BD00F8389A /* MWZoomingScrollView.m */ = {isa = PBXFileReference; fileEncoding = 4; lastKnownFileType = sourcecode.c.objc; name = MWZoomingScrollView.m; path = Classes/MWZoomingScrollView.m; sourceTree = SOURCE_ROOT; };
		4C6F96EF14AF70DC00F8389A /* MWPhotoBrowser.bundle */ = {isa = PBXFileReference; lastKnownFileType = "wrapper.plug-in"; path = MWPhotoBrowser.bundle; sourceTree = SOURCE_ROOT; };
		4C6F97C614AF74E200F8389A /* MessageUI.framework */ = {isa = PBXFileReference; lastKnownFileType = wrapper.framework; name = MessageUI.framework; path = System/Library/Frameworks/MessageUI.framework; sourceTree = SDKROOT; };
		4CB08BA214B1F38700730E9F /* MWPhotoProtocol.h */ = {isa = PBXFileReference; fileEncoding = 4; lastKnownFileType = sourcecode.c.h; name = MWPhotoProtocol.h; path = Classes/MWPhotoProtocol.h; sourceTree = SOURCE_ROOT; };
/* End PBXFileReference section */

/* Begin PBXFrameworksBuildPhase section */
		4C6F96C114AF704100F8389A /* Frameworks */ = {
			isa = PBXFrameworksBuildPhase;
			buildActionMask = 2147483647;
			files = (
				1F4CDC6A158E4E030004A6D3 /* libMBProgressHUD.a in Frameworks */,
				1F4CDC67158E4DF50004A6D3 /* libSDWebImageARC.a in Frameworks */,
				0EA380331573EA4B003F4582 /* ImageIO.framework in Frameworks */,
				4C6F97C714AF74E200F8389A /* MessageUI.framework in Frameworks */,
				4C6F96C814AF704100F8389A /* Foundation.framework in Frameworks */,
			);
			runOnlyForDeploymentPostprocessing = 0;
		};
/* End PBXFrameworksBuildPhase section */

/* Begin PBXGroup section */
		1F4CDC4F158E4DD70004A6D3 /* Products */ = {
			isa = PBXGroup;
			children = (
				1F4CDC56158E4DD70004A6D3 /* libMBProgressHUD.a */,
			);
			name = Products;
			sourceTree = "<group>";
		};
		1F4CDC5A158E4DDD0004A6D3 /* Products */ = {
			isa = PBXGroup;
			children = (
				1F4CDC60158E4DDD0004A6D3 /* libSDWebImage.a */,
				1F4CDC62158E4DDD0004A6D3 /* libSDWebImageARC.a */,
				1F4CDC64158E4DDD0004A6D3 /* libSDWebImageARC+MKAnnotation.a */,
			);
			name = Products;
			sourceTree = "<group>";
		};
		4C6F96B914AF704100F8389A = {
			isa = PBXGroup;
			children = (
				1F4CDC3C158E4D1F0004A6D3 /* libSDWebImage.a */,
				4C6F96C914AF704100F8389A /* MWPhotoBrowser */,
				4C6F97E114AF7CCE00F8389A /* Supporting Files */,
				4C6F96C614AF704100F8389A /* Frameworks */,
				4C6F96C514AF704100F8389A /* Products */,
			);
			sourceTree = "<group>";
		};
		4C6F96C514AF704100F8389A /* Products */ = {
			isa = PBXGroup;
			children = (
				4C6F96C414AF704100F8389A /* libMWPhotoBrowser.a */,
			);
			name = Products;
			sourceTree = "<group>";
		};
		4C6F96C614AF704100F8389A /* Frameworks */ = {
			isa = PBXGroup;
			children = (
				1FFB6E82158E4C9100706C7A /* SDWebImage.xcodeproj */,
				1F4CDC4E158E4DD70004A6D3 /* MBProgressHUD.xcodeproj */,
				0EA380321573EA4B003F4582 /* ImageIO.framework */,
				4C6F97C614AF74E200F8389A /* MessageUI.framework */,
				4C6F96C714AF704100F8389A /* Foundation.framework */,
			);
			name = Frameworks;
			sourceTree = "<group>";
		};
		4C6F96C914AF704100F8389A /* MWPhotoBrowser */ = {
			isa = PBXGroup;
			children = (
				4C6F96DA14AF70BD00F8389A /* MWPhotoBrowser.h */,
				4C6F96DB14AF70BD00F8389A /* MWPhotoBrowser.m */,
				4C6F96D814AF70BD00F8389A /* MWPhoto.h */,
				4C6F96D914AF70BD00F8389A /* MWPhoto.m */,
				4CB08BA214B1F38700730E9F /* MWPhotoProtocol.h */,
				4C6F96D614AF70BD00F8389A /* MWCaptionView.h */,
				4C6F96D714AF70BD00F8389A /* MWCaptionView.m */,
				4C6F96EF14AF70DC00F8389A /* MWPhotoBrowser.bundle */,
				4C6F96EE14AF70BF00F8389A /* Other */,
			);
			path = MWPhotoBrowser;
			sourceTree = "<group>";
		};
		4C6F96EE14AF70BF00F8389A /* Other */ = {
			isa = PBXGroup;
			children = (
				4C6F96DC14AF70BD00F8389A /* MWTapDetectingImageView.h */,
				4C6F96DD14AF70BD00F8389A /* MWTapDetectingImageView.m */,
				4C6F96DE14AF70BD00F8389A /* MWTapDetectingView.h */,
				4C6F96DF14AF70BD00F8389A /* MWTapDetectingView.m */,
				4C6F96E014AF70BD00F8389A /* MWZoomingScrollView.h */,
				4C6F96E114AF70BD00F8389A /* MWZoomingScrollView.m */,
			);
			name = Other;
			sourceTree = "<group>";
		};
		4C6F97E114AF7CCE00F8389A /* Supporting Files */ = {
			isa = PBXGroup;
			children = (
				4C6F96CB14AF704100F8389A /* MWPhotoBrowser-Prefix.pch */,
			);
			name = "Supporting Files";
			path = MWPhotoBrowser;
			sourceTree = "<group>";
		};
/* End PBXGroup section */

/* Begin PBXHeadersBuildPhase section */
		4C6F96C214AF704100F8389A /* Headers */ = {
			isa = PBXHeadersBuildPhase;
			buildActionMask = 2147483647;
			files = (
				4C6F96E214AF70BD00F8389A /* MWCaptionView.h in Headers */,
				4C6F96E414AF70BD00F8389A /* MWPhoto.h in Headers */,
				4C6F96E614AF70BD00F8389A /* MWPhotoBrowser.h in Headers */,
				4C6F96E814AF70BD00F8389A /* MWTapDetectingImageView.h in Headers */,
				4C6F96EA14AF70BD00F8389A /* MWTapDetectingView.h in Headers */,
				4C6F96EC14AF70BD00F8389A /* MWZoomingScrollView.h in Headers */,
				4CB08BA314B1F38700730E9F /* MWPhotoProtocol.h in Headers */,
			);
			runOnlyForDeploymentPostprocessing = 0;
		};
/* End PBXHeadersBuildPhase section */

/* Begin PBXNativeTarget section */
		4C6F96C314AF704100F8389A /* MWPhotoBrowser */ = {
			isa = PBXNativeTarget;
			buildConfigurationList = 4C6F96D114AF704100F8389A /* Build configuration list for PBXNativeTarget "MWPhotoBrowser" */;
			buildPhases = (
				4C6F96C014AF704100F8389A /* Sources */,
				4C6F96C114AF704100F8389A /* Frameworks */,
				4C6F96C214AF704100F8389A /* Headers */,
			);
			buildRules = (
			);
			dependencies = (
				1F4CDC69158E4DFF0004A6D3 /* PBXTargetDependency */,
				1F4CDC66158E4DEE0004A6D3 /* PBXTargetDependency */,
			);
			name = MWPhotoBrowser;
			productName = MWPhotoBrowser;
			productReference = 4C6F96C414AF704100F8389A /* libMWPhotoBrowser.a */;
			productType = "com.apple.product-type.library.static";
		};
/* End PBXNativeTarget section */

/* Begin PBXProject section */
		4C6F96BB14AF704100F8389A /* Project object */ = {
			isa = PBXProject;
			attributes = {
				LastUpgradeCheck = 0430;
			};
			buildConfigurationList = 4C6F96BE14AF704100F8389A /* Build configuration list for PBXProject "MWPhotoBrowser" */;
			compatibilityVersion = "Xcode 3.2";
			developmentRegion = English;
			hasScannedForEncodings = 0;
			knownRegions = (
				en,
			);
			mainGroup = 4C6F96B914AF704100F8389A;
			productRefGroup = 4C6F96C514AF704100F8389A /* Products */;
			projectDirPath = "";
			projectReferences = (
				{
					ProductGroup = 1F4CDC4F158E4DD70004A6D3 /* Products */;
					ProjectRef = 1F4CDC4E158E4DD70004A6D3 /* MBProgressHUD.xcodeproj */;
				},
				{
					ProductGroup = 1F4CDC5A158E4DDD0004A6D3 /* Products */;
					ProjectRef = 1FFB6E82158E4C9100706C7A /* SDWebImage.xcodeproj */;
				},
			);
			projectRoot = "";
			targets = (
				4C6F96C314AF704100F8389A /* MWPhotoBrowser */,
			);
		};
/* End PBXProject section */

/* Begin PBXReferenceProxy section */
		1F4CDC56158E4DD70004A6D3 /* libMBProgressHUD.a */ = {
			isa = PBXReferenceProxy;
			fileType = archive.ar;
			path = libMBProgressHUD.a;
			remoteRef = 1F4CDC55158E4DD70004A6D3 /* PBXContainerItemProxy */;
			sourceTree = BUILT_PRODUCTS_DIR;
		};
		1F4CDC60158E4DDD0004A6D3 /* libSDWebImage.a */ = {
			isa = PBXReferenceProxy;
			fileType = archive.ar;
			path = libSDWebImage.a;
			remoteRef = 1F4CDC5F158E4DDD0004A6D3 /* PBXContainerItemProxy */;
			sourceTree = BUILT_PRODUCTS_DIR;
		};
		1F4CDC62158E4DDD0004A6D3 /* libSDWebImageARC.a */ = {
			isa = PBXReferenceProxy;
			fileType = archive.ar;
			path = libSDWebImageARC.a;
			remoteRef = 1F4CDC61158E4DDD0004A6D3 /* PBXContainerItemProxy */;
			sourceTree = BUILT_PRODUCTS_DIR;
		};
		1F4CDC64158E4DDD0004A6D3 /* libSDWebImageARC+MKAnnotation.a */ = {
			isa = PBXReferenceProxy;
			fileType = archive.ar;
			path = "libSDWebImageARC+MKAnnotation.a";
			remoteRef = 1F4CDC63158E4DDD0004A6D3 /* PBXContainerItemProxy */;
			sourceTree = BUILT_PRODUCTS_DIR;
		};
/* End PBXReferenceProxy section */

/* Begin PBXSourcesBuildPhase section */
		4C6F96C014AF704100F8389A /* Sources */ = {
			isa = PBXSourcesBuildPhase;
			buildActionMask = 2147483647;
			files = (
				4C6F96E314AF70BD00F8389A /* MWCaptionView.m in Sources */,
				4C6F96E514AF70BD00F8389A /* MWPhoto.m in Sources */,
				4C6F96E714AF70BD00F8389A /* MWPhotoBrowser.m in Sources */,
				4C6F96E914AF70BD00F8389A /* MWTapDetectingImageView.m in Sources */,
				4C6F96EB14AF70BD00F8389A /* MWTapDetectingView.m in Sources */,
				4C6F96ED14AF70BD00F8389A /* MWZoomingScrollView.m in Sources */,
			);
			runOnlyForDeploymentPostprocessing = 0;
		};
/* End PBXSourcesBuildPhase section */

/* Begin PBXTargetDependency section */
		1F4CDC66158E4DEE0004A6D3 /* PBXTargetDependency */ = {
			isa = PBXTargetDependency;
			name = "SDWebImage ARC";
			targetProxy = 1F4CDC65158E4DEE0004A6D3 /* PBXContainerItemProxy */;
		};
		1F4CDC69158E4DFF0004A6D3 /* PBXTargetDependency */ = {
			isa = PBXTargetDependency;
			name = MBProgressHUD;
			targetProxy = 1F4CDC68158E4DFF0004A6D3 /* PBXContainerItemProxy */;
		};
/* End PBXTargetDependency section */

/* Begin XCBuildConfiguration section */
		4C4FB12A14AF8A78000A5F46 /* Distribution */ = {
			isa = XCBuildConfiguration;
			buildSettings = {
				ALWAYS_SEARCH_USER_PATHS = NO;
				ARCHS = (
					"$(ARCHS_STANDARD_32_BIT)",
					armv6,
				);
				COPY_PHASE_STRIP = YES;
				GCC_C_LANGUAGE_STANDARD = gnu99;
				GCC_THUMB_SUPPORT = NO;
				GCC_VERSION = com.apple.compilers.llvm.clang.1_0;
				GCC_WARN_ABOUT_MISSING_PROTOTYPES = YES;
				GCC_WARN_ABOUT_RETURN_TYPE = YES;
				GCC_WARN_UNUSED_VARIABLE = YES;
				IPHONEOS_DEPLOYMENT_TARGET = 5.0;
				SDKROOT = iphoneos;
				VALIDATE_PRODUCT = YES;
			};
			name = Distribution;
		};
		4C4FB12B14AF8A78000A5F46 /* Distribution */ = {
			isa = XCBuildConfiguration;
			buildSettings = {
				DSTROOT = /tmp/MWPhotoBrowser.dst;
				GCC_PRECOMPILE_PREFIX_HEADER = YES;
				GCC_PREFIX_HEADER = "MWPhotoBrowser-Prefix.pch";
				GCC_THUMB_SUPPORT = NO;
				HEADER_SEARCH_PATHS = (
					"../SDWebImage/**",
					"../MBProgressHUD/**",
				);
				OTHER_LDFLAGS = (
					"-ObjC",
					"-all_load",
				);
				PRODUCT_NAME = "$(TARGET_NAME)";
				SKIP_INSTALL = YES;
			};
			name = Distribution;
		};
		4C6F96CF14AF704100F8389A /* Debug */ = {
			isa = XCBuildConfiguration;
			buildSettings = {
				ALWAYS_SEARCH_USER_PATHS = NO;
				ARCHS = (
					"$(ARCHS_STANDARD_32_BIT)",
					armv6,
				);
				COPY_PHASE_STRIP = NO;
				GCC_C_LANGUAGE_STANDARD = gnu99;
				GCC_DYNAMIC_NO_PIC = NO;
				GCC_OPTIMIZATION_LEVEL = 0;
				GCC_PREPROCESSOR_DEFINITIONS = (
					"DEBUG=1",
					"$(inherited)",
				);
				GCC_SYMBOLS_PRIVATE_EXTERN = NO;
				GCC_THUMB_SUPPORT = NO;
				GCC_VERSION = com.apple.compilers.llvm.clang.1_0;
				GCC_WARN_ABOUT_MISSING_PROTOTYPES = YES;
				GCC_WARN_ABOUT_RETURN_TYPE = YES;
				GCC_WARN_UNUSED_VARIABLE = YES;
				IPHONEOS_DEPLOYMENT_TARGET = 5.0;
				SDKROOT = iphoneos;
			};
			name = Debug;
		};
		4C6F96D014AF704100F8389A /* Release */ = {
			isa = XCBuildConfiguration;
			buildSettings = {
				ALWAYS_SEARCH_USER_PATHS = NO;
				ARCHS = (
					"$(ARCHS_STANDARD_32_BIT)",
					armv6,
				);
				COPY_PHASE_STRIP = YES;
				GCC_C_LANGUAGE_STANDARD = gnu99;
				GCC_THUMB_SUPPORT = NO;
				GCC_VERSION = com.apple.compilers.llvm.clang.1_0;
				GCC_WARN_ABOUT_MISSING_PROTOTYPES = YES;
				GCC_WARN_ABOUT_RETURN_TYPE = YES;
				GCC_WARN_UNUSED_VARIABLE = YES;
				IPHONEOS_DEPLOYMENT_TARGET = 5.0;
				SDKROOT = iphoneos;
				VALIDATE_PRODUCT = YES;
			};
			name = Release;
		};
		4C6F96D214AF704100F8389A /* Debug */ = {
			isa = XCBuildConfiguration;
			buildSettings = {
				DSTROOT = /tmp/MWPhotoBrowser.dst;
				GCC_PRECOMPILE_PREFIX_HEADER = YES;
				GCC_PREFIX_HEADER = "MWPhotoBrowser-Prefix.pch";
				GCC_THUMB_SUPPORT = NO;
				HEADER_SEARCH_PATHS = (
					"../SDWebImage/**",
					"../MBProgressHUD/**",
				);
				OTHER_LDFLAGS = (
					"-ObjC",
					"-all_load",
				);
				PRODUCT_NAME = "$(TARGET_NAME)";
				SKIP_INSTALL = YES;
			};
			name = Debug;
		};
		4C6F96D314AF704100F8389A /* Release */ = {
			isa = XCBuildConfiguration;
			buildSettings = {
				DSTROOT = /tmp/MWPhotoBrowser.dst;
				GCC_PRECOMPILE_PREFIX_HEADER = YES;
				GCC_PREFIX_HEADER = "MWPhotoBrowser-Prefix.pch";
				GCC_THUMB_SUPPORT = NO;
				HEADER_SEARCH_PATHS = (
					"../SDWebImage/**",
					"../MBProgressHUD/**",
				);
				OTHER_LDFLAGS = (
					"-ObjC",
					"-all_load",
				);
				PRODUCT_NAME = "$(TARGET_NAME)";
				SKIP_INSTALL = YES;
			};
			name = Release;
		};
/* End XCBuildConfiguration section */

/* Begin XCConfigurationList section */
		4C6F96BE14AF704100F8389A /* Build configuration list for PBXProject "MWPhotoBrowser" */ = {
			isa = XCConfigurationList;
			buildConfigurations = (
				4C6F96CF14AF704100F8389A /* Debug */,
				4C6F96D014AF704100F8389A /* Release */,
				4C4FB12A14AF8A78000A5F46 /* Distribution */,
			);
			defaultConfigurationIsVisible = 0;
			defaultConfigurationName = Release;
		};
		4C6F96D114AF704100F8389A /* Build configuration list for PBXNativeTarget "MWPhotoBrowser" */ = {
			isa = XCConfigurationList;
			buildConfigurations = (
				4C6F96D214AF704100F8389A /* Debug */,
				4C6F96D314AF704100F8389A /* Release */,
				4C4FB12B14AF8A78000A5F46 /* Distribution */,
			);
			defaultConfigurationIsVisible = 0;
			defaultConfigurationName = Release;
		};
/* End XCConfigurationList section */
	};
	rootObject = 4C6F96BB14AF704100F8389A /* Project object */;
}
