// !$*UTF8*$!
{
	archiveVersion = 1;
	classes = {
	};
	objectVersion = 46;
	objects = {

/* Begin PBXBuildFile section */
		0EA380331573EA4B003F4582 /* ImageIO.framework in Frameworks */ = {isa = PBXBuildFile; fileRef = 0EA380321573EA4B003F4582 /* ImageIO.framework */; };
		25F4792B16F0A8620078F475 /* MKAnnotationView+WebCache.h in Headers */ = {isa = PBXBuildFile; fileRef = 25F4791616F0A8620078F475 /* MKAnnotationView+WebCache.h */; };
		25F4792C16F0A8620078F475 /* MKAnnotationView+WebCache.m in Sources */ = {isa = PBXBuildFile; fileRef = 25F4791716F0A8620078F475 /* MKAnnotationView+WebCache.m */; settings = {COMPILER_FLAGS = "-fobjc-arc"; }; };
		25F4792D16F0A8620078F475 /* SDImageCache.h in Headers */ = {isa = PBXBuildFile; fileRef = 25F4791816F0A8620078F475 /* SDImageCache.h */; };
		25F4792E16F0A8620078F475 /* SDImageCache.m in Sources */ = {isa = PBXBuildFile; fileRef = 25F4791916F0A8620078F475 /* SDImageCache.m */; settings = {COMPILER_FLAGS = "-fobjc-arc"; }; };
		25F4792F16F0A8620078F475 /* SDWebImageCompat.h in Headers */ = {isa = PBXBuildFile; fileRef = 25F4791A16F0A8620078F475 /* SDWebImageCompat.h */; };
		25F4793016F0A8620078F475 /* SDWebImageCompat.m in Sources */ = {isa = PBXBuildFile; fileRef = 25F4791B16F0A8620078F475 /* SDWebImageCompat.m */; settings = {COMPILER_FLAGS = "-fobjc-arc"; }; };
		25F4793116F0A8620078F475 /* SDWebImageDecoder.h in Headers */ = {isa = PBXBuildFile; fileRef = 25F4791C16F0A8620078F475 /* SDWebImageDecoder.h */; };
		25F4793216F0A8620078F475 /* SDWebImageDecoder.m in Sources */ = {isa = PBXBuildFile; fileRef = 25F4791D16F0A8620078F475 /* SDWebImageDecoder.m */; settings = {COMPILER_FLAGS = "-fobjc-arc"; }; };
		25F4793316F0A8620078F475 /* SDWebImageDownloader.h in Headers */ = {isa = PBXBuildFile; fileRef = 25F4791E16F0A8620078F475 /* SDWebImageDownloader.h */; };
		25F4793416F0A8620078F475 /* SDWebImageDownloader.m in Sources */ = {isa = PBXBuildFile; fileRef = 25F4791F16F0A8620078F475 /* SDWebImageDownloader.m */; settings = {COMPILER_FLAGS = "-fobjc-arc"; }; };
		25F4793516F0A8620078F475 /* SDWebImageDownloaderOperation.h in Headers */ = {isa = PBXBuildFile; fileRef = 25F4792016F0A8620078F475 /* SDWebImageDownloaderOperation.h */; };
		25F4793616F0A8620078F475 /* SDWebImageDownloaderOperation.m in Sources */ = {isa = PBXBuildFile; fileRef = 25F4792116F0A8620078F475 /* SDWebImageDownloaderOperation.m */; settings = {COMPILER_FLAGS = "-fobjc-arc"; }; };
		25F4793716F0A8620078F475 /* SDWebImageManager.h in Headers */ = {isa = PBXBuildFile; fileRef = 25F4792216F0A8620078F475 /* SDWebImageManager.h */; };
		25F4793816F0A8620078F475 /* SDWebImageManager.m in Sources */ = {isa = PBXBuildFile; fileRef = 25F4792316F0A8620078F475 /* SDWebImageManager.m */; settings = {COMPILER_FLAGS = "-fobjc-arc"; }; };
		25F4793916F0A8620078F475 /* SDWebImageOperation.h in Headers */ = {isa = PBXBuildFile; fileRef = 25F4792416F0A8620078F475 /* SDWebImageOperation.h */; };
		25F4793A16F0A8620078F475 /* SDWebImagePrefetcher.h in Headers */ = {isa = PBXBuildFile; fileRef = 25F4792516F0A8620078F475 /* SDWebImagePrefetcher.h */; };
		25F4793B16F0A8620078F475 /* SDWebImagePrefetcher.m in Sources */ = {isa = PBXBuildFile; fileRef = 25F4792616F0A8620078F475 /* SDWebImagePrefetcher.m */; settings = {COMPILER_FLAGS = "-fobjc-arc"; }; };
		25F4793C16F0A8620078F475 /* UIButton+WebCache.h in Headers */ = {isa = PBXBuildFile; fileRef = 25F4792716F0A8620078F475 /* UIButton+WebCache.h */; };
		25F4793D16F0A8620078F475 /* UIButton+WebCache.m in Sources */ = {isa = PBXBuildFile; fileRef = 25F4792816F0A8620078F475 /* UIButton+WebCache.m */; settings = {COMPILER_FLAGS = "-fobjc-arc"; }; };
		25F4793E16F0A8620078F475 /* UIImageView+WebCache.h in Headers */ = {isa = PBXBuildFile; fileRef = 25F4792916F0A8620078F475 /* UIImageView+WebCache.h */; };
		25F4793F16F0A8620078F475 /* UIImageView+WebCache.m in Sources */ = {isa = PBXBuildFile; fileRef = 25F4792A16F0A8620078F475 /* UIImageView+WebCache.m */; settings = {COMPILER_FLAGS = "-fobjc-arc"; }; };
		25F4794416F0A8700078F475 /* MBProgressHUD.h in Headers */ = {isa = PBXBuildFile; fileRef = 25F4794116F0A8700078F475 /* MBProgressHUD.h */; };
		25F4794516F0A8700078F475 /* MBProgressHUD.m in Sources */ = {isa = PBXBuildFile; fileRef = 25F4794216F0A8700078F475 /* MBProgressHUD.m */; };
		4C6F96C814AF704100F8389A /* Foundation.framework in Frameworks */ = {isa = PBXBuildFile; fileRef = 4C6F96C714AF704100F8389A /* Foundation.framework */; };
		4C6F96E214AF70BD00F8389A /* MWCaptionView.h in Headers */ = {isa = PBXBuildFile; fileRef = 4C6F96D614AF70BD00F8389A /* MWCaptionView.h */; };
		4C6F96E314AF70BD00F8389A /* MWCaptionView.m in Sources */ = {isa = PBXBuildFile; fileRef = 4C6F96D714AF70BD00F8389A /* MWCaptionView.m */; };
		4C6F96E414AF70BD00F8389A /* MWPhoto.h in Headers */ = {isa = PBXBuildFile; fileRef = 4C6F96D814AF70BD00F8389A /* MWPhoto.h */; settings = {ATTRIBUTES = (); }; };
		4C6F96E514AF70BD00F8389A /* MWPhoto.m in Sources */ = {isa = PBXBuildFile; fileRef = 4C6F96D914AF70BD00F8389A /* MWPhoto.m */; };
		4C6F96E614AF70BD00F8389A /* MWPhotoBrowser.h in Headers */ = {isa = PBXBuildFile; fileRef = 4C6F96DA14AF70BD00F8389A /* MWPhotoBrowser.h */; settings = {ATTRIBUTES = (); }; };
		4C6F96E714AF70BD00F8389A /* MWPhotoBrowser.m in Sources */ = {isa = PBXBuildFile; fileRef = 4C6F96DB14AF70BD00F8389A /* MWPhotoBrowser.m */; };
		4C6F96E814AF70BD00F8389A /* MWTapDetectingImageView.h in Headers */ = {isa = PBXBuildFile; fileRef = 4C6F96DC14AF70BD00F8389A /* MWTapDetectingImageView.h */; };
		4C6F96E914AF70BD00F8389A /* MWTapDetectingImageView.m in Sources */ = {isa = PBXBuildFile; fileRef = 4C6F96DD14AF70BD00F8389A /* MWTapDetectingImageView.m */; };
		4C6F96EA14AF70BD00F8389A /* MWTapDetectingView.h in Headers */ = {isa = PBXBuildFile; fileRef = 4C6F96DE14AF70BD00F8389A /* MWTapDetectingView.h */; };
		4C6F96EB14AF70BD00F8389A /* MWTapDetectingView.m in Sources */ = {isa = PBXBuildFile; fileRef = 4C6F96DF14AF70BD00F8389A /* MWTapDetectingView.m */; };
		4C6F96EC14AF70BD00F8389A /* MWZoomingScrollView.h in Headers */ = {isa = PBXBuildFile; fileRef = 4C6F96E014AF70BD00F8389A /* MWZoomingScrollView.h */; };
		4C6F96ED14AF70BD00F8389A /* MWZoomingScrollView.m in Sources */ = {isa = PBXBuildFile; fileRef = 4C6F96E114AF70BD00F8389A /* MWZoomingScrollView.m */; };
		4C6F97C714AF74E200F8389A /* MessageUI.framework in Frameworks */ = {isa = PBXBuildFile; fileRef = 4C6F97C614AF74E200F8389A /* MessageUI.framework */; };
		4CB08BA314B1F38700730E9F /* MWPhotoProtocol.h in Headers */ = {isa = PBXBuildFile; fileRef = 4CB08BA214B1F38700730E9F /* MWPhotoProtocol.h */; };
/* End PBXBuildFile section */

/* Begin PBXFileReference section */
		0EA380321573EA4B003F4582 /* ImageIO.framework */ = {isa = PBXFileReference; lastKnownFileType = wrapper.framework; name = ImageIO.framework; path = System/Library/Frameworks/ImageIO.framework; sourceTree = SDKROOT; };
		25F4791616F0A8620078F475 /* MKAnnotationView+WebCache.h */ = {isa = PBXFileReference; fileEncoding = 4; lastKnownFileType = sourcecode.c.h; path = "MKAnnotationView+WebCache.h"; sourceTree = "<group>"; };
		25F4791716F0A8620078F475 /* MKAnnotationView+WebCache.m */ = {isa = PBXFileReference; fileEncoding = 4; lastKnownFileType = sourcecode.c.objc; path = "MKAnnotationView+WebCache.m"; sourceTree = "<group>"; };
		25F4791816F0A8620078F475 /* SDImageCache.h */ = {isa = PBXFileReference; fileEncoding = 4; lastKnownFileType = sourcecode.c.h; path = SDImageCache.h; sourceTree = "<group>"; };
		25F4791916F0A8620078F475 /* SDImageCache.m */ = {isa = PBXFileReference; fileEncoding = 4; lastKnownFileType = sourcecode.c.objc; path = SDImageCache.m; sourceTree = "<group>"; };
		25F4791A16F0A8620078F475 /* SDWebImageCompat.h */ = {isa = PBXFileReference; fileEncoding = 4; lastKnownFileType = sourcecode.c.h; path = SDWebImageCompat.h; sourceTree = "<group>"; };
		25F4791B16F0A8620078F475 /* SDWebImageCompat.m */ = {isa = PBXFileReference; fileEncoding = 4; lastKnownFileType = sourcecode.c.objc; path = SDWebImageCompat.m; sourceTree = "<group>"; };
		25F4791C16F0A8620078F475 /* SDWebImageDecoder.h */ = {isa = PBXFileReference; fileEncoding = 4; lastKnownFileType = sourcecode.c.h; path = SDWebImageDecoder.h; sourceTree = "<group>"; };
		25F4791D16F0A8620078F475 /* SDWebImageDecoder.m */ = {isa = PBXFileReference; fileEncoding = 4; lastKnownFileType = sourcecode.c.objc; path = SDWebImageDecoder.m; sourceTree = "<group>"; };
		25F4791E16F0A8620078F475 /* SDWebImageDownloader.h */ = {isa = PBXFileReference; fileEncoding = 4; lastKnownFileType = sourcecode.c.h; path = SDWebImageDownloader.h; sourceTree = "<group>"; };
		25F4791F16F0A8620078F475 /* SDWebImageDownloader.m */ = {isa = PBXFileReference; fileEncoding = 4; lastKnownFileType = sourcecode.c.objc; path = SDWebImageDownloader.m; sourceTree = "<group>"; };
		25F4792016F0A8620078F475 /* SDWebImageDownloaderOperation.h */ = {isa = PBXFileReference; fileEncoding = 4; lastKnownFileType = sourcecode.c.h; path = SDWebImageDownloaderOperation.h; sourceTree = "<group>"; };
		25F4792116F0A8620078F475 /* SDWebImageDownloaderOperation.m */ = {isa = PBXFileReference; fileEncoding = 4; lastKnownFileType = sourcecode.c.objc; path = SDWebImageDownloaderOperation.m; sourceTree = "<group>"; };
		25F4792216F0A8620078F475 /* SDWebImageManager.h */ = {isa = PBXFileReference; fileEncoding = 4; lastKnownFileType = sourcecode.c.h; path = SDWebImageManager.h; sourceTree = "<group>"; };
		25F4792316F0A8620078F475 /* SDWebImageManager.m */ = {isa = PBXFileReference; fileEncoding = 4; lastKnownFileType = sourcecode.c.objc; path = SDWebImageManager.m; sourceTree = "<group>"; };
		25F4792416F0A8620078F475 /* SDWebImageOperation.h */ = {isa = PBXFileReference; fileEncoding = 4; lastKnownFileType = sourcecode.c.h; path = SDWebImageOperation.h; sourceTree = "<group>"; };
		25F4792516F0A8620078F475 /* SDWebImagePrefetcher.h */ = {isa = PBXFileReference; fileEncoding = 4; lastKnownFileType = sourcecode.c.h; path = SDWebImagePrefetcher.h; sourceTree = "<group>"; };
		25F4792616F0A8620078F475 /* SDWebImagePrefetcher.m */ = {isa = PBXFileReference; fileEncoding = 4; lastKnownFileType = sourcecode.c.objc; path = SDWebImagePrefetcher.m; sourceTree = "<group>"; };
		25F4792716F0A8620078F475 /* UIButton+WebCache.h */ = {isa = PBXFileReference; fileEncoding = 4; lastKnownFileType = sourcecode.c.h; path = "UIButton+WebCache.h"; sourceTree = "<group>"; };
		25F4792816F0A8620078F475 /* UIButton+WebCache.m */ = {isa = PBXFileReference; fileEncoding = 4; lastKnownFileType = sourcecode.c.objc; path = "UIButton+WebCache.m"; sourceTree = "<group>"; };
		25F4792916F0A8620078F475 /* UIImageView+WebCache.h */ = {isa = PBXFileReference; fileEncoding = 4; lastKnownFileType = sourcecode.c.h; path = "UIImageView+WebCache.h"; sourceTree = "<group>"; };
		25F4792A16F0A8620078F475 /* UIImageView+WebCache.m */ = {isa = PBXFileReference; fileEncoding = 4; lastKnownFileType = sourcecode.c.objc; path = "UIImageView+WebCache.m"; sourceTree = "<group>"; };
		25F4794116F0A8700078F475 /* MBProgressHUD.h */ = {isa = PBXFileReference; fileEncoding = 4; lastKnownFileType = sourcecode.c.h; path = MBProgressHUD.h; sourceTree = "<group>"; };
		25F4794216F0A8700078F475 /* MBProgressHUD.m */ = {isa = PBXFileReference; fileEncoding = 4; lastKnownFileType = sourcecode.c.objc; path = MBProgressHUD.m; sourceTree = "<group>"; };
		25F4794316F0A8700078F475 /* README.mdown */ = {isa = PBXFileReference; fileEncoding = 4; lastKnownFileType = text; path = README.mdown; sourceTree = "<group>"; };
		4C6F96C414AF704100F8389A /* libMWPhotoBrowser.a */ = {isa = PBXFileReference; explicitFileType = archive.ar; includeInIndex = 0; path = libMWPhotoBrowser.a; sourceTree = BUILT_PRODUCTS_DIR; };
		4C6F96C714AF704100F8389A /* Foundation.framework */ = {isa = PBXFileReference; lastKnownFileType = wrapper.framework; name = Foundation.framework; path = System/Library/Frameworks/Foundation.framework; sourceTree = SDKROOT; };
		4C6F96CB14AF704100F8389A /* MWPhotoBrowser-Prefix.pch */ = {isa = PBXFileReference; lastKnownFileType = sourcecode.c.h; path = "MWPhotoBrowser-Prefix.pch"; sourceTree = SOURCE_ROOT; };
		4C6F96D614AF70BD00F8389A /* MWCaptionView.h */ = {isa = PBXFileReference; fileEncoding = 4; lastKnownFileType = sourcecode.c.h; name = MWCaptionView.h; path = Classes/MWCaptionView.h; sourceTree = SOURCE_ROOT; };
		4C6F96D714AF70BD00F8389A /* MWCaptionView.m */ = {isa = PBXFileReference; fileEncoding = 4; lastKnownFileType = sourcecode.c.objc; name = MWCaptionView.m; path = Classes/MWCaptionView.m; sourceTree = SOURCE_ROOT; };
		4C6F96D814AF70BD00F8389A /* MWPhoto.h */ = {isa = PBXFileReference; fileEncoding = 4; lastKnownFileType = sourcecode.c.h; name = MWPhoto.h; path = Classes/MWPhoto.h; sourceTree = SOURCE_ROOT; };
		4C6F96D914AF70BD00F8389A /* MWPhoto.m */ = {isa = PBXFileReference; fileEncoding = 4; lastKnownFileType = sourcecode.c.objc; name = MWPhoto.m; path = Classes/MWPhoto.m; sourceTree = SOURCE_ROOT; };
		4C6F96DA14AF70BD00F8389A /* MWPhotoBrowser.h */ = {isa = PBXFileReference; fileEncoding = 4; lastKnownFileType = sourcecode.c.h; name = MWPhotoBrowser.h; path = Classes/MWPhotoBrowser.h; sourceTree = SOURCE_ROOT; };
		4C6F96DB14AF70BD00F8389A /* MWPhotoBrowser.m */ = {isa = PBXFileReference; fileEncoding = 4; lastKnownFileType = sourcecode.c.objc; name = MWPhotoBrowser.m; path = Classes/MWPhotoBrowser.m; sourceTree = SOURCE_ROOT; };
		4C6F96DC14AF70BD00F8389A /* MWTapDetectingImageView.h */ = {isa = PBXFileReference; fileEncoding = 4; lastKnownFileType = sourcecode.c.h; name = MWTapDetectingImageView.h; path = Classes/MWTapDetectingImageView.h; sourceTree = SOURCE_ROOT; };
		4C6F96DD14AF70BD00F8389A /* MWTapDetectingImageView.m */ = {isa = PBXFileReference; fileEncoding = 4; lastKnownFileType = sourcecode.c.objc; name = MWTapDetectingImageView.m; path = Classes/MWTapDetectingImageView.m; sourceTree = SOURCE_ROOT; };
		4C6F96DE14AF70BD00F8389A /* MWTapDetectingView.h */ = {isa = PBXFileReference; fileEncoding = 4; lastKnownFileType = sourcecode.c.h; name = MWTapDetectingView.h; path = Classes/MWTapDetectingView.h; sourceTree = SOURCE_ROOT; };
		4C6F96DF14AF70BD00F8389A /* MWTapDetectingView.m */ = {isa = PBXFileReference; fileEncoding = 4; lastKnownFileType = sourcecode.c.objc; name = MWTapDetectingView.m; path = Classes/MWTapDetectingView.m; sourceTree = SOURCE_ROOT; };
		4C6F96E014AF70BD00F8389A /* MWZoomingScrollView.h */ = {isa = PBXFileReference; fileEncoding = 4; lastKnownFileType = sourcecode.c.h; name = MWZoomingScrollView.h; path = Classes/MWZoomingScrollView.h; sourceTree = SOURCE_ROOT; };
		4C6F96E114AF70BD00F8389A /* MWZoomingScrollView.m */ = {isa = PBXFileReference; fileEncoding = 4; lastKnownFileType = sourcecode.c.objc; name = MWZoomingScrollView.m; path = Classes/MWZoomingScrollView.m; sourceTree = SOURCE_ROOT; };
		4C6F96EF14AF70DC00F8389A /* MWPhotoBrowser.bundle */ = {isa = PBXFileReference; lastKnownFileType = "wrapper.plug-in"; path = MWPhotoBrowser.bundle; sourceTree = SOURCE_ROOT; };
		4C6F97C614AF74E200F8389A /* MessageUI.framework */ = {isa = PBXFileReference; lastKnownFileType = wrapper.framework; name = MessageUI.framework; path = System/Library/Frameworks/MessageUI.framework; sourceTree = SDKROOT; };
		4CB08BA214B1F38700730E9F /* MWPhotoProtocol.h */ = {isa = PBXFileReference; fileEncoding = 4; lastKnownFileType = sourcecode.c.h; name = MWPhotoProtocol.h; path = Classes/MWPhotoProtocol.h; sourceTree = SOURCE_ROOT; };
/* End PBXFileReference section */

/* Begin PBXFrameworksBuildPhase section */
		4C6F96C114AF704100F8389A /* Frameworks */ = {
			isa = PBXFrameworksBuildPhase;
			buildActionMask = 2147483647;
			files = (
				0EA380331573EA4B003F4582 /* ImageIO.framework in Frameworks */,
				4C6F97C714AF74E200F8389A /* MessageUI.framework in Frameworks */,
				4C6F96C814AF704100F8389A /* Foundation.framework in Frameworks */,
			);
			runOnlyForDeploymentPostprocessing = 0;
		};
/* End PBXFrameworksBuildPhase section */

/* Begin PBXGroup section */
		25F4791516F0A8620078F475 /* SDWebImage */ = {
			isa = PBXGroup;
			children = (
				25F4791616F0A8620078F475 /* MKAnnotationView+WebCache.h */,
				25F4791716F0A8620078F475 /* MKAnnotationView+WebCache.m */,
				25F4791816F0A8620078F475 /* SDImageCache.h */,
				25F4791916F0A8620078F475 /* SDImageCache.m */,
				25F4791A16F0A8620078F475 /* SDWebImageCompat.h */,
				25F4791B16F0A8620078F475 /* SDWebImageCompat.m */,
				25F4791C16F0A8620078F475 /* SDWebImageDecoder.h */,
				25F4791D16F0A8620078F475 /* SDWebImageDecoder.m */,
				25F4791E16F0A8620078F475 /* SDWebImageDownloader.h */,
				25F4791F16F0A8620078F475 /* SDWebImageDownloader.m */,
				25F4792016F0A8620078F475 /* SDWebImageDownloaderOperation.h */,
				25F4792116F0A8620078F475 /* SDWebImageDownloaderOperation.m */,
				25F4792216F0A8620078F475 /* SDWebImageManager.h */,
				25F4792316F0A8620078F475 /* SDWebImageManager.m */,
				25F4792416F0A8620078F475 /* SDWebImageOperation.h */,
				25F4792516F0A8620078F475 /* SDWebImagePrefetcher.h */,
				25F4792616F0A8620078F475 /* SDWebImagePrefetcher.m */,
				25F4792716F0A8620078F475 /* UIButton+WebCache.h */,
				25F4792816F0A8620078F475 /* UIButton+WebCache.m */,
				25F4792916F0A8620078F475 /* UIImageView+WebCache.h */,
				25F4792A16F0A8620078F475 /* UIImageView+WebCache.m */,
			);
			name = SDWebImage;
			path = Submodules/SDWebImage/SDWebImage;
			sourceTree = SOURCE_ROOT;
		};
		25F4794016F0A8700078F475 /* MBProgressHUD */ = {
			isa = PBXGroup;
			children = (
				25F4794116F0A8700078F475 /* MBProgressHUD.h */,
				25F4794216F0A8700078F475 /* MBProgressHUD.m */,
				25F4794316F0A8700078F475 /* README.mdown */,
			);
			name = MBProgressHUD;
			path = Libraries/MBProgressHUD;
			sourceTree = SOURCE_ROOT;
		};
		4C6F96B914AF704100F8389A = {
			isa = PBXGroup;
			children = (
				4C6F96C914AF704100F8389A /* MWPhotoBrowser */,
				4C6F97E114AF7CCE00F8389A /* Supporting Files */,
				4C6F96C614AF704100F8389A /* Frameworks */,
				4C6F96C514AF704100F8389A /* Products */,
			);
			sourceTree = "<group>";
		};
		4C6F96C514AF704100F8389A /* Products */ = {
			isa = PBXGroup;
			children = (
				4C6F96C414AF704100F8389A /* libMWPhotoBrowser.a */,
			);
			name = Products;
			sourceTree = "<group>";
		};
		4C6F96C614AF704100F8389A /* Frameworks */ = {
			isa = PBXGroup;
			children = (
				0EA380321573EA4B003F4582 /* ImageIO.framework */,
				4C6F97C614AF74E200F8389A /* MessageUI.framework */,
				4C6F96C714AF704100F8389A /* Foundation.framework */,
			);
			name = Frameworks;
			sourceTree = "<group>";
		};
		4C6F96C914AF704100F8389A /* MWPhotoBrowser */ = {
			isa = PBXGroup;
			children = (
				4C6F96DA14AF70BD00F8389A /* MWPhotoBrowser.h */,
				4C6F96DB14AF70BD00F8389A /* MWPhotoBrowser.m */,
				4C6F96D814AF70BD00F8389A /* MWPhoto.h */,
				4C6F96D914AF70BD00F8389A /* MWPhoto.m */,
				4CB08BA214B1F38700730E9F /* MWPhotoProtocol.h */,
				4C6F96D614AF70BD00F8389A /* MWCaptionView.h */,
				4C6F96D714AF70BD00F8389A /* MWCaptionView.m */,
				4C6F96EF14AF70DC00F8389A /* MWPhotoBrowser.bundle */,
				4C6F96EE14AF70BF00F8389A /* Other */,
				4C6F96F014AF70E800F8389A /* Libraries */,
			);
			path = MWPhotoBrowser;
			sourceTree = "<group>";
		};
		4C6F96EE14AF70BF00F8389A /* Other */ = {
			isa = PBXGroup;
			children = (
				4C6F96DC14AF70BD00F8389A /* MWTapDetectingImageView.h */,
				4C6F96DD14AF70BD00F8389A /* MWTapDetectingImageView.m */,
				4C6F96DE14AF70BD00F8389A /* MWTapDetectingView.h */,
				4C6F96DF14AF70BD00F8389A /* MWTapDetectingView.m */,
				4C6F96E014AF70BD00F8389A /* MWZoomingScrollView.h */,
				4C6F96E114AF70BD00F8389A /* MWZoomingScrollView.m */,
			);
			name = Other;
			sourceTree = "<group>";
		};
		4C6F96F014AF70E800F8389A /* Libraries */ = {
			isa = PBXGroup;
			children = (
				25F4794016F0A8700078F475 /* MBProgressHUD */,
				25F4791516F0A8620078F475 /* SDWebImage */,
			);
			name = Libraries;
			sourceTree = "<group>";
		};
		4C6F97E114AF7CCE00F8389A /* Supporting Files */ = {
			isa = PBXGroup;
			children = (
				4C6F96CB14AF704100F8389A /* MWPhotoBrowser-Prefix.pch */,
			);
			name = "Supporting Files";
			path = MWPhotoBrowser;
			sourceTree = "<group>";
		};
/* End PBXGroup section */

/* Begin PBXHeadersBuildPhase section */
		4C6F96C214AF704100F8389A /* Headers */ = {
			isa = PBXHeadersBuildPhase;
			buildActionMask = 2147483647;
			files = (
				4C6F96E214AF70BD00F8389A /* MWCaptionView.h in Headers */,
				4C6F96E414AF70BD00F8389A /* MWPhoto.h in Headers */,
				4C6F96E614AF70BD00F8389A /* MWPhotoBrowser.h in Headers */,
				4C6F96E814AF70BD00F8389A /* MWTapDetectingImageView.h in Headers */,
				4C6F96EA14AF70BD00F8389A /* MWTapDetectingView.h in Headers */,
				4C6F96EC14AF70BD00F8389A /* MWZoomingScrollView.h in Headers */,
				4CB08BA314B1F38700730E9F /* MWPhotoProtocol.h in Headers */,
				25F4792B16F0A8620078F475 /* MKAnnotationView+WebCache.h in Headers */,
				25F4792D16F0A8620078F475 /* SDImageCache.h in Headers */,
				25F4792F16F0A8620078F475 /* SDWebImageCompat.h in Headers */,
				25F4793116F0A8620078F475 /* SDWebImageDecoder.h in Headers */,
				25F4793316F0A8620078F475 /* SDWebImageDownloader.h in Headers */,
				25F4793516F0A8620078F475 /* SDWebImageDownloaderOperation.h in Headers */,
				25F4793716F0A8620078F475 /* SDWebImageManager.h in Headers */,
				25F4793916F0A8620078F475 /* SDWebImageOperation.h in Headers */,
				25F4793A16F0A8620078F475 /* SDWebImagePrefetcher.h in Headers */,
				25F4793C16F0A8620078F475 /* UIButton+WebCache.h in Headers */,
				25F4793E16F0A8620078F475 /* UIImageView+WebCache.h in Headers */,
				25F4794416F0A8700078F475 /* MBProgressHUD.h in Headers */,
			);
			runOnlyForDeploymentPostprocessing = 0;
		};
/* End PBXHeadersBuildPhase section */

/* Begin PBXNativeTarget section */
		4C6F96C314AF704100F8389A /* MWPhotoBrowser */ = {
			isa = PBXNativeTarget;
			buildConfigurationList = 4C6F96D114AF704100F8389A /* Build configuration list for PBXNativeTarget "MWPhotoBrowser" */;
			buildPhases = (
				4C6F96C014AF704100F8389A /* Sources */,
				4C6F96C114AF704100F8389A /* Frameworks */,
				4C6F96C214AF704100F8389A /* Headers */,
			);
			buildRules = (
			);
			dependencies = (
			);
			name = MWPhotoBrowser;
			productName = MWPhotoBrowser;
			productReference = 4C6F96C414AF704100F8389A /* libMWPhotoBrowser.a */;
			productType = "com.apple.product-type.library.static";
		};
/* End PBXNativeTarget section */

/* Begin PBXProject section */
		4C6F96BB14AF704100F8389A /* Project object */ = {
			isa = PBXProject;
			attributes = {
				LastUpgradeCheck = 0420;
			};
			buildConfigurationList = 4C6F96BE14AF704100F8389A /* Build configuration list for PBXProject "MWPhotoBrowser" */;
			compatibilityVersion = "Xcode 3.2";
			developmentRegion = English;
			hasScannedForEncodings = 0;
			knownRegions = (
				en,
			);
			mainGroup = 4C6F96B914AF704100F8389A;
			productRefGroup = 4C6F96C514AF704100F8389A /* Products */;
			projectDirPath = "";
			projectRoot = "";
			targets = (
				4C6F96C314AF704100F8389A /* MWPhotoBrowser */,
			);
		};
/* End PBXProject section */

/* Begin PBXSourcesBuildPhase section */
		4C6F96C014AF704100F8389A /* Sources */ = {
			isa = PBXSourcesBuildPhase;
			buildActionMask = 2147483647;
			files = (
				4C6F96E314AF70BD00F8389A /* MWCaptionView.m in Sources */,
				4C6F96E514AF70BD00F8389A /* MWPhoto.m in Sources */,
				4C6F96E714AF70BD00F8389A /* MWPhotoBrowser.m in Sources */,
				4C6F96E914AF70BD00F8389A /* MWTapDetectingImageView.m in Sources */,
				4C6F96EB14AF70BD00F8389A /* MWTapDetectingView.m in Sources */,
				4C6F96ED14AF70BD00F8389A /* MWZoomingScrollView.m in Sources */,
				25F4792C16F0A8620078F475 /* MKAnnotationView+WebCache.m in Sources */,
				25F4792E16F0A8620078F475 /* SDImageCache.m in Sources */,
				25F4793016F0A8620078F475 /* SDWebImageCompat.m in Sources */,
				25F4793216F0A8620078F475 /* SDWebImageDecoder.m in Sources */,
				25F4793416F0A8620078F475 /* SDWebImageDownloader.m in Sources */,
				25F4793616F0A8620078F475 /* SDWebImageDownloaderOperation.m in Sources */,
				25F4793816F0A8620078F475 /* SDWebImageManager.m in Sources */,
				25F4793B16F0A8620078F475 /* SDWebImagePrefetcher.m in Sources */,
				25F4793D16F0A8620078F475 /* UIButton+WebCache.m in Sources */,
				25F4793F16F0A8620078F475 /* UIImageView+WebCache.m in Sources */,
				25F4794516F0A8700078F475 /* MBProgressHUD.m in Sources */,
			);
			runOnlyForDeploymentPostprocessing = 0;
		};
/* End PBXSourcesBuildPhase section */

/* Begin XCBuildConfiguration section */
		4C4FB12A14AF8A78000A5F46 /* Distribution */ = {
			isa = XCBuildConfiguration;
			buildSettings = {
				ALWAYS_SEARCH_USER_PATHS = NO;
				ARCHS = (
					"$(ARCHS_STANDARD_32_BIT)",
					armv6,
				);
				COPY_PHASE_STRIP = YES;
				GCC_C_LANGUAGE_STANDARD = gnu99;
				GCC_VERSION = com.apple.compilers.llvm.clang.1_0;
				GCC_WARN_ABOUT_MISSING_PROTOTYPES = YES;
				GCC_WARN_ABOUT_RETURN_TYPE = YES;
				GCC_WARN_UNUSED_VARIABLE = YES;
				IPHONEOS_DEPLOYMENT_TARGET = 5.0;
				SDKROOT = iphoneos;
				VALIDATE_PRODUCT = YES;
			};
			name = Distribution;
		};
		4C4FB12B14AF8A78000A5F46 /* Distribution */ = {
			isa = XCBuildConfiguration;
			buildSettings = {
				DSTROOT = /tmp/MWPhotoBrowser.dst;
				GCC_PRECOMPILE_PREFIX_HEADER = YES;
				GCC_PREFIX_HEADER = "MWPhotoBrowser-Prefix.pch";
				OTHER_LDFLAGS = (
					"-ObjC",
					"-all_load",
				);
				PRODUCT_NAME = "$(TARGET_NAME)";
				SKIP_INSTALL = YES;
			};
			name = Distribution;
		};
		4C6F96CF14AF704100F8389A /* Debug */ = {
			isa = XCBuildConfiguration;
			buildSettings = {
				ALWAYS_SEARCH_USER_PATHS = NO;
				ARCHS = (
					"$(ARCHS_STANDARD_32_BIT)",
					armv6,
				);
				COPY_PHASE_STRIP = NO;
				GCC_C_LANGUAGE_STANDARD = gnu99;
				GCC_DYNAMIC_NO_PIC = NO;
				GCC_OPTIMIZATION_LEVEL = 0;
				GCC_PREPROCESSOR_DEFINITIONS = (
					"DEBUG=1",
					"$(inherited)",
				);
				GCC_SYMBOLS_PRIVATE_EXTERN = NO;
				GCC_VERSION = com.apple.compilers.llvm.clang.1_0;
				GCC_WARN_ABOUT_MISSING_PROTOTYPES = YES;
				GCC_WARN_ABOUT_RETURN_TYPE = YES;
				GCC_WARN_UNUSED_VARIABLE = YES;
				IPHONEOS_DEPLOYMENT_TARGET = 5.0;
				SDKROOT = iphoneos;
			};
			name = Debug;
		};
		4C6F96D014AF704100F8389A /* Release */ = {
			isa = XCBuildConfiguration;
			buildSettings = {
				ALWAYS_SEARCH_USER_PATHS = NO;
				ARCHS = (
					"$(ARCHS_STANDARD_32_BIT)",
					armv6,
				);
				COPY_PHASE_STRIP = YES;
				GCC_C_LANGUAGE_STANDARD = gnu99;
				GCC_VERSION = com.apple.compilers.llvm.clang.1_0;
				GCC_WARN_ABOUT_MISSING_PROTOTYPES = YES;
				GCC_WARN_ABOUT_RETURN_TYPE = YES;
				GCC_WARN_UNUSED_VARIABLE = YES;
				IPHONEOS_DEPLOYMENT_TARGET = 5.0;
				SDKROOT = iphoneos;
				VALIDATE_PRODUCT = YES;
			};
			name = Release;
		};
		4C6F96D214AF704100F8389A /* Debug */ = {
			isa = XCBuildConfiguration;
			buildSettings = {
				DSTROOT = /tmp/MWPhotoBrowser.dst;
				GCC_PRECOMPILE_PREFIX_HEADER = YES;
				GCC_PREFIX_HEADER = "MWPhotoBrowser-Prefix.pch";
				OTHER_LDFLAGS = (
					"-ObjC",
					"-all_load",
				);
				PRODUCT_NAME = "$(TARGET_NAME)";
				SKIP_INSTALL = YES;
			};
			name = Debug;
		};
		4C6F96D314AF704100F8389A /* Release */ = {
			isa = XCBuildConfiguration;
			buildSettings = {
				DSTROOT = /tmp/MWPhotoBrowser.dst;
				GCC_PRECOMPILE_PREFIX_HEADER = YES;
				GCC_PREFIX_HEADER = "MWPhotoBrowser-Prefix.pch";
				OTHER_LDFLAGS = (
					"-ObjC",
					"-all_load",
				);
				PRODUCT_NAME = "$(TARGET_NAME)";
				SKIP_INSTALL = YES;
			};
			name = Release;
		};
/* End XCBuildConfiguration section */

/* Begin XCConfigurationList section */
		4C6F96BE14AF704100F8389A /* Build configuration list for PBXProject "MWPhotoBrowser" */ = {
			isa = XCConfigurationList;
			buildConfigurations = (
				4C6F96CF14AF704100F8389A /* Debug */,
				4C6F96D014AF704100F8389A /* Release */,
				4C4FB12A14AF8A78000A5F46 /* Distribution */,
			);
			defaultConfigurationIsVisible = 0;
			defaultConfigurationName = Release;
		};
		4C6F96D114AF704100F8389A /* Build configuration list for PBXNativeTarget "MWPhotoBrowser" */ = {
			isa = XCConfigurationList;
			buildConfigurations = (
				4C6F96D214AF704100F8389A /* Debug */,
				4C6F96D314AF704100F8389A /* Release */,
				4C4FB12B14AF8A78000A5F46 /* Distribution */,
			);
			defaultConfigurationIsVisible = 0;
			defaultConfigurationName = Release;
		};
/* End XCConfigurationList section */
	};
	rootObject = 4C6F96BB14AF704100F8389A /* Project object */;
}
