// !$*UTF8*$!
{
	archiveVersion = 1;
	classes = {
	};
	objectVersion = 46;
	objects = {

/* Begin PBXBuildFile section */
		0E17D76617FAEADE0094ABF6 /* SDImageCache.h in Headers */ = {isa = PBXBuildFile; fileRef = 0E17D74917FAEADE0094ABF6 /* SDImageCache.h */; };
		0E17D76717FAEADE0094ABF6 /* SDImageCache.m in Sources */ = {isa = PBXBuildFile; fileRef = 0E17D74A17FAEADE0094ABF6 /* SDImageCache.m */; };
		0E17D76817FAEADE0094ABF6 /* SDWebImageCompat.h in Headers */ = {isa = PBXBuildFile; fileRef = 0E17D74B17FAEADE0094ABF6 /* SDWebImageCompat.h */; };
		0E17D76917FAEADE0094ABF6 /* SDWebImageCompat.m in Sources */ = {isa = PBXBuildFile; fileRef = 0E17D74C17FAEADE0094ABF6 /* SDWebImageCompat.m */; };
		0E17D76A17FAEADE0094ABF6 /* SDWebImageDecoder.h in Headers */ = {isa = PBXBuildFile; fileRef = 0E17D74D17FAEADE0094ABF6 /* SDWebImageDecoder.h */; };
		0E17D76B17FAEADE0094ABF6 /* SDWebImageDecoder.m in Sources */ = {isa = PBXBuildFile; fileRef = 0E17D74E17FAEADE0094ABF6 /* SDWebImageDecoder.m */; };
		0E17D76C17FAEADE0094ABF6 /* SDWebImageDownloader.h in Headers */ = {isa = PBXBuildFile; fileRef = 0E17D74F17FAEADE0094ABF6 /* SDWebImageDownloader.h */; };
		0E17D76D17FAEADE0094ABF6 /* SDWebImageDownloader.m in Sources */ = {isa = PBXBuildFile; fileRef = 0E17D75017FAEADE0094ABF6 /* SDWebImageDownloader.m */; };
		0E17D76E17FAEADE0094ABF6 /* SDWebImageDownloaderOperation.h in Headers */ = {isa = PBXBuildFile; fileRef = 0E17D75117FAEADE0094ABF6 /* SDWebImageDownloaderOperation.h */; };
		0E17D76F17FAEADE0094ABF6 /* SDWebImageDownloaderOperation.m in Sources */ = {isa = PBXBuildFile; fileRef = 0E17D75217FAEADE0094ABF6 /* SDWebImageDownloaderOperation.m */; };
		0E17D77017FAEADE0094ABF6 /* SDWebImageManager.h in Headers */ = {isa = PBXBuildFile; fileRef = 0E17D75317FAEADE0094ABF6 /* SDWebImageManager.h */; };
		0E17D77117FAEADE0094ABF6 /* SDWebImageManager.m in Sources */ = {isa = PBXBuildFile; fileRef = 0E17D75417FAEADE0094ABF6 /* SDWebImageManager.m */; };
		0E17D77217FAEADE0094ABF6 /* SDWebImageOperation.h in Headers */ = {isa = PBXBuildFile; fileRef = 0E17D75517FAEADE0094ABF6 /* SDWebImageOperation.h */; };
		0E17D77317FAEADE0094ABF6 /* SDWebImagePrefetcher.h in Headers */ = {isa = PBXBuildFile; fileRef = 0E17D75617FAEADE0094ABF6 /* SDWebImagePrefetcher.h */; };
		0E17D77417FAEADE0094ABF6 /* SDWebImagePrefetcher.m in Sources */ = {isa = PBXBuildFile; fileRef = 0E17D75717FAEADE0094ABF6 /* SDWebImagePrefetcher.m */; };
		0E17D77517FAEADE0094ABF6 /* UIButton+WebCache.h in Headers */ = {isa = PBXBuildFile; fileRef = 0E17D75817FAEADE0094ABF6 /* UIButton+WebCache.h */; };
		0E17D77617FAEADE0094ABF6 /* UIButton+WebCache.m in Sources */ = {isa = PBXBuildFile; fileRef = 0E17D75917FAEADE0094ABF6 /* UIButton+WebCache.m */; };
		0E17D77717FAEADE0094ABF6 /* UIImage+GIF.h in Headers */ = {isa = PBXBuildFile; fileRef = 0E17D75A17FAEADE0094ABF6 /* UIImage+GIF.h */; };
		0E17D77817FAEADE0094ABF6 /* UIImage+GIF.m in Sources */ = {isa = PBXBuildFile; fileRef = 0E17D75B17FAEADE0094ABF6 /* UIImage+GIF.m */; };
		0E17D77917FAEADE0094ABF6 /* UIImage+MultiFormat.h in Headers */ = {isa = PBXBuildFile; fileRef = 0E17D75C17FAEADE0094ABF6 /* UIImage+MultiFormat.h */; };
		0E17D77A17FAEADE0094ABF6 /* UIImage+MultiFormat.m in Sources */ = {isa = PBXBuildFile; fileRef = 0E17D75D17FAEADE0094ABF6 /* UIImage+MultiFormat.m */; };
		0E17D77B17FAEADE0094ABF6 /* UIImage+WebP.h in Headers */ = {isa = PBXBuildFile; fileRef = 0E17D75E17FAEADE0094ABF6 /* UIImage+WebP.h */; };
		0E17D77C17FAEADE0094ABF6 /* UIImage+WebP.m in Sources */ = {isa = PBXBuildFile; fileRef = 0E17D75F17FAEADE0094ABF6 /* UIImage+WebP.m */; };
		0E17D77D17FAEADE0094ABF6 /* UIImageView+WebCache.h in Headers */ = {isa = PBXBuildFile; fileRef = 0E17D76017FAEADE0094ABF6 /* UIImageView+WebCache.h */; };
		0E17D77E17FAEADE0094ABF6 /* UIImageView+WebCache.m in Sources */ = {isa = PBXBuildFile; fileRef = 0E17D76117FAEADE0094ABF6 /* UIImageView+WebCache.m */; };
		0E3CF61A18CF321F000EC5F2 /* MapKit.framework in Frameworks */ = {isa = PBXBuildFile; fileRef = 0E3CF61918CF321F000EC5F2 /* MapKit.framework */; };
		0E3D5899180467550000E3A0 /* MWGridViewController.h in Headers */ = {isa = PBXBuildFile; fileRef = 0E3D5897180467550000E3A0 /* MWGridViewController.h */; };
		0E3D589A180467550000E3A0 /* MWGridViewController.m in Sources */ = {isa = PBXBuildFile; fileRef = 0E3D5898180467550000E3A0 /* MWGridViewController.m */; };
		0E3D58B8180474330000E3A0 /* NSIndexPath+PSTCollectionViewAdditions.h in Headers */ = {isa = PBXBuildFile; fileRef = 0E3D589C180474330000E3A0 /* NSIndexPath+PSTCollectionViewAdditions.h */; };
		0E3D58B9180474330000E3A0 /* NSIndexPath+PSTCollectionViewAdditions.m in Sources */ = {isa = PBXBuildFile; fileRef = 0E3D589D180474330000E3A0 /* NSIndexPath+PSTCollectionViewAdditions.m */; };
		0E3D58BA180474330000E3A0 /* PSTCollectionView.h in Headers */ = {isa = PBXBuildFile; fileRef = 0E3D589E180474330000E3A0 /* PSTCollectionView.h */; };
		0E3D58BB180474330000E3A0 /* PSTCollectionView.m in Sources */ = {isa = PBXBuildFile; fileRef = 0E3D589F180474330000E3A0 /* PSTCollectionView.m */; };
		0E3D58BC180474330000E3A0 /* PSTCollectionViewCell.h in Headers */ = {isa = PBXBuildFile; fileRef = 0E3D58A0180474330000E3A0 /* PSTCollectionViewCell.h */; };
		0E3D58BD180474330000E3A0 /* PSTCollectionViewCell.m in Sources */ = {isa = PBXBuildFile; fileRef = 0E3D58A1180474330000E3A0 /* PSTCollectionViewCell.m */; };
		0E3D58BE180474330000E3A0 /* PSTCollectionViewCommon.h in Headers */ = {isa = PBXBuildFile; fileRef = 0E3D58A2180474330000E3A0 /* PSTCollectionViewCommon.h */; };
		0E3D58BF180474330000E3A0 /* PSTCollectionViewController.h in Headers */ = {isa = PBXBuildFile; fileRef = 0E3D58A3180474330000E3A0 /* PSTCollectionViewController.h */; };
		0E3D58C0180474330000E3A0 /* PSTCollectionViewController.m in Sources */ = {isa = PBXBuildFile; fileRef = 0E3D58A4180474330000E3A0 /* PSTCollectionViewController.m */; };
		0E3D58C1180474330000E3A0 /* PSTCollectionViewData.h in Headers */ = {isa = PBXBuildFile; fileRef = 0E3D58A5180474330000E3A0 /* PSTCollectionViewData.h */; };
		0E3D58C2180474330000E3A0 /* PSTCollectionViewData.m in Sources */ = {isa = PBXBuildFile; fileRef = 0E3D58A6180474330000E3A0 /* PSTCollectionViewData.m */; };
		0E3D58C3180474330000E3A0 /* PSTCollectionViewFlowLayout.h in Headers */ = {isa = PBXBuildFile; fileRef = 0E3D58A7180474330000E3A0 /* PSTCollectionViewFlowLayout.h */; };
		0E3D58C4180474330000E3A0 /* PSTCollectionViewFlowLayout.m in Sources */ = {isa = PBXBuildFile; fileRef = 0E3D58A8180474330000E3A0 /* PSTCollectionViewFlowLayout.m */; };
		0E3D58C5180474330000E3A0 /* PSTCollectionViewItemKey.h in Headers */ = {isa = PBXBuildFile; fileRef = 0E3D58A9180474330000E3A0 /* PSTCollectionViewItemKey.h */; };
		0E3D58C6180474330000E3A0 /* PSTCollectionViewItemKey.m in Sources */ = {isa = PBXBuildFile; fileRef = 0E3D58AA180474330000E3A0 /* PSTCollectionViewItemKey.m */; };
		0E3D58C7180474330000E3A0 /* PSTCollectionViewLayout+Internals.h in Headers */ = {isa = PBXBuildFile; fileRef = 0E3D58AB180474330000E3A0 /* PSTCollectionViewLayout+Internals.h */; };
		0E3D58C8180474330000E3A0 /* PSTCollectionViewLayout.h in Headers */ = {isa = PBXBuildFile; fileRef = 0E3D58AC180474330000E3A0 /* PSTCollectionViewLayout.h */; };
		0E3D58C9180474330000E3A0 /* PSTCollectionViewLayout.m in Sources */ = {isa = PBXBuildFile; fileRef = 0E3D58AD180474330000E3A0 /* PSTCollectionViewLayout.m */; };
		0E3D58CA180474330000E3A0 /* PSTCollectionViewUpdateItem.h in Headers */ = {isa = PBXBuildFile; fileRef = 0E3D58AE180474330000E3A0 /* PSTCollectionViewUpdateItem.h */; };
		0E3D58CB180474330000E3A0 /* PSTCollectionViewUpdateItem.m in Sources */ = {isa = PBXBuildFile; fileRef = 0E3D58AF180474330000E3A0 /* PSTCollectionViewUpdateItem.m */; };
		0E3D58CC180474330000E3A0 /* PSTGridLayoutInfo.h in Headers */ = {isa = PBXBuildFile; fileRef = 0E3D58B0180474330000E3A0 /* PSTGridLayoutInfo.h */; };
		0E3D58CD180474330000E3A0 /* PSTGridLayoutInfo.m in Sources */ = {isa = PBXBuildFile; fileRef = 0E3D58B1180474330000E3A0 /* PSTGridLayoutInfo.m */; };
		0E3D58CE180474330000E3A0 /* PSTGridLayoutItem.h in Headers */ = {isa = PBXBuildFile; fileRef = 0E3D58B2180474330000E3A0 /* PSTGridLayoutItem.h */; };
		0E3D58CF180474330000E3A0 /* PSTGridLayoutItem.m in Sources */ = {isa = PBXBuildFile; fileRef = 0E3D58B3180474330000E3A0 /* PSTGridLayoutItem.m */; };
		0E3D58D0180474330000E3A0 /* PSTGridLayoutRow.h in Headers */ = {isa = PBXBuildFile; fileRef = 0E3D58B4180474330000E3A0 /* PSTGridLayoutRow.h */; };
		0E3D58D1180474330000E3A0 /* PSTGridLayoutRow.m in Sources */ = {isa = PBXBuildFile; fileRef = 0E3D58B5180474330000E3A0 /* PSTGridLayoutRow.m */; };
		0E3D58D2180474330000E3A0 /* PSTGridLayoutSection.h in Headers */ = {isa = PBXBuildFile; fileRef = 0E3D58B6180474330000E3A0 /* PSTGridLayoutSection.h */; };
		0E3D58D3180474330000E3A0 /* PSTGridLayoutSection.m in Sources */ = {isa = PBXBuildFile; fileRef = 0E3D58B7180474330000E3A0 /* PSTGridLayoutSection.m */; };
		0E3D58D618047B600000E3A0 /* MWGridCell.h in Headers */ = {isa = PBXBuildFile; fileRef = 0E3D58D418047B600000E3A0 /* MWGridCell.h */; };
		0E3D58D718047B600000E3A0 /* MWGridCell.m in Sources */ = {isa = PBXBuildFile; fileRef = 0E3D58D518047B600000E3A0 /* MWGridCell.m */; };
		0E3D58DA18047D0B0000E3A0 /* MWPhotoBrowserPrivate.h in Headers */ = {isa = PBXBuildFile; fileRef = 0E3D58D818047D0B0000E3A0 /* MWPhotoBrowserPrivate.h */; };
		0E8515C117FC77D200FE1EF3 /* DACircularProgressView.h in Headers */ = {isa = PBXBuildFile; fileRef = 0E8515BF17FC77D200FE1EF3 /* DACircularProgressView.h */; };
		0E8515C217FC77D200FE1EF3 /* DACircularProgressView.m in Sources */ = {isa = PBXBuildFile; fileRef = 0E8515C017FC77D200FE1EF3 /* DACircularProgressView.m */; };
		0E8515C417FC780500FE1EF3 /* QuartzCore.framework in Frameworks */ = {isa = PBXBuildFile; fileRef = 0E8515C317FC780500FE1EF3 /* QuartzCore.framework */; };
		0E8515CA17FCB05B00FE1EF3 /* AssetsLibrary.framework in Frameworks */ = {isa = PBXBuildFile; fileRef = 0E8515C917FCB05B00FE1EF3 /* AssetsLibrary.framework */; settings = {ATTRIBUTES = (Required, ); }; };
		0EA380331573EA4B003F4582 /* ImageIO.framework in Frameworks */ = {isa = PBXBuildFile; fileRef = 0EA380321573EA4B003F4582 /* ImageIO.framework */; };
		0EF66C6519CC8E0000BC267E /* UIImageView+HighlightedWebCache.h in Headers */ = {isa = PBXBuildFile; fileRef = 0EF66C6119CC8E0000BC267E /* UIImageView+HighlightedWebCache.h */; };
		0EF66C6619CC8E0000BC267E /* UIImageView+HighlightedWebCache.m in Sources */ = {isa = PBXBuildFile; fileRef = 0EF66C6219CC8E0000BC267E /* UIImageView+HighlightedWebCache.m */; };
		0EF66C6719CC8E0000BC267E /* UIView+WebCacheOperation.h in Headers */ = {isa = PBXBuildFile; fileRef = 0EF66C6319CC8E0000BC267E /* UIView+WebCacheOperation.h */; };
		0EF66C6819CC8E0000BC267E /* UIView+WebCacheOperation.m in Sources */ = {isa = PBXBuildFile; fileRef = 0EF66C6419CC8E0000BC267E /* UIView+WebCacheOperation.m */; };
		0EFEA24D17FB08B400E451B6 /* MWCommon.h in Headers */ = {isa = PBXBuildFile; fileRef = 0EFEA24B17FB08B400E451B6 /* MWCommon.h */; };
		2615E44B18CD57C700447857 /* NSData+ImageContentType.h in Headers */ = {isa = PBXBuildFile; fileRef = 2615E44918CD57C700447857 /* NSData+ImageContentType.h */; };
		2615E44C18CD57C700447857 /* NSData+ImageContentType.m in Sources */ = {isa = PBXBuildFile; fileRef = 2615E44A18CD57C700447857 /* NSData+ImageContentType.m */; };
		2615E44F18CD57E500447857 /* MKAnnotationView+WebCache.h in Headers */ = {isa = PBXBuildFile; fileRef = 2615E44D18CD57E500447857 /* MKAnnotationView+WebCache.h */; };
		2615E45018CD57E500447857 /* MKAnnotationView+WebCache.m in Sources */ = {isa = PBXBuildFile; fileRef = 2615E44E18CD57E500447857 /* MKAnnotationView+WebCache.m */; };
		4C6F96C814AF704100F8389A /* Foundation.framework in Frameworks */ = {isa = PBXBuildFile; fileRef = 4C6F96C714AF704100F8389A /* Foundation.framework */; };
		4C6F96E214AF70BD00F8389A /* MWCaptionView.h in Headers */ = {isa = PBXBuildFile; fileRef = 4C6F96D614AF70BD00F8389A /* MWCaptionView.h */; };
		4C6F96E314AF70BD00F8389A /* MWCaptionView.m in Sources */ = {isa = PBXBuildFile; fileRef = 4C6F96D714AF70BD00F8389A /* MWCaptionView.m */; };
		4C6F96E414AF70BD00F8389A /* MWPhoto.h in Headers */ = {isa = PBXBuildFile; fileRef = 4C6F96D814AF70BD00F8389A /* MWPhoto.h */; settings = {ATTRIBUTES = (); }; };
		4C6F96E514AF70BD00F8389A /* MWPhoto.m in Sources */ = {isa = PBXBuildFile; fileRef = 4C6F96D914AF70BD00F8389A /* MWPhoto.m */; };
		4C6F96E614AF70BD00F8389A /* MWPhotoBrowser.h in Headers */ = {isa = PBXBuildFile; fileRef = 4C6F96DA14AF70BD00F8389A /* MWPhotoBrowser.h */; settings = {ATTRIBUTES = (); }; };
		4C6F96E714AF70BD00F8389A /* MWPhotoBrowser.m in Sources */ = {isa = PBXBuildFile; fileRef = 4C6F96DB14AF70BD00F8389A /* MWPhotoBrowser.m */; };
		4C6F96E814AF70BD00F8389A /* MWTapDetectingImageView.h in Headers */ = {isa = PBXBuildFile; fileRef = 4C6F96DC14AF70BD00F8389A /* MWTapDetectingImageView.h */; };
		4C6F96E914AF70BD00F8389A /* MWTapDetectingImageView.m in Sources */ = {isa = PBXBuildFile; fileRef = 4C6F96DD14AF70BD00F8389A /* MWTapDetectingImageView.m */; };
		4C6F96EA14AF70BD00F8389A /* MWTapDetectingView.h in Headers */ = {isa = PBXBuildFile; fileRef = 4C6F96DE14AF70BD00F8389A /* MWTapDetectingView.h */; };
		4C6F96EB14AF70BD00F8389A /* MWTapDetectingView.m in Sources */ = {isa = PBXBuildFile; fileRef = 4C6F96DF14AF70BD00F8389A /* MWTapDetectingView.m */; };
		4C6F96EC14AF70BD00F8389A /* MWZoomingScrollView.h in Headers */ = {isa = PBXBuildFile; fileRef = 4C6F96E014AF70BD00F8389A /* MWZoomingScrollView.h */; };
		4C6F96ED14AF70BD00F8389A /* MWZoomingScrollView.m in Sources */ = {isa = PBXBuildFile; fileRef = 4C6F96E114AF70BD00F8389A /* MWZoomingScrollView.m */; };
		4C6F96F614AF710800F8389A /* MBProgressHUD.h in Headers */ = {isa = PBXBuildFile; fileRef = 4C6F96F414AF710800F8389A /* MBProgressHUD.h */; };
		4C6F96F714AF710800F8389A /* MBProgressHUD.m in Sources */ = {isa = PBXBuildFile; fileRef = 4C6F96F514AF710800F8389A /* MBProgressHUD.m */; };
		4C6F97C714AF74E200F8389A /* MessageUI.framework in Frameworks */ = {isa = PBXBuildFile; fileRef = 4C6F97C614AF74E200F8389A /* MessageUI.framework */; };
		4CB08BA314B1F38700730E9F /* MWPhotoProtocol.h in Headers */ = {isa = PBXBuildFile; fileRef = 4CB08BA214B1F38700730E9F /* MWPhotoProtocol.h */; };
/* End PBXBuildFile section */

/* Begin PBXFileReference section */
		0E17D74917FAEADE0094ABF6 /* SDImageCache.h */ = {isa = PBXFileReference; fileEncoding = 4; lastKnownFileType = sourcecode.c.h; name = SDImageCache.h; path = Libraries/SDWebImage/SDWebImage/SDImageCache.h; sourceTree = SOURCE_ROOT; };
		0E17D74A17FAEADE0094ABF6 /* SDImageCache.m */ = {isa = PBXFileReference; fileEncoding = 4; lastKnownFileType = sourcecode.c.objc; name = SDImageCache.m; path = Libraries/SDWebImage/SDWebImage/SDImageCache.m; sourceTree = SOURCE_ROOT; };
		0E17D74B17FAEADE0094ABF6 /* SDWebImageCompat.h */ = {isa = PBXFileReference; fileEncoding = 4; lastKnownFileType = sourcecode.c.h; name = SDWebImageCompat.h; path = Libraries/SDWebImage/SDWebImage/SDWebImageCompat.h; sourceTree = SOURCE_ROOT; };
		0E17D74C17FAEADE0094ABF6 /* SDWebImageCompat.m */ = {isa = PBXFileReference; fileEncoding = 4; lastKnownFileType = sourcecode.c.objc; name = SDWebImageCompat.m; path = Libraries/SDWebImage/SDWebImage/SDWebImageCompat.m; sourceTree = SOURCE_ROOT; };
		0E17D74D17FAEADE0094ABF6 /* SDWebImageDecoder.h */ = {isa = PBXFileReference; fileEncoding = 4; lastKnownFileType = sourcecode.c.h; name = SDWebImageDecoder.h; path = Libraries/SDWebImage/SDWebImage/SDWebImageDecoder.h; sourceTree = SOURCE_ROOT; };
		0E17D74E17FAEADE0094ABF6 /* SDWebImageDecoder.m */ = {isa = PBXFileReference; fileEncoding = 4; lastKnownFileType = sourcecode.c.objc; name = SDWebImageDecoder.m; path = Libraries/SDWebImage/SDWebImage/SDWebImageDecoder.m; sourceTree = SOURCE_ROOT; };
		0E17D74F17FAEADE0094ABF6 /* SDWebImageDownloader.h */ = {isa = PBXFileReference; fileEncoding = 4; lastKnownFileType = sourcecode.c.h; name = SDWebImageDownloader.h; path = Libraries/SDWebImage/SDWebImage/SDWebImageDownloader.h; sourceTree = SOURCE_ROOT; };
		0E17D75017FAEADE0094ABF6 /* SDWebImageDownloader.m */ = {isa = PBXFileReference; fileEncoding = 4; lastKnownFileType = sourcecode.c.objc; name = SDWebImageDownloader.m; path = Libraries/SDWebImage/SDWebImage/SDWebImageDownloader.m; sourceTree = SOURCE_ROOT; };
		0E17D75117FAEADE0094ABF6 /* SDWebImageDownloaderOperation.h */ = {isa = PBXFileReference; fileEncoding = 4; lastKnownFileType = sourcecode.c.h; name = SDWebImageDownloaderOperation.h; path = Libraries/SDWebImage/SDWebImage/SDWebImageDownloaderOperation.h; sourceTree = SOURCE_ROOT; };
		0E17D75217FAEADE0094ABF6 /* SDWebImageDownloaderOperation.m */ = {isa = PBXFileReference; fileEncoding = 4; lastKnownFileType = sourcecode.c.objc; name = SDWebImageDownloaderOperation.m; path = Libraries/SDWebImage/SDWebImage/SDWebImageDownloaderOperation.m; sourceTree = SOURCE_ROOT; };
		0E17D75317FAEADE0094ABF6 /* SDWebImageManager.h */ = {isa = PBXFileReference; fileEncoding = 4; lastKnownFileType = sourcecode.c.h; name = SDWebImageManager.h; path = Libraries/SDWebImage/SDWebImage/SDWebImageManager.h; sourceTree = SOURCE_ROOT; };
		0E17D75417FAEADE0094ABF6 /* SDWebImageManager.m */ = {isa = PBXFileReference; fileEncoding = 4; lastKnownFileType = sourcecode.c.objc; name = SDWebImageManager.m; path = Libraries/SDWebImage/SDWebImage/SDWebImageManager.m; sourceTree = SOURCE_ROOT; };
		0E17D75517FAEADE0094ABF6 /* SDWebImageOperation.h */ = {isa = PBXFileReference; fileEncoding = 4; lastKnownFileType = sourcecode.c.h; name = SDWebImageOperation.h; path = Libraries/SDWebImage/SDWebImage/SDWebImageOperation.h; sourceTree = SOURCE_ROOT; };
		0E17D75617FAEADE0094ABF6 /* SDWebImagePrefetcher.h */ = {isa = PBXFileReference; fileEncoding = 4; lastKnownFileType = sourcecode.c.h; name = SDWebImagePrefetcher.h; path = Libraries/SDWebImage/SDWebImage/SDWebImagePrefetcher.h; sourceTree = SOURCE_ROOT; };
		0E17D75717FAEADE0094ABF6 /* SDWebImagePrefetcher.m */ = {isa = PBXFileReference; fileEncoding = 4; lastKnownFileType = sourcecode.c.objc; name = SDWebImagePrefetcher.m; path = Libraries/SDWebImage/SDWebImage/SDWebImagePrefetcher.m; sourceTree = SOURCE_ROOT; };
		0E17D75817FAEADE0094ABF6 /* UIButton+WebCache.h */ = {isa = PBXFileReference; fileEncoding = 4; lastKnownFileType = sourcecode.c.h; name = "UIButton+WebCache.h"; path = "Libraries/SDWebImage/SDWebImage/UIButton+WebCache.h"; sourceTree = SOURCE_ROOT; };
		0E17D75917FAEADE0094ABF6 /* UIButton+WebCache.m */ = {isa = PBXFileReference; fileEncoding = 4; lastKnownFileType = sourcecode.c.objc; name = "UIButton+WebCache.m"; path = "Libraries/SDWebImage/SDWebImage/UIButton+WebCache.m"; sourceTree = SOURCE_ROOT; };
		0E17D75A17FAEADE0094ABF6 /* UIImage+GIF.h */ = {isa = PBXFileReference; fileEncoding = 4; lastKnownFileType = sourcecode.c.h; name = "UIImage+GIF.h"; path = "Libraries/SDWebImage/SDWebImage/UIImage+GIF.h"; sourceTree = SOURCE_ROOT; };
		0E17D75B17FAEADE0094ABF6 /* UIImage+GIF.m */ = {isa = PBXFileReference; fileEncoding = 4; lastKnownFileType = sourcecode.c.objc; name = "UIImage+GIF.m"; path = "Libraries/SDWebImage/SDWebImage/UIImage+GIF.m"; sourceTree = SOURCE_ROOT; };
		0E17D75C17FAEADE0094ABF6 /* UIImage+MultiFormat.h */ = {isa = PBXFileReference; fileEncoding = 4; lastKnownFileType = sourcecode.c.h; name = "UIImage+MultiFormat.h"; path = "Libraries/SDWebImage/SDWebImage/UIImage+MultiFormat.h"; sourceTree = SOURCE_ROOT; };
		0E17D75D17FAEADE0094ABF6 /* UIImage+MultiFormat.m */ = {isa = PBXFileReference; fileEncoding = 4; lastKnownFileType = sourcecode.c.objc; name = "UIImage+MultiFormat.m"; path = "Libraries/SDWebImage/SDWebImage/UIImage+MultiFormat.m"; sourceTree = SOURCE_ROOT; };
		0E17D75E17FAEADE0094ABF6 /* UIImage+WebP.h */ = {isa = PBXFileReference; fileEncoding = 4; lastKnownFileType = sourcecode.c.h; name = "UIImage+WebP.h"; path = "Libraries/SDWebImage/SDWebImage/UIImage+WebP.h"; sourceTree = SOURCE_ROOT; };
		0E17D75F17FAEADE0094ABF6 /* UIImage+WebP.m */ = {isa = PBXFileReference; fileEncoding = 4; lastKnownFileType = sourcecode.c.objc; name = "UIImage+WebP.m"; path = "Libraries/SDWebImage/SDWebImage/UIImage+WebP.m"; sourceTree = SOURCE_ROOT; };
		0E17D76017FAEADE0094ABF6 /* UIImageView+WebCache.h */ = {isa = PBXFileReference; fileEncoding = 4; lastKnownFileType = sourcecode.c.h; name = "UIImageView+WebCache.h"; path = "Libraries/SDWebImage/SDWebImage/UIImageView+WebCache.h"; sourceTree = SOURCE_ROOT; };
		0E17D76117FAEADE0094ABF6 /* UIImageView+WebCache.m */ = {isa = PBXFileReference; fileEncoding = 4; lastKnownFileType = sourcecode.c.objc; name = "UIImageView+WebCache.m"; path = "Libraries/SDWebImage/SDWebImage/UIImageView+WebCache.m"; sourceTree = SOURCE_ROOT; };
		0E3CF61918CF321F000EC5F2 /* MapKit.framework */ = {isa = PBXFileReference; lastKnownFileType = wrapper.framework; name = MapKit.framework; path = System/Library/Frameworks/MapKit.framework; sourceTree = SDKROOT; };
		0E3D5897180467550000E3A0 /* MWGridViewController.h */ = {isa = PBXFileReference; fileEncoding = 4; lastKnownFileType = sourcecode.c.h; name = MWGridViewController.h; path = Classes/MWGridViewController.h; sourceTree = SOURCE_ROOT; };
		0E3D5898180467550000E3A0 /* MWGridViewController.m */ = {isa = PBXFileReference; fileEncoding = 4; lastKnownFileType = sourcecode.c.objc; name = MWGridViewController.m; path = Classes/MWGridViewController.m; sourceTree = SOURCE_ROOT; };
		0E3D589C180474330000E3A0 /* NSIndexPath+PSTCollectionViewAdditions.h */ = {isa = PBXFileReference; fileEncoding = 4; lastKnownFileType = sourcecode.c.h; path = "NSIndexPath+PSTCollectionViewAdditions.h"; sourceTree = "<group>"; };
		0E3D589D180474330000E3A0 /* NSIndexPath+PSTCollectionViewAdditions.m */ = {isa = PBXFileReference; fileEncoding = 4; lastKnownFileType = sourcecode.c.objc; path = "NSIndexPath+PSTCollectionViewAdditions.m"; sourceTree = "<group>"; };
		0E3D589E180474330000E3A0 /* PSTCollectionView.h */ = {isa = PBXFileReference; fileEncoding = 4; lastKnownFileType = sourcecode.c.h; path = PSTCollectionView.h; sourceTree = "<group>"; };
		0E3D589F180474330000E3A0 /* PSTCollectionView.m */ = {isa = PBXFileReference; fileEncoding = 4; lastKnownFileType = sourcecode.c.objc; path = PSTCollectionView.m; sourceTree = "<group>"; };
		0E3D58A0180474330000E3A0 /* PSTCollectionViewCell.h */ = {isa = PBXFileReference; fileEncoding = 4; lastKnownFileType = sourcecode.c.h; path = PSTCollectionViewCell.h; sourceTree = "<group>"; };
		0E3D58A1180474330000E3A0 /* PSTCollectionViewCell.m */ = {isa = PBXFileReference; fileEncoding = 4; lastKnownFileType = sourcecode.c.objc; path = PSTCollectionViewCell.m; sourceTree = "<group>"; };
		0E3D58A2180474330000E3A0 /* PSTCollectionViewCommon.h */ = {isa = PBXFileReference; fileEncoding = 4; lastKnownFileType = sourcecode.c.h; path = PSTCollectionViewCommon.h; sourceTree = "<group>"; };
		0E3D58A3180474330000E3A0 /* PSTCollectionViewController.h */ = {isa = PBXFileReference; fileEncoding = 4; lastKnownFileType = sourcecode.c.h; path = PSTCollectionViewController.h; sourceTree = "<group>"; };
		0E3D58A4180474330000E3A0 /* PSTCollectionViewController.m */ = {isa = PBXFileReference; fileEncoding = 4; lastKnownFileType = sourcecode.c.objc; path = PSTCollectionViewController.m; sourceTree = "<group>"; };
		0E3D58A5180474330000E3A0 /* PSTCollectionViewData.h */ = {isa = PBXFileReference; fileEncoding = 4; lastKnownFileType = sourcecode.c.h; path = PSTCollectionViewData.h; sourceTree = "<group>"; };
		0E3D58A6180474330000E3A0 /* PSTCollectionViewData.m */ = {isa = PBXFileReference; fileEncoding = 4; lastKnownFileType = sourcecode.c.objc; path = PSTCollectionViewData.m; sourceTree = "<group>"; };
		0E3D58A7180474330000E3A0 /* PSTCollectionViewFlowLayout.h */ = {isa = PBXFileReference; fileEncoding = 4; lastKnownFileType = sourcecode.c.h; path = PSTCollectionViewFlowLayout.h; sourceTree = "<group>"; };
		0E3D58A8180474330000E3A0 /* PSTCollectionViewFlowLayout.m */ = {isa = PBXFileReference; fileEncoding = 4; lastKnownFileType = sourcecode.c.objc; path = PSTCollectionViewFlowLayout.m; sourceTree = "<group>"; };
		0E3D58A9180474330000E3A0 /* PSTCollectionViewItemKey.h */ = {isa = PBXFileReference; fileEncoding = 4; lastKnownFileType = sourcecode.c.h; path = PSTCollectionViewItemKey.h; sourceTree = "<group>"; };
		0E3D58AA180474330000E3A0 /* PSTCollectionViewItemKey.m */ = {isa = PBXFileReference; fileEncoding = 4; lastKnownFileType = sourcecode.c.objc; path = PSTCollectionViewItemKey.m; sourceTree = "<group>"; };
		0E3D58AB180474330000E3A0 /* PSTCollectionViewLayout+Internals.h */ = {isa = PBXFileReference; fileEncoding = 4; lastKnownFileType = sourcecode.c.h; path = "PSTCollectionViewLayout+Internals.h"; sourceTree = "<group>"; };
		0E3D58AC180474330000E3A0 /* PSTCollectionViewLayout.h */ = {isa = PBXFileReference; fileEncoding = 4; lastKnownFileType = sourcecode.c.h; path = PSTCollectionViewLayout.h; sourceTree = "<group>"; };
		0E3D58AD180474330000E3A0 /* PSTCollectionViewLayout.m */ = {isa = PBXFileReference; fileEncoding = 4; lastKnownFileType = sourcecode.c.objc; path = PSTCollectionViewLayout.m; sourceTree = "<group>"; };
		0E3D58AE180474330000E3A0 /* PSTCollectionViewUpdateItem.h */ = {isa = PBXFileReference; fileEncoding = 4; lastKnownFileType = sourcecode.c.h; path = PSTCollectionViewUpdateItem.h; sourceTree = "<group>"; };
		0E3D58AF180474330000E3A0 /* PSTCollectionViewUpdateItem.m */ = {isa = PBXFileReference; fileEncoding = 4; lastKnownFileType = sourcecode.c.objc; path = PSTCollectionViewUpdateItem.m; sourceTree = "<group>"; };
		0E3D58B0180474330000E3A0 /* PSTGridLayoutInfo.h */ = {isa = PBXFileReference; fileEncoding = 4; lastKnownFileType = sourcecode.c.h; path = PSTGridLayoutInfo.h; sourceTree = "<group>"; };
		0E3D58B1180474330000E3A0 /* PSTGridLayoutInfo.m */ = {isa = PBXFileReference; fileEncoding = 4; lastKnownFileType = sourcecode.c.objc; path = PSTGridLayoutInfo.m; sourceTree = "<group>"; };
		0E3D58B2180474330000E3A0 /* PSTGridLayoutItem.h */ = {isa = PBXFileReference; fileEncoding = 4; lastKnownFileType = sourcecode.c.h; path = PSTGridLayoutItem.h; sourceTree = "<group>"; };
		0E3D58B3180474330000E3A0 /* PSTGridLayoutItem.m */ = {isa = PBXFileReference; fileEncoding = 4; lastKnownFileType = sourcecode.c.objc; path = PSTGridLayoutItem.m; sourceTree = "<group>"; };
		0E3D58B4180474330000E3A0 /* PSTGridLayoutRow.h */ = {isa = PBXFileReference; fileEncoding = 4; lastKnownFileType = sourcecode.c.h; path = PSTGridLayoutRow.h; sourceTree = "<group>"; };
		0E3D58B5180474330000E3A0 /* PSTGridLayoutRow.m */ = {isa = PBXFileReference; fileEncoding = 4; lastKnownFileType = sourcecode.c.objc; path = PSTGridLayoutRow.m; sourceTree = "<group>"; };
		0E3D58B6180474330000E3A0 /* PSTGridLayoutSection.h */ = {isa = PBXFileReference; fileEncoding = 4; lastKnownFileType = sourcecode.c.h; path = PSTGridLayoutSection.h; sourceTree = "<group>"; };
		0E3D58B7180474330000E3A0 /* PSTGridLayoutSection.m */ = {isa = PBXFileReference; fileEncoding = 4; lastKnownFileType = sourcecode.c.objc; path = PSTGridLayoutSection.m; sourceTree = "<group>"; };
		0E3D58D418047B600000E3A0 /* MWGridCell.h */ = {isa = PBXFileReference; fileEncoding = 4; lastKnownFileType = sourcecode.c.h; name = MWGridCell.h; path = Classes/MWGridCell.h; sourceTree = SOURCE_ROOT; };
		0E3D58D518047B600000E3A0 /* MWGridCell.m */ = {isa = PBXFileReference; fileEncoding = 4; lastKnownFileType = sourcecode.c.objc; name = MWGridCell.m; path = Classes/MWGridCell.m; sourceTree = SOURCE_ROOT; };
		0E3D58D818047D0B0000E3A0 /* MWPhotoBrowserPrivate.h */ = {isa = PBXFileReference; fileEncoding = 4; lastKnownFileType = sourcecode.c.h; name = MWPhotoBrowserPrivate.h; path = Classes/MWPhotoBrowserPrivate.h; sourceTree = SOURCE_ROOT; };
		0E8515BF17FC77D200FE1EF3 /* DACircularProgressView.h */ = {isa = PBXFileReference; fileEncoding = 4; lastKnownFileType = sourcecode.c.h; path = DACircularProgressView.h; sourceTree = "<group>"; };
		0E8515C017FC77D200FE1EF3 /* DACircularProgressView.m */ = {isa = PBXFileReference; fileEncoding = 4; lastKnownFileType = sourcecode.c.objc; path = DACircularProgressView.m; sourceTree = "<group>"; };
		0E8515C317FC780500FE1EF3 /* QuartzCore.framework */ = {isa = PBXFileReference; lastKnownFileType = wrapper.framework; name = QuartzCore.framework; path = System/Library/Frameworks/QuartzCore.framework; sourceTree = SDKROOT; };
		0E8515C917FCB05B00FE1EF3 /* AssetsLibrary.framework */ = {isa = PBXFileReference; lastKnownFileType = wrapper.framework; name = AssetsLibrary.framework; path = System/Library/Frameworks/AssetsLibrary.framework; sourceTree = SDKROOT; };
		0EA380321573EA4B003F4582 /* ImageIO.framework */ = {isa = PBXFileReference; lastKnownFileType = wrapper.framework; name = ImageIO.framework; path = System/Library/Frameworks/ImageIO.framework; sourceTree = SDKROOT; };
		0EF66C6119CC8E0000BC267E /* UIImageView+HighlightedWebCache.h */ = {isa = PBXFileReference; fileEncoding = 4; lastKnownFileType = sourcecode.c.h; name = "UIImageView+HighlightedWebCache.h"; path = "Libraries/SDWebImage/SDWebImage/UIImageView+HighlightedWebCache.h"; sourceTree = SOURCE_ROOT; };
		0EF66C6219CC8E0000BC267E /* UIImageView+HighlightedWebCache.m */ = {isa = PBXFileReference; fileEncoding = 4; lastKnownFileType = sourcecode.c.objc; name = "UIImageView+HighlightedWebCache.m"; path = "Libraries/SDWebImage/SDWebImage/UIImageView+HighlightedWebCache.m"; sourceTree = SOURCE_ROOT; };
		0EF66C6319CC8E0000BC267E /* UIView+WebCacheOperation.h */ = {isa = PBXFileReference; fileEncoding = 4; lastKnownFileType = sourcecode.c.h; name = "UIView+WebCacheOperation.h"; path = "Libraries/SDWebImage/SDWebImage/UIView+WebCacheOperation.h"; sourceTree = SOURCE_ROOT; };
		0EF66C6419CC8E0000BC267E /* UIView+WebCacheOperation.m */ = {isa = PBXFileReference; fileEncoding = 4; lastKnownFileType = sourcecode.c.objc; name = "UIView+WebCacheOperation.m"; path = "Libraries/SDWebImage/SDWebImage/UIView+WebCacheOperation.m"; sourceTree = SOURCE_ROOT; };
		0EFEA24B17FB08B400E451B6 /* MWCommon.h */ = {isa = PBXFileReference; fileEncoding = 4; lastKnownFileType = sourcecode.c.h; name = MWCommon.h; path = Classes/MWCommon.h; sourceTree = SOURCE_ROOT; };
		2615E44918CD57C700447857 /* NSData+ImageContentType.h */ = {isa = PBXFileReference; fileEncoding = 4; lastKnownFileType = sourcecode.c.h; name = "NSData+ImageContentType.h"; path = "Libraries/SDWebImage/SDWebImage/NSData+ImageContentType.h"; sourceTree = SOURCE_ROOT; };
		2615E44A18CD57C700447857 /* NSData+ImageContentType.m */ = {isa = PBXFileReference; fileEncoding = 4; lastKnownFileType = sourcecode.c.objc; name = "NSData+ImageContentType.m"; path = "Libraries/SDWebImage/SDWebImage/NSData+ImageContentType.m"; sourceTree = SOURCE_ROOT; };
		2615E44D18CD57E500447857 /* MKAnnotationView+WebCache.h */ = {isa = PBXFileReference; fileEncoding = 4; lastKnownFileType = sourcecode.c.h; name = "MKAnnotationView+WebCache.h"; path = "Libraries/SDWebImage/SDWebImage/MKAnnotationView+WebCache.h"; sourceTree = SOURCE_ROOT; };
		2615E44E18CD57E500447857 /* MKAnnotationView+WebCache.m */ = {isa = PBXFileReference; fileEncoding = 4; lastKnownFileType = sourcecode.c.objc; name = "MKAnnotationView+WebCache.m"; path = "Libraries/SDWebImage/SDWebImage/MKAnnotationView+WebCache.m"; sourceTree = SOURCE_ROOT; };
		4C6F96C414AF704100F8389A /* libMWPhotoBrowser.a */ = {isa = PBXFileReference; explicitFileType = archive.ar; includeInIndex = 0; path = libMWPhotoBrowser.a; sourceTree = BUILT_PRODUCTS_DIR; };
		4C6F96C714AF704100F8389A /* Foundation.framework */ = {isa = PBXFileReference; lastKnownFileType = wrapper.framework; name = Foundation.framework; path = System/Library/Frameworks/Foundation.framework; sourceTree = SDKROOT; };
		4C6F96CB14AF704100F8389A /* MWPhotoBrowser-Prefix.pch */ = {isa = PBXFileReference; lastKnownFileType = sourcecode.c.h; path = "MWPhotoBrowser-Prefix.pch"; sourceTree = SOURCE_ROOT; };
		4C6F96D614AF70BD00F8389A /* MWCaptionView.h */ = {isa = PBXFileReference; fileEncoding = 4; lastKnownFileType = sourcecode.c.h; name = MWCaptionView.h; path = Classes/MWCaptionView.h; sourceTree = SOURCE_ROOT; };
		4C6F96D714AF70BD00F8389A /* MWCaptionView.m */ = {isa = PBXFileReference; fileEncoding = 4; lastKnownFileType = sourcecode.c.objc; name = MWCaptionView.m; path = Classes/MWCaptionView.m; sourceTree = SOURCE_ROOT; };
		4C6F96D814AF70BD00F8389A /* MWPhoto.h */ = {isa = PBXFileReference; fileEncoding = 4; lastKnownFileType = sourcecode.c.h; name = MWPhoto.h; path = Classes/MWPhoto.h; sourceTree = SOURCE_ROOT; };
		4C6F96D914AF70BD00F8389A /* MWPhoto.m */ = {isa = PBXFileReference; fileEncoding = 4; lastKnownFileType = sourcecode.c.objc; name = MWPhoto.m; path = Classes/MWPhoto.m; sourceTree = SOURCE_ROOT; };
		4C6F96DA14AF70BD00F8389A /* MWPhotoBrowser.h */ = {isa = PBXFileReference; fileEncoding = 4; lastKnownFileType = sourcecode.c.h; name = MWPhotoBrowser.h; path = Classes/MWPhotoBrowser.h; sourceTree = SOURCE_ROOT; };
		4C6F96DB14AF70BD00F8389A /* MWPhotoBrowser.m */ = {isa = PBXFileReference; fileEncoding = 4; lastKnownFileType = sourcecode.c.objc; name = MWPhotoBrowser.m; path = Classes/MWPhotoBrowser.m; sourceTree = SOURCE_ROOT; };
		4C6F96DC14AF70BD00F8389A /* MWTapDetectingImageView.h */ = {isa = PBXFileReference; fileEncoding = 4; lastKnownFileType = sourcecode.c.h; name = MWTapDetectingImageView.h; path = Classes/MWTapDetectingImageView.h; sourceTree = SOURCE_ROOT; };
		4C6F96DD14AF70BD00F8389A /* MWTapDetectingImageView.m */ = {isa = PBXFileReference; fileEncoding = 4; lastKnownFileType = sourcecode.c.objc; name = MWTapDetectingImageView.m; path = Classes/MWTapDetectingImageView.m; sourceTree = SOURCE_ROOT; };
		4C6F96DE14AF70BD00F8389A /* MWTapDetectingView.h */ = {isa = PBXFileReference; fileEncoding = 4; lastKnownFileType = sourcecode.c.h; name = MWTapDetectingView.h; path = Classes/MWTapDetectingView.h; sourceTree = SOURCE_ROOT; };
		4C6F96DF14AF70BD00F8389A /* MWTapDetectingView.m */ = {isa = PBXFileReference; fileEncoding = 4; lastKnownFileType = sourcecode.c.objc; name = MWTapDetectingView.m; path = Classes/MWTapDetectingView.m; sourceTree = SOURCE_ROOT; };
		4C6F96E014AF70BD00F8389A /* MWZoomingScrollView.h */ = {isa = PBXFileReference; fileEncoding = 4; lastKnownFileType = sourcecode.c.h; name = MWZoomingScrollView.h; path = Classes/MWZoomingScrollView.h; sourceTree = SOURCE_ROOT; };
		4C6F96E114AF70BD00F8389A /* MWZoomingScrollView.m */ = {isa = PBXFileReference; fileEncoding = 4; lastKnownFileType = sourcecode.c.objc; name = MWZoomingScrollView.m; path = Classes/MWZoomingScrollView.m; sourceTree = SOURCE_ROOT; };
		4C6F96EF14AF70DC00F8389A /* MWPhotoBrowser.bundle */ = {isa = PBXFileReference; lastKnownFileType = "wrapper.plug-in"; path = MWPhotoBrowser.bundle; sourceTree = SOURCE_ROOT; };
		4C6F96F414AF710800F8389A /* MBProgressHUD.h */ = {isa = PBXFileReference; fileEncoding = 4; lastKnownFileType = sourcecode.c.h; name = MBProgressHUD.h; path = Libraries/MBProgressHUD/MBProgressHUD.h; sourceTree = SOURCE_ROOT; };
		4C6F96F514AF710800F8389A /* MBProgressHUD.m */ = {isa = PBXFileReference; fileEncoding = 4; lastKnownFileType = sourcecode.c.objc; name = MBProgressHUD.m; path = Libraries/MBProgressHUD/MBProgressHUD.m; sourceTree = SOURCE_ROOT; };
		4C6F97C614AF74E200F8389A /* MessageUI.framework */ = {isa = PBXFileReference; lastKnownFileType = wrapper.framework; name = MessageUI.framework; path = System/Library/Frameworks/MessageUI.framework; sourceTree = SDKROOT; };
		4CB08BA214B1F38700730E9F /* MWPhotoProtocol.h */ = {isa = PBXFileReference; fileEncoding = 4; lastKnownFileType = sourcecode.c.h; name = MWPhotoProtocol.h; path = Classes/MWPhotoProtocol.h; sourceTree = SOURCE_ROOT; };
/* End PBXFileReference section */

/* Begin PBXFrameworksBuildPhase section */
		4C6F96C114AF704100F8389A /* Frameworks */ = {
			isa = PBXFrameworksBuildPhase;
			buildActionMask = 2147483647;
			files = (
				0E3CF61A18CF321F000EC5F2 /* MapKit.framework in Frameworks */,
				0E8515CA17FCB05B00FE1EF3 /* AssetsLibrary.framework in Frameworks */,
				0E8515C417FC780500FE1EF3 /* QuartzCore.framework in Frameworks */,
				0EA380331573EA4B003F4582 /* ImageIO.framework in Frameworks */,
				4C6F97C714AF74E200F8389A /* MessageUI.framework in Frameworks */,
				4C6F96C814AF704100F8389A /* Foundation.framework in Frameworks */,
			);
			runOnlyForDeploymentPostprocessing = 0;
		};
/* End PBXFrameworksBuildPhase section */

/* Begin PBXGroup section */
		0E3D589B180474330000E3A0 /* PSTCollectionView (1.2) */ = {
			isa = PBXGroup;
			children = (
				0E3D589C180474330000E3A0 /* NSIndexPath+PSTCollectionViewAdditions.h */,
				0E3D589D180474330000E3A0 /* NSIndexPath+PSTCollectionViewAdditions.m */,
				0E3D589E180474330000E3A0 /* PSTCollectionView.h */,
				0E3D589F180474330000E3A0 /* PSTCollectionView.m */,
				0E3D58A0180474330000E3A0 /* PSTCollectionViewCell.h */,
				0E3D58A1180474330000E3A0 /* PSTCollectionViewCell.m */,
				0E3D58A2180474330000E3A0 /* PSTCollectionViewCommon.h */,
				0E3D58A3180474330000E3A0 /* PSTCollectionViewController.h */,
				0E3D58A4180474330000E3A0 /* PSTCollectionViewController.m */,
				0E3D58A5180474330000E3A0 /* PSTCollectionViewData.h */,
				0E3D58A6180474330000E3A0 /* PSTCollectionViewData.m */,
				0E3D58A7180474330000E3A0 /* PSTCollectionViewFlowLayout.h */,
				0E3D58A8180474330000E3A0 /* PSTCollectionViewFlowLayout.m */,
				0E3D58A9180474330000E3A0 /* PSTCollectionViewItemKey.h */,
				0E3D58AA180474330000E3A0 /* PSTCollectionViewItemKey.m */,
				0E3D58AB180474330000E3A0 /* PSTCollectionViewLayout+Internals.h */,
				0E3D58AC180474330000E3A0 /* PSTCollectionViewLayout.h */,
				0E3D58AD180474330000E3A0 /* PSTCollectionViewLayout.m */,
				0E3D58AE180474330000E3A0 /* PSTCollectionViewUpdateItem.h */,
				0E3D58AF180474330000E3A0 /* PSTCollectionViewUpdateItem.m */,
				0E3D58B0180474330000E3A0 /* PSTGridLayoutInfo.h */,
				0E3D58B1180474330000E3A0 /* PSTGridLayoutInfo.m */,
				0E3D58B2180474330000E3A0 /* PSTGridLayoutItem.h */,
				0E3D58B3180474330000E3A0 /* PSTGridLayoutItem.m */,
				0E3D58B4180474330000E3A0 /* PSTGridLayoutRow.h */,
				0E3D58B5180474330000E3A0 /* PSTGridLayoutRow.m */,
				0E3D58B6180474330000E3A0 /* PSTGridLayoutSection.h */,
				0E3D58B7180474330000E3A0 /* PSTGridLayoutSection.m */,
			);
			name = "PSTCollectionView (1.2)";
			path = Libraries/PSTCollectionView;
			sourceTree = SOURCE_ROOT;
		};
		0E8515BE17FC77D200FE1EF3 /* DACircularProgress (675f395) */ = {
			isa = PBXGroup;
			children = (
				0E8515BF17FC77D200FE1EF3 /* DACircularProgressView.h */,
				0E8515C017FC77D200FE1EF3 /* DACircularProgressView.m */,
			);
			name = "DACircularProgress (675f395)";
			path = Libraries/DACircularProgress;
			sourceTree = SOURCE_ROOT;
		};
		4C6F96B914AF704100F8389A = {
			isa = PBXGroup;
			children = (
				4C6F96C914AF704100F8389A /* MWPhotoBrowser */,
				4C6F97E114AF7CCE00F8389A /* Supporting Files */,
				4C6F96C614AF704100F8389A /* Frameworks */,
				4C6F96C514AF704100F8389A /* Products */,
			);
			sourceTree = "<group>";
		};
		4C6F96C514AF704100F8389A /* Products */ = {
			isa = PBXGroup;
			children = (
				4C6F96C414AF704100F8389A /* libMWPhotoBrowser.a */,
			);
			name = Products;
			sourceTree = "<group>";
		};
		4C6F96C614AF704100F8389A /* Frameworks */ = {
			isa = PBXGroup;
			children = (
				0E3CF61918CF321F000EC5F2 /* MapKit.framework */,
				0E8515C917FCB05B00FE1EF3 /* AssetsLibrary.framework */,
				0E8515C317FC780500FE1EF3 /* QuartzCore.framework */,
				0EA380321573EA4B003F4582 /* ImageIO.framework */,
				4C6F97C614AF74E200F8389A /* MessageUI.framework */,
				4C6F96C714AF704100F8389A /* Foundation.framework */,
			);
			name = Frameworks;
			sourceTree = "<group>";
		};
		4C6F96C914AF704100F8389A /* MWPhotoBrowser */ = {
			isa = PBXGroup;
			children = (
				0EFEA24B17FB08B400E451B6 /* MWCommon.h */,
				4C6F96DA14AF70BD00F8389A /* MWPhotoBrowser.h */,
				0E3D58D818047D0B0000E3A0 /* MWPhotoBrowserPrivate.h */,
				4C6F96DB14AF70BD00F8389A /* MWPhotoBrowser.m */,
				0E3D5897180467550000E3A0 /* MWGridViewController.h */,
				0E3D5898180467550000E3A0 /* MWGridViewController.m */,
				4C6F96D814AF70BD00F8389A /* MWPhoto.h */,
				4C6F96D914AF70BD00F8389A /* MWPhoto.m */,
				4CB08BA214B1F38700730E9F /* MWPhotoProtocol.h */,
				4C6F96D614AF70BD00F8389A /* MWCaptionView.h */,
				4C6F96D714AF70BD00F8389A /* MWCaptionView.m */,
				4C6F96EF14AF70DC00F8389A /* MWPhotoBrowser.bundle */,
				4C6F96EE14AF70BF00F8389A /* Other */,
				4C6F96F014AF70E800F8389A /* Libraries */,
			);
			path = MWPhotoBrowser;
			sourceTree = "<group>";
		};
		4C6F96EE14AF70BF00F8389A /* Other */ = {
			isa = PBXGroup;
			children = (
				0E3D58D418047B600000E3A0 /* MWGridCell.h */,
				0E3D58D518047B600000E3A0 /* MWGridCell.m */,
				4C6F96E014AF70BD00F8389A /* MWZoomingScrollView.h */,
				4C6F96E114AF70BD00F8389A /* MWZoomingScrollView.m */,
				4C6F96DC14AF70BD00F8389A /* MWTapDetectingImageView.h */,
				4C6F96DD14AF70BD00F8389A /* MWTapDetectingImageView.m */,
				4C6F96DE14AF70BD00F8389A /* MWTapDetectingView.h */,
				4C6F96DF14AF70BD00F8389A /* MWTapDetectingView.m */,
			);
			name = Other;
			sourceTree = "<group>";
		};
		4C6F96F014AF70E800F8389A /* Libraries */ = {
			isa = PBXGroup;
			children = (
				0E3D589B180474330000E3A0 /* PSTCollectionView (1.2) */,
				0E8515BE17FC77D200FE1EF3 /* DACircularProgress (675f395) */,
				4C6F96F214AF70FA00F8389A /* MBProgressHUD (0.8) */,
				4C6F96F114AF70F500F8389A /* SDWebImage (3.7.1) */,
			);
			name = Libraries;
			sourceTree = "<group>";
		};
		4C6F96F114AF70F500F8389A /* SDWebImage (3.7.1) */ = {
			isa = PBXGroup;
			children = (
				0EF66C6119CC8E0000BC267E /* UIImageView+HighlightedWebCache.h */,
				0EF66C6219CC8E0000BC267E /* UIImageView+HighlightedWebCache.m */,
				0EF66C6319CC8E0000BC267E /* UIView+WebCacheOperation.h */,
				0EF66C6419CC8E0000BC267E /* UIView+WebCacheOperation.m */,
				0E17D74917FAEADE0094ABF6 /* SDImageCache.h */,
				0E17D74A17FAEADE0094ABF6 /* SDImageCache.m */,
				0E17D74B17FAEADE0094ABF6 /* SDWebImageCompat.h */,
				0E17D74C17FAEADE0094ABF6 /* SDWebImageCompat.m */,
				0E17D74D17FAEADE0094ABF6 /* SDWebImageDecoder.h */,
				0E17D74E17FAEADE0094ABF6 /* SDWebImageDecoder.m */,
				0E17D74F17FAEADE0094ABF6 /* SDWebImageDownloader.h */,
				0E17D75017FAEADE0094ABF6 /* SDWebImageDownloader.m */,
				0E17D75117FAEADE0094ABF6 /* SDWebImageDownloaderOperation.h */,
				0E17D75217FAEADE0094ABF6 /* SDWebImageDownloaderOperation.m */,
				0E17D75317FAEADE0094ABF6 /* SDWebImageManager.h */,
				0E17D75417FAEADE0094ABF6 /* SDWebImageManager.m */,
				0E17D75517FAEADE0094ABF6 /* SDWebImageOperation.h */,
				0E17D75617FAEADE0094ABF6 /* SDWebImagePrefetcher.h */,
				0E17D75717FAEADE0094ABF6 /* SDWebImagePrefetcher.m */,
				0E17D75817FAEADE0094ABF6 /* UIButton+WebCache.h */,
				0E17D75917FAEADE0094ABF6 /* UIButton+WebCache.m */,
				0E17D75A17FAEADE0094ABF6 /* UIImage+GIF.h */,
				0E17D75B17FAEADE0094ABF6 /* UIImage+GIF.m */,
				0E17D75C17FAEADE0094ABF6 /* UIImage+MultiFormat.h */,
				0E17D75D17FAEADE0094ABF6 /* UIImage+MultiFormat.m */,
				0E17D75E17FAEADE0094ABF6 /* UIImage+WebP.h */,
				0E17D75F17FAEADE0094ABF6 /* UIImage+WebP.m */,
				0E17D76017FAEADE0094ABF6 /* UIImageView+WebCache.h */,
				0E17D76117FAEADE0094ABF6 /* UIImageView+WebCache.m */,
				2615E44918CD57C700447857 /* NSData+ImageContentType.h */,
				2615E44A18CD57C700447857 /* NSData+ImageContentType.m */,
				2615E44D18CD57E500447857 /* MKAnnotationView+WebCache.h */,
				2615E44E18CD57E500447857 /* MKAnnotationView+WebCache.m */,
			);
			name = "SDWebImage (3.7.1)";
			sourceTree = "<group>";
		};
		4C6F96F214AF70FA00F8389A /* MBProgressHUD (0.8) */ = {
			isa = PBXGroup;
			children = (
				4C6F96F414AF710800F8389A /* MBProgressHUD.h */,
				4C6F96F514AF710800F8389A /* MBProgressHUD.m */,
			);
			name = "MBProgressHUD (0.8)";
			sourceTree = "<group>";
		};
		4C6F97E114AF7CCE00F8389A /* Supporting Files */ = {
			isa = PBXGroup;
			children = (
				4C6F96CB14AF704100F8389A /* MWPhotoBrowser-Prefix.pch */,
			);
			name = "Supporting Files";
			path = MWPhotoBrowser;
			sourceTree = "<group>";
		};
/* End PBXGroup section */

/* Begin PBXHeadersBuildPhase section */
		4C6F96C214AF704100F8389A /* Headers */ = {
			isa = PBXHeadersBuildPhase;
			buildActionMask = 2147483647;
			files = (
				0E8515C117FC77D200FE1EF3 /* DACircularProgressView.h in Headers */,
				0E3D58BF180474330000E3A0 /* PSTCollectionViewController.h in Headers */,
				0E17D76817FAEADE0094ABF6 /* SDWebImageCompat.h in Headers */,
				0EF66C6519CC8E0000BC267E /* UIImageView+HighlightedWebCache.h in Headers */,
				0E3D58C7180474330000E3A0 /* PSTCollectionViewLayout+Internals.h in Headers */,
				0E17D77B17FAEADE0094ABF6 /* UIImage+WebP.h in Headers */,
				0E17D77217FAEADE0094ABF6 /* SDWebImageOperation.h in Headers */,
				4C6F96E214AF70BD00F8389A /* MWCaptionView.h in Headers */,
				0E3D58C3180474330000E3A0 /* PSTCollectionViewFlowLayout.h in Headers */,
				0E3D58B8180474330000E3A0 /* NSIndexPath+PSTCollectionViewAdditions.h in Headers */,
				0E3D58C8180474330000E3A0 /* PSTCollectionViewLayout.h in Headers */,
				0E3D58BE180474330000E3A0 /* PSTCollectionViewCommon.h in Headers */,
				0E3D58D0180474330000E3A0 /* PSTGridLayoutRow.h in Headers */,
				4C6F96E414AF70BD00F8389A /* MWPhoto.h in Headers */,
				4C6F96E614AF70BD00F8389A /* MWPhotoBrowser.h in Headers */,
				0E3D58CC180474330000E3A0 /* PSTGridLayoutInfo.h in Headers */,
				2615E44F18CD57E500447857 /* MKAnnotationView+WebCache.h in Headers */,
				0E17D76A17FAEADE0094ABF6 /* SDWebImageDecoder.h in Headers */,
				0E17D77917FAEADE0094ABF6 /* UIImage+MultiFormat.h in Headers */,
				0E17D76E17FAEADE0094ABF6 /* SDWebImageDownloaderOperation.h in Headers */,
				0E3D58C1180474330000E3A0 /* PSTCollectionViewData.h in Headers */,
				0E3D5899180467550000E3A0 /* MWGridViewController.h in Headers */,
				0E3D58BA180474330000E3A0 /* PSTCollectionView.h in Headers */,
				4C6F96E814AF70BD00F8389A /* MWTapDetectingImageView.h in Headers */,
				0E17D77D17FAEADE0094ABF6 /* UIImageView+WebCache.h in Headers */,
				0E3D58C5180474330000E3A0 /* PSTCollectionViewItemKey.h in Headers */,
				4C6F96EA14AF70BD00F8389A /* MWTapDetectingView.h in Headers */,
				0E3D58CE180474330000E3A0 /* PSTGridLayoutItem.h in Headers */,
				4C6F96EC14AF70BD00F8389A /* MWZoomingScrollView.h in Headers */,
				0E3D58D618047B600000E3A0 /* MWGridCell.h in Headers */,
				4C6F96F614AF710800F8389A /* MBProgressHUD.h in Headers */,
				0E3D58BC180474330000E3A0 /* PSTCollectionViewCell.h in Headers */,
				0E3D58CA180474330000E3A0 /* PSTCollectionViewUpdateItem.h in Headers */,
				4CB08BA314B1F38700730E9F /* MWPhotoProtocol.h in Headers */,
				0E17D77717FAEADE0094ABF6 /* UIImage+GIF.h in Headers */,
				0EFEA24D17FB08B400E451B6 /* MWCommon.h in Headers */,
				0EF66C6719CC8E0000BC267E /* UIView+WebCacheOperation.h in Headers */,
				0E17D77017FAEADE0094ABF6 /* SDWebImageManager.h in Headers */,
				0E3D58DA18047D0B0000E3A0 /* MWPhotoBrowserPrivate.h in Headers */,
				0E17D77317FAEADE0094ABF6 /* SDWebImagePrefetcher.h in Headers */,
				0E3D58D2180474330000E3A0 /* PSTGridLayoutSection.h in Headers */,
				0E17D76C17FAEADE0094ABF6 /* SDWebImageDownloader.h in Headers */,
				2615E44B18CD57C700447857 /* NSData+ImageContentType.h in Headers */,
				0E17D77517FAEADE0094ABF6 /* UIButton+WebCache.h in Headers */,
				0E17D76617FAEADE0094ABF6 /* SDImageCache.h in Headers */,
			);
			runOnlyForDeploymentPostprocessing = 0;
		};
/* End PBXHeadersBuildPhase section */

/* Begin PBXNativeTarget section */
		4C6F96C314AF704100F8389A /* MWPhotoBrowser */ = {
			isa = PBXNativeTarget;
			buildConfigurationList = 4C6F96D114AF704100F8389A /* Build configuration list for PBXNativeTarget "MWPhotoBrowser" */;
			buildPhases = (
				4C6F96C014AF704100F8389A /* Sources */,
				4C6F96C114AF704100F8389A /* Frameworks */,
				4C6F96C214AF704100F8389A /* Headers */,
			);
			buildRules = (
			);
			dependencies = (
			);
			name = MWPhotoBrowser;
			productName = MWPhotoBrowser;
			productReference = 4C6F96C414AF704100F8389A /* libMWPhotoBrowser.a */;
			productType = "com.apple.product-type.library.static";
		};
/* End PBXNativeTarget section */

/* Begin PBXProject section */
		4C6F96BB14AF704100F8389A /* Project object */ = {
			isa = PBXProject;
			attributes = {
				LastUpgradeCheck = 0600;
			};
			buildConfigurationList = 4C6F96BE14AF704100F8389A /* Build configuration list for PBXProject "MWPhotoBrowser" */;
			compatibilityVersion = "Xcode 3.2";
			developmentRegion = English;
			hasScannedForEncodings = 0;
			knownRegions = (
				en,
			);
			mainGroup = 4C6F96B914AF704100F8389A;
			productRefGroup = 4C6F96C514AF704100F8389A /* Products */;
			projectDirPath = "";
			projectRoot = "";
			targets = (
				4C6F96C314AF704100F8389A /* MWPhotoBrowser */,
			);
		};
/* End PBXProject section */

/* Begin PBXSourcesBuildPhase section */
		4C6F96C014AF704100F8389A /* Sources */ = {
			isa = PBXSourcesBuildPhase;
			buildActionMask = 2147483647;
			files = (
				0E3D58C0180474330000E3A0 /* PSTCollectionViewController.m in Sources */,
				0E3D589A180467550000E3A0 /* MWGridViewController.m in Sources */,
				0E17D77817FAEADE0094ABF6 /* UIImage+GIF.m in Sources */,
				0E17D76917FAEADE0094ABF6 /* SDWebImageCompat.m in Sources */,
				0E17D77617FAEADE0094ABF6 /* UIButton+WebCache.m in Sources */,
				0E3D58BB180474330000E3A0 /* PSTCollectionView.m in Sources */,
				0E17D77A17FAEADE0094ABF6 /* UIImage+MultiFormat.m in Sources */,
				0E3D58B9180474330000E3A0 /* NSIndexPath+PSTCollectionViewAdditions.m in Sources */,
				0E17D77417FAEADE0094ABF6 /* SDWebImagePrefetcher.m in Sources */,
				0E3D58C6180474330000E3A0 /* PSTCollectionViewItemKey.m in Sources */,
				4C6F96E314AF70BD00F8389A /* MWCaptionView.m in Sources */,
				0E3D58D3180474330000E3A0 /* PSTGridLayoutSection.m in Sources */,
				0EF66C6819CC8E0000BC267E /* UIView+WebCacheOperation.m in Sources */,
				0EF66C6619CC8E0000BC267E /* UIImageView+HighlightedWebCache.m in Sources */,
				0E17D77C17FAEADE0094ABF6 /* UIImage+WebP.m in Sources */,
				4C6F96E514AF70BD00F8389A /* MWPhoto.m in Sources */,
				0E17D76F17FAEADE0094ABF6 /* SDWebImageDownloaderOperation.m in Sources */,
				2615E45018CD57E500447857 /* MKAnnotationView+WebCache.m in Sources */,
				0E17D76B17FAEADE0094ABF6 /* SDWebImageDecoder.m in Sources */,
				0E17D77E17FAEADE0094ABF6 /* UIImageView+WebCache.m in Sources */,
				4C6F96E714AF70BD00F8389A /* MWPhotoBrowser.m in Sources */,
				0E3D58CF180474330000E3A0 /* PSTGridLayoutItem.m in Sources */,
				0E17D76D17FAEADE0094ABF6 /* SDWebImageDownloader.m in Sources */,
				0E3D58D718047B600000E3A0 /* MWGridCell.m in Sources */,
				0E3D58D1180474330000E3A0 /* PSTGridLayoutRow.m in Sources */,
				4C6F96E914AF70BD00F8389A /* MWTapDetectingImageView.m in Sources */,
				0E3D58C9180474330000E3A0 /* PSTCollectionViewLayout.m in Sources */,
				0E3D58CD180474330000E3A0 /* PSTGridLayoutInfo.m in Sources */,
				4C6F96EB14AF70BD00F8389A /* MWTapDetectingView.m in Sources */,
				0E3D58C2180474330000E3A0 /* PSTCollectionViewData.m in Sources */,
				4C6F96ED14AF70BD00F8389A /* MWZoomingScrollView.m in Sources */,
				0E3D58CB180474330000E3A0 /* PSTCollectionViewUpdateItem.m in Sources */,
				0E17D77117FAEADE0094ABF6 /* SDWebImageManager.m in Sources */,
				4C6F96F714AF710800F8389A /* MBProgressHUD.m in Sources */,
				0E3D58C4180474330000E3A0 /* PSTCollectionViewFlowLayout.m in Sources */,
				2615E44C18CD57C700447857 /* NSData+ImageContentType.m in Sources */,
				0E3D58BD180474330000E3A0 /* PSTCollectionViewCell.m in Sources */,
				0E8515C217FC77D200FE1EF3 /* DACircularProgressView.m in Sources */,
				0E17D76717FAEADE0094ABF6 /* SDImageCache.m in Sources */,
			);
			runOnlyForDeploymentPostprocessing = 0;
		};
/* End PBXSourcesBuildPhase section */

/* Begin XCBuildConfiguration section */
		4C4FB12A14AF8A78000A5F46 /* Distribution */ = {
			isa = XCBuildConfiguration;
			buildSettings = {
				ALWAYS_SEARCH_USER_PATHS = NO;
				CLANG_WARN_BOOL_CONVERSION = YES;
				CLANG_WARN_CONSTANT_CONVERSION = YES;
				CLANG_WARN_EMPTY_BODY = YES;
				CLANG_WARN_ENUM_CONVERSION = YES;
				CLANG_WARN_INT_CONVERSION = YES;
				CLANG_WARN_UNREACHABLE_CODE = YES;
				CLANG_WARN__DUPLICATE_METHOD_MATCH = YES;
				COPY_PHASE_STRIP = YES;
				ENABLE_STRICT_OBJC_MSGSEND = YES;
				GCC_C_LANGUAGE_STANDARD = gnu99;
				GCC_VERSION = com.apple.compilers.llvm.clang.1_0;
				GCC_WARN_64_TO_32_BIT_CONVERSION = YES;
				GCC_WARN_ABOUT_MISSING_PROTOTYPES = YES;
				GCC_WARN_ABOUT_RETURN_TYPE = YES;
				GCC_WARN_UNDECLARED_SELECTOR = YES;
				GCC_WARN_UNINITIALIZED_AUTOS = YES;
				GCC_WARN_UNUSED_FUNCTION = YES;
				GCC_WARN_UNUSED_VARIABLE = YES;
				IPHONEOS_DEPLOYMENT_TARGET = 5.1.1;
				SDKROOT = iphoneos;
				VALIDATE_PRODUCT = YES;
			};
			name = Distribution;
		};
		4C4FB12B14AF8A78000A5F46 /* Distribution */ = {
			isa = XCBuildConfiguration;
			buildSettings = {
				CLANG_ENABLE_OBJC_ARC = YES;
				DSTROOT = /tmp/MWPhotoBrowser.dst;
				GCC_PRECOMPILE_PREFIX_HEADER = YES;
				GCC_PREFIX_HEADER = "MWPhotoBrowser-Prefix.pch";
				PRODUCT_NAME = "$(TARGET_NAME)";
				SKIP_INSTALL = YES;
			};
			name = Distribution;
		};
		4C6F96CF14AF704100F8389A /* Debug */ = {
			isa = XCBuildConfiguration;
			buildSettings = {
				ALWAYS_SEARCH_USER_PATHS = NO;
				CLANG_WARN_BOOL_CONVERSION = YES;
				CLANG_WARN_CONSTANT_CONVERSION = YES;
				CLANG_WARN_EMPTY_BODY = YES;
				CLANG_WARN_ENUM_CONVERSION = YES;
				CLANG_WARN_INT_CONVERSION = YES;
				CLANG_WARN_UNREACHABLE_CODE = YES;
				CLANG_WARN__DUPLICATE_METHOD_MATCH = YES;
				COPY_PHASE_STRIP = NO;
				ENABLE_STRICT_OBJC_MSGSEND = YES;
				GCC_C_LANGUAGE_STANDARD = gnu99;
				GCC_DYNAMIC_NO_PIC = NO;
				GCC_OPTIMIZATION_LEVEL = 0;
				GCC_PREPROCESSOR_DEFINITIONS = (
					"DEBUG=1",
					"$(inherited)",
				);
				GCC_SYMBOLS_PRIVATE_EXTERN = NO;
				GCC_VERSION = com.apple.compilers.llvm.clang.1_0;
				GCC_WARN_64_TO_32_BIT_CONVERSION = YES;
				GCC_WARN_ABOUT_MISSING_PROTOTYPES = YES;
				GCC_WARN_ABOUT_RETURN_TYPE = YES;
				GCC_WARN_UNDECLARED_SELECTOR = YES;
				GCC_WARN_UNINITIALIZED_AUTOS = YES;
				GCC_WARN_UNUSED_FUNCTION = YES;
				GCC_WARN_UNUSED_VARIABLE = YES;
				IPHONEOS_DEPLOYMENT_TARGET = 5.1.1;
				ONLY_ACTIVE_ARCH = YES;
				SDKROOT = iphoneos;
			};
			name = Debug;
		};
		4C6F96D014AF704100F8389A /* Release */ = {
			isa = XCBuildConfiguration;
			buildSettings = {
				ALWAYS_SEARCH_USER_PATHS = NO;
				CLANG_WARN_BOOL_CONVERSION = YES;
				CLANG_WARN_CONSTANT_CONVERSION = YES;
				CLANG_WARN_EMPTY_BODY = YES;
				CLANG_WARN_ENUM_CONVERSION = YES;
				CLANG_WARN_INT_CONVERSION = YES;
				CLANG_WARN_UNREACHABLE_CODE = YES;
				CLANG_WARN__DUPLICATE_METHOD_MATCH = YES;
				COPY_PHASE_STRIP = YES;
				ENABLE_STRICT_OBJC_MSGSEND = YES;
				GCC_C_LANGUAGE_STANDARD = gnu99;
				GCC_VERSION = com.apple.compilers.llvm.clang.1_0;
				GCC_WARN_64_TO_32_BIT_CONVERSION = YES;
				GCC_WARN_ABOUT_MISSING_PROTOTYPES = YES;
				GCC_WARN_ABOUT_RETURN_TYPE = YES;
				GCC_WARN_UNDECLARED_SELECTOR = YES;
				GCC_WARN_UNINITIALIZED_AUTOS = YES;
				GCC_WARN_UNUSED_FUNCTION = YES;
				GCC_WARN_UNUSED_VARIABLE = YES;
				IPHONEOS_DEPLOYMENT_TARGET = 5.1.1;
				SDKROOT = iphoneos;
				VALIDATE_PRODUCT = YES;
			};
			name = Release;
		};
		4C6F96D214AF704100F8389A /* Debug */ = {
			isa = XCBuildConfiguration;
			buildSettings = {
				CLANG_ENABLE_OBJC_ARC = YES;
				DSTROOT = /tmp/MWPhotoBrowser.dst;
				GCC_PRECOMPILE_PREFIX_HEADER = YES;
				GCC_PREFIX_HEADER = "MWPhotoBrowser-Prefix.pch";
				PRODUCT_NAME = "$(TARGET_NAME)";
				SKIP_INSTALL = YES;
			};
			name = Debug;
		};
		4C6F96D314AF704100F8389A /* Release */ = {
			isa = XCBuildConfiguration;
			buildSettings = {
				CLANG_ENABLE_OBJC_ARC = YES;
				DSTROOT = /tmp/MWPhotoBrowser.dst;
				GCC_PRECOMPILE_PREFIX_HEADER = YES;
				GCC_PREFIX_HEADER = "MWPhotoBrowser-Prefix.pch";
				PRODUCT_NAME = "$(TARGET_NAME)";
				SKIP_INSTALL = YES;
			};
			name = Release;
		};
/* End XCBuildConfiguration section */

/* Begin XCConfigurationList section */
		4C6F96BE14AF704100F8389A /* Build configuration list for PBXProject "MWPhotoBrowser" */ = {
			isa = XCConfigurationList;
			buildConfigurations = (
				4C6F96CF14AF704100F8389A /* Debug */,
				4C6F96D014AF704100F8389A /* Release */,
				4C4FB12A14AF8A78000A5F46 /* Distribution */,
			);
			defaultConfigurationIsVisible = 0;
			defaultConfigurationName = Release;
		};
		4C6F96D114AF704100F8389A /* Build configuration list for PBXNativeTarget "MWPhotoBrowser" */ = {
			isa = XCConfigurationList;
			buildConfigurations = (
				4C6F96D214AF704100F8389A /* Debug */,
				4C6F96D314AF704100F8389A /* Release */,
				4C4FB12B14AF8A78000A5F46 /* Distribution */,
			);
			defaultConfigurationIsVisible = 0;
			defaultConfigurationName = Release;
		};
/* End XCConfigurationList section */
	};
	rootObject = 4C6F96BB14AF704100F8389A /* Project object */;
}
