// !$*UTF8*$!
{
	archiveVersion = 1;
	classes = {
	};
	objectVersion = 46;
	objects = {

/* Begin PBXBuildFile section */
		1D3623260D0F684500981E51 /* MWPhotoBrowserAppDelegate.m in Sources */ = {isa = PBXBuildFile; fileRef = 1D3623250D0F684500981E51 /* MWPhotoBrowserAppDelegate.m */; };
		1D60589B0D05DD56006BFB54 /* main.m in Sources */ = {isa = PBXBuildFile; fileRef = 29B97316FDCFA39411CA2CEA /* main.m */; };
		1D60589F0D05DD5A006BFB54 /* Foundation.framework in Frameworks */ = {isa = PBXBuildFile; fileRef = 1D30AB110D05D00D00671497 /* Foundation.framework */; };
		1DF5F4E00D08C38300B7A737 /* UIKit.framework in Frameworks */ = {isa = PBXBuildFile; fileRef = 1DF5F4DF0D08C38300B7A737 /* UIKit.framework */; };
		288765A50DF7441C002DB57D /* CoreGraphics.framework in Frameworks */ = {isa = PBXBuildFile; fileRef = 288765A40DF7441C002DB57D /* CoreGraphics.framework */; };
		28AD733F0D9D9553002E5188 /* MainWindow.xib in Resources */ = {isa = PBXBuildFile; fileRef = 28AD733E0D9D9553002E5188 /* MainWindow.xib */; };
		28D7ACF80DDB3853001CB0EB /* MWPhotoBrowser.m in Sources */ = {isa = PBXBuildFile; fileRef = 28D7ACF70DDB3853001CB0EB /* MWPhotoBrowser.m */; };
		4C15BF5214AE300F004F9CA6 /* MWCaptionView.m in Sources */ = {isa = PBXBuildFile; fileRef = 4C15BF5114AE300F004F9CA6 /* MWCaptionView.m */; };
		4C15BF5814AE5358004F9CA6 /* MessageUI.framework in Frameworks */ = {isa = PBXBuildFile; fileRef = 4C15BF5714AE5358004F9CA6 /* MessageUI.framework */; };
		4C48EFD2126F90B100F85546 /* MWTapDetectingView.m in Sources */ = {isa = PBXBuildFile; fileRef = 4C48EFD1126F90B100F85546 /* MWTapDetectingView.m */; };
		4C667B2D1270AFCE0008B630 /* Menu.m in Sources */ = {isa = PBXBuildFile; fileRef = 4C667B2C1270AFCE0008B630 /* Menu.m */; };
		4C75D46F126B659A004D0ECF /* MWPhoto.m in Sources */ = {isa = PBXBuildFile; fileRef = 4C75D46E126B659A004D0ECF /* MWPhoto.m */; };
		4CA3552D14AF0816009D09B3 /* SDImageCache.m in Sources */ = {isa = PBXBuildFile; fileRef = 4CA3551C14AF0816009D09B3 /* SDImageCache.m */; };
		4CA3552E14AF0816009D09B3 /* SDWebImageDecoder.m in Sources */ = {isa = PBXBuildFile; fileRef = 4CA3552014AF0816009D09B3 /* SDWebImageDecoder.m */; };
		4CA3552F14AF0816009D09B3 /* SDWebImageDownloader.m in Sources */ = {isa = PBXBuildFile; fileRef = 4CA3552214AF0816009D09B3 /* SDWebImageDownloader.m */; };
		4CA3553014AF0816009D09B3 /* SDWebImageManager.m in Sources */ = {isa = PBXBuildFile; fileRef = 4CA3552514AF0816009D09B3 /* SDWebImageManager.m */; };
		4CA3553114AF0816009D09B3 /* SDWebImagePrefetcher.m in Sources */ = {isa = PBXBuildFile; fileRef = 4CA3552814AF0816009D09B3 /* SDWebImagePrefetcher.m */; };
		4CA3553214AF0816009D09B3 /* UIButton+WebCache.m in Sources */ = {isa = PBXBuildFile; fileRef = 4CA3552A14AF0816009D09B3 /* UIButton+WebCache.m */; };
		4CA3553314AF0816009D09B3 /* UIImageView+WebCache.m in Sources */ = {isa = PBXBuildFile; fileRef = 4CA3552C14AF0816009D09B3 /* UIImageView+WebCache.m */; };
		4CA3553814AF0833009D09B3 /* MBCheckmark.png in Resources */ = {isa = PBXBuildFile; fileRef = 4CA3553514AF0833009D09B3 /* MBCheckmark.png */; };
		4CA3553914AF0833009D09B3 /* MBProgressHUD.m in Sources */ = {isa = PBXBuildFile; fileRef = 4CA3553714AF0833009D09B3 /* MBProgressHUD.m */; };
		4CA3555314AF08A5009D09B3 /* MainWindow-iPad.xib in Resources */ = {isa = PBXBuildFile; fileRef = 4CA3555214AF08A5009D09B3 /* MainWindow-iPad.xib */; };
		4CA3555714AF2343009D09B3 /* MWPhotoBrowser.bundle in Resources */ = {isa = PBXBuildFile; fileRef = 4CA3555614AF2343009D09B3 /* MWPhotoBrowser.bundle */; };
		4CA3556014AF2371009D09B3 /* photo1l.jpg in Resources */ = {isa = PBXBuildFile; fileRef = 4CA3555814AF2371009D09B3 /* photo1l.jpg */; };
		4CA3556114AF2371009D09B3 /* photo1m.jpg in Resources */ = {isa = PBXBuildFile; fileRef = 4CA3555914AF2371009D09B3 /* photo1m.jpg */; };
		4CA3556214AF2371009D09B3 /* photo2l.jpg in Resources */ = {isa = PBXBuildFile; fileRef = 4CA3555A14AF2371009D09B3 /* photo2l.jpg */; };
		4CA3556314AF2371009D09B3 /* photo2m.jpg in Resources */ = {isa = PBXBuildFile; fileRef = 4CA3555B14AF2371009D09B3 /* photo2m.jpg */; };
		4CA3556414AF2371009D09B3 /* photo3l.jpg in Resources */ = {isa = PBXBuildFile; fileRef = 4CA3555C14AF2371009D09B3 /* photo3l.jpg */; };
		4CA3556514AF2371009D09B3 /* photo3m.jpg in Resources */ = {isa = PBXBuildFile; fileRef = 4CA3555D14AF2371009D09B3 /* photo3m.jpg */; };
		4CA3556614AF2371009D09B3 /* photo4l.jpg in Resources */ = {isa = PBXBuildFile; fileRef = 4CA3555E14AF2371009D09B3 /* photo4l.jpg */; };
		4CA3556714AF2371009D09B3 /* photo4m.jpg in Resources */ = {isa = PBXBuildFile; fileRef = 4CA3555F14AF2371009D09B3 /* photo4m.jpg */; };
		4CC82BE61266804500C05633 /* MWZoomingScrollView.m in Sources */ = {isa = PBXBuildFile; fileRef = 4CC82BE51266804500C05633 /* MWZoomingScrollView.m */; };
		4CFB783E126A29BE00E5F263 /* MWTapDetectingImageView.m in Sources */ = {isa = PBXBuildFile; fileRef = 4CFB783D126A29BE00E5F263 /* MWTapDetectingImageView.m */; };
/* End PBXBuildFile section */

/* Begin PBXFileReference section */
		1D30AB110D05D00D00671497 /* Foundation.framework */ = {isa = PBXFileReference; lastKnownFileType = wrapper.framework; name = Foundation.framework; path = System/Library/Frameworks/Foundation.framework; sourceTree = SDKROOT; };
		1D3623240D0F684500981E51 /* MWPhotoBrowserAppDelegate.h */ = {isa = PBXFileReference; fileEncoding = 4; lastKnownFileType = sourcecode.c.h; path = MWPhotoBrowserAppDelegate.h; sourceTree = "<group>"; };
		1D3623250D0F684500981E51 /* MWPhotoBrowserAppDelegate.m */ = {isa = PBXFileReference; fileEncoding = 4; lastKnownFileType = sourcecode.c.objc; path = MWPhotoBrowserAppDelegate.m; sourceTree = "<group>"; };
		1D6058910D05DD3D006BFB54 /* MWPhotoBrowser.app */ = {isa = PBXFileReference; explicitFileType = wrapper.application; includeInIndex = 0; path = MWPhotoBrowser.app; sourceTree = BUILT_PRODUCTS_DIR; };
		1DF5F4DF0D08C38300B7A737 /* UIKit.framework */ = {isa = PBXFileReference; lastKnownFileType = wrapper.framework; name = UIKit.framework; path = System/Library/Frameworks/UIKit.framework; sourceTree = SDKROOT; };
		288765A40DF7441C002DB57D /* CoreGraphics.framework */ = {isa = PBXFileReference; lastKnownFileType = wrapper.framework; name = CoreGraphics.framework; path = System/Library/Frameworks/CoreGraphics.framework; sourceTree = SDKROOT; };
		28AD733E0D9D9553002E5188 /* MainWindow.xib */ = {isa = PBXFileReference; lastKnownFileType = file.xib; path = MainWindow.xib; sourceTree = "<group>"; };
		28D7ACF60DDB3853001CB0EB /* MWPhotoBrowser.h */ = {isa = PBXFileReference; fileEncoding = 4; lastKnownFileType = sourcecode.c.h; path = MWPhotoBrowser.h; sourceTree = "<group>"; };
		28D7ACF70DDB3853001CB0EB /* MWPhotoBrowser.m */ = {isa = PBXFileReference; fileEncoding = 4; lastKnownFileType = sourcecode.c.objc; path = MWPhotoBrowser.m; sourceTree = "<group>"; };
		29B97316FDCFA39411CA2CEA /* main.m */ = {isa = PBXFileReference; fileEncoding = 4; lastKnownFileType = sourcecode.c.objc; path = main.m; sourceTree = "<group>"; };
		32CA4F630368D1EE00C91783 /* MWPhotoBrowser_Prefix.pch */ = {isa = PBXFileReference; fileEncoding = 4; lastKnownFileType = sourcecode.c.h; path = MWPhotoBrowser_Prefix.pch; sourceTree = "<group>"; };
		4C0E5E2E14B1CB6D0076F4A9 /* MWPhotoProtocol.h */ = {isa = PBXFileReference; fileEncoding = 4; lastKnownFileType = sourcecode.c.h; path = MWPhotoProtocol.h; sourceTree = "<group>"; };
		4C15BF5014AE300F004F9CA6 /* MWCaptionView.h */ = {isa = PBXFileReference; fileEncoding = 4; lastKnownFileType = sourcecode.c.h; path = MWCaptionView.h; sourceTree = "<group>"; };
		4C15BF5114AE300F004F9CA6 /* MWCaptionView.m */ = {isa = PBXFileReference; fileEncoding = 4; lastKnownFileType = sourcecode.c.objc; path = MWCaptionView.m; sourceTree = "<group>"; };
		4C15BF5714AE5358004F9CA6 /* MessageUI.framework */ = {isa = PBXFileReference; lastKnownFileType = wrapper.framework; name = MessageUI.framework; path = System/Library/Frameworks/MessageUI.framework; sourceTree = SDKROOT; };
		4C48EFD0126F90B100F85546 /* MWTapDetectingView.h */ = {isa = PBXFileReference; fileEncoding = 4; lastKnownFileType = sourcecode.c.h; path = MWTapDetectingView.h; sourceTree = "<group>"; };
		4C48EFD1126F90B100F85546 /* MWTapDetectingView.m */ = {isa = PBXFileReference; fileEncoding = 4; lastKnownFileType = sourcecode.c.objc; path = MWTapDetectingView.m; sourceTree = "<group>"; };
		4C667B2B1270AFCE0008B630 /* Menu.h */ = {isa = PBXFileReference; fileEncoding = 4; lastKnownFileType = sourcecode.c.h; path = Menu.h; sourceTree = "<group>"; };
		4C667B2C1270AFCE0008B630 /* Menu.m */ = {isa = PBXFileReference; fileEncoding = 4; lastKnownFileType = sourcecode.c.objc; path = Menu.m; sourceTree = "<group>"; };
		4C75D46D126B659A004D0ECF /* MWPhoto.h */ = {isa = PBXFileReference; fileEncoding = 4; lastKnownFileType = sourcecode.c.h; path = MWPhoto.h; sourceTree = "<group>"; };
		4C75D46E126B659A004D0ECF /* MWPhoto.m */ = {isa = PBXFileReference; fileEncoding = 4; lastKnownFileType = sourcecode.c.objc; path = MWPhoto.m; sourceTree = "<group>"; };
		4CA3551B14AF0816009D09B3 /* SDImageCache.h */ = {isa = PBXFileReference; fileEncoding = 4; lastKnownFileType = sourcecode.c.h; name = SDImageCache.h; path = Libraries/SDWebImage/SDImageCache.h; sourceTree = SOURCE_ROOT; };
		4CA3551C14AF0816009D09B3 /* SDImageCache.m */ = {isa = PBXFileReference; fileEncoding = 4; lastKnownFileType = sourcecode.c.objc; name = SDImageCache.m; path = Libraries/SDWebImage/SDImageCache.m; sourceTree = SOURCE_ROOT; };
		4CA3551D14AF0816009D09B3 /* SDImageCacheDelegate.h */ = {isa = PBXFileReference; fileEncoding = 4; lastKnownFileType = sourcecode.c.h; name = SDImageCacheDelegate.h; path = Libraries/SDWebImage/SDImageCacheDelegate.h; sourceTree = SOURCE_ROOT; };
		4CA3551E14AF0816009D09B3 /* SDWebImageCompat.h */ = {isa = PBXFileReference; fileEncoding = 4; lastKnownFileType = sourcecode.c.h; name = SDWebImageCompat.h; path = Libraries/SDWebImage/SDWebImageCompat.h; sourceTree = SOURCE_ROOT; };
		4CA3551F14AF0816009D09B3 /* SDWebImageDecoder.h */ = {isa = PBXFileReference; fileEncoding = 4; lastKnownFileType = sourcecode.c.h; name = SDWebImageDecoder.h; path = Libraries/SDWebImage/SDWebImageDecoder.h; sourceTree = SOURCE_ROOT; };
		4CA3552014AF0816009D09B3 /* SDWebImageDecoder.m */ = {isa = PBXFileReference; fileEncoding = 4; lastKnownFileType = sourcecode.c.objc; name = SDWebImageDecoder.m; path = Libraries/SDWebImage/SDWebImageDecoder.m; sourceTree = SOURCE_ROOT; };
		4CA3552114AF0816009D09B3 /* SDWebImageDownloader.h */ = {isa = PBXFileReference; fileEncoding = 4; lastKnownFileType = sourcecode.c.h; name = SDWebImageDownloader.h; path = Libraries/SDWebImage/SDWebImageDownloader.h; sourceTree = SOURCE_ROOT; };
		4CA3552214AF0816009D09B3 /* SDWebImageDownloader.m */ = {isa = PBXFileReference; fileEncoding = 4; lastKnownFileType = sourcecode.c.objc; name = SDWebImageDownloader.m; path = Libraries/SDWebImage/SDWebImageDownloader.m; sourceTree = SOURCE_ROOT; };
		4CA3552314AF0816009D09B3 /* SDWebImageDownloaderDelegate.h */ = {isa = PBXFileReference; fileEncoding = 4; lastKnownFileType = sourcecode.c.h; name = SDWebImageDownloaderDelegate.h; path = Libraries/SDWebImage/SDWebImageDownloaderDelegate.h; sourceTree = SOURCE_ROOT; };
		4CA3552414AF0816009D09B3 /* SDWebImageManager.h */ = {isa = PBXFileReference; fileEncoding = 4; lastKnownFileType = sourcecode.c.h; name = SDWebImageManager.h; path = Libraries/SDWebImage/SDWebImageManager.h; sourceTree = SOURCE_ROOT; };
		4CA3552514AF0816009D09B3 /* SDWebImageManager.m */ = {isa = PBXFileReference; fileEncoding = 4; lastKnownFileType = sourcecode.c.objc; name = SDWebImageManager.m; path = Libraries/SDWebImage/SDWebImageManager.m; sourceTree = SOURCE_ROOT; };
		4CA3552614AF0816009D09B3 /* SDWebImageManagerDelegate.h */ = {isa = PBXFileReference; fileEncoding = 4; lastKnownFileType = sourcecode.c.h; name = SDWebImageManagerDelegate.h; path = Libraries/SDWebImage/SDWebImageManagerDelegate.h; sourceTree = SOURCE_ROOT; };
		4CA3552714AF0816009D09B3 /* SDWebImagePrefetcher.h */ = {isa = PBXFileReference; fileEncoding = 4; lastKnownFileType = sourcecode.c.h; name = SDWebImagePrefetcher.h; path = Libraries/SDWebImage/SDWebImagePrefetcher.h; sourceTree = SOURCE_ROOT; };
		4CA3552814AF0816009D09B3 /* SDWebImagePrefetcher.m */ = {isa = PBXFileReference; fileEncoding = 4; lastKnownFileType = sourcecode.c.objc; name = SDWebImagePrefetcher.m; path = Libraries/SDWebImage/SDWebImagePrefetcher.m; sourceTree = SOURCE_ROOT; };
		4CA3552914AF0816009D09B3 /* UIButton+WebCache.h */ = {isa = PBXFileReference; fileEncoding = 4; lastKnownFileType = sourcecode.c.h; name = "UIButton+WebCache.h"; path = "Libraries/SDWebImage/UIButton+WebCache.h"; sourceTree = SOURCE_ROOT; };
		4CA3552A14AF0816009D09B3 /* UIButton+WebCache.m */ = {isa = PBXFileReference; fileEncoding = 4; lastKnownFileType = sourcecode.c.objc; name = "UIButton+WebCache.m"; path = "Libraries/SDWebImage/UIButton+WebCache.m"; sourceTree = SOURCE_ROOT; };
		4CA3552B14AF0816009D09B3 /* UIImageView+WebCache.h */ = {isa = PBXFileReference; fileEncoding = 4; lastKnownFileType = sourcecode.c.h; name = "UIImageView+WebCache.h"; path = "Libraries/SDWebImage/UIImageView+WebCache.h"; sourceTree = SOURCE_ROOT; };
		4CA3552C14AF0816009D09B3 /* UIImageView+WebCache.m */ = {isa = PBXFileReference; fileEncoding = 4; lastKnownFileType = sourcecode.c.objc; name = "UIImageView+WebCache.m"; path = "Libraries/SDWebImage/UIImageView+WebCache.m"; sourceTree = SOURCE_ROOT; };
		4CA3553514AF0833009D09B3 /* MBCheckmark.png */ = {isa = PBXFileReference; lastKnownFileType = image.png; name = MBCheckmark.png; path = Libraries/MBProgressHUD/MBCheckmark.png; sourceTree = SOURCE_ROOT; };
		4CA3553614AF0833009D09B3 /* MBProgressHUD.h */ = {isa = PBXFileReference; fileEncoding = 4; lastKnownFileType = sourcecode.c.h; name = MBProgressHUD.h; path = Libraries/MBProgressHUD/MBProgressHUD.h; sourceTree = SOURCE_ROOT; };
		4CA3553714AF0833009D09B3 /* MBProgressHUD.m */ = {isa = PBXFileReference; fileEncoding = 4; lastKnownFileType = sourcecode.c.objc; name = MBProgressHUD.m; path = Libraries/MBProgressHUD/MBProgressHUD.m; sourceTree = SOURCE_ROOT; };
		4CA3555214AF08A5009D09B3 /* MainWindow-iPad.xib */ = {isa = PBXFileReference; fileEncoding = 4; lastKnownFileType = file.xib; path = "MainWindow-iPad.xib"; sourceTree = "<group>"; };
		4CA3555614AF2343009D09B3 /* MWPhotoBrowser.bundle */ = {isa = PBXFileReference; lastKnownFileType = "wrapper.plug-in"; name = MWPhotoBrowser.bundle; path = ../MWPhotoBrowser.bundle; sourceTree = "<group>"; };
		4CA3555814AF2371009D09B3 /* photo1l.jpg */ = {isa = PBXFileReference; lastKnownFileType = image.jpeg; name = photo1l.jpg; path = DemoPhotos/photo1l.jpg; sourceTree = SOURCE_ROOT; };
		4CA3555914AF2371009D09B3 /* photo1m.jpg */ = {isa = PBXFileReference; lastKnownFileType = image.jpeg; name = photo1m.jpg; path = DemoPhotos/photo1m.jpg; sourceTree = SOURCE_ROOT; };
		4CA3555A14AF2371009D09B3 /* photo2l.jpg */ = {isa = PBXFileReference; lastKnownFileType = image.jpeg; name = photo2l.jpg; path = DemoPhotos/photo2l.jpg; sourceTree = SOURCE_ROOT; };
		4CA3555B14AF2371009D09B3 /* photo2m.jpg */ = {isa = PBXFileReference; lastKnownFileType = image.jpeg; name = photo2m.jpg; path = DemoPhotos/photo2m.jpg; sourceTree = SOURCE_ROOT; };
		4CA3555C14AF2371009D09B3 /* photo3l.jpg */ = {isa = PBXFileReference; lastKnownFileType = image.jpeg; name = photo3l.jpg; path = DemoPhotos/photo3l.jpg; sourceTree = SOURCE_ROOT; };
		4CA3555D14AF2371009D09B3 /* photo3m.jpg */ = {isa = PBXFileReference; lastKnownFileType = image.jpeg; name = photo3m.jpg; path = DemoPhotos/photo3m.jpg; sourceTree = SOURCE_ROOT; };
		4CA3555E14AF2371009D09B3 /* photo4l.jpg */ = {isa = PBXFileReference; lastKnownFileType = image.jpeg; name = photo4l.jpg; path = DemoPhotos/photo4l.jpg; sourceTree = SOURCE_ROOT; };
		4CA3555F14AF2371009D09B3 /* photo4m.jpg */ = {isa = PBXFileReference; lastKnownFileType = image.jpeg; name = photo4m.jpg; path = DemoPhotos/photo4m.jpg; sourceTree = SOURCE_ROOT; };
		4CC82BE41266804500C05633 /* MWZoomingScrollView.h */ = {isa = PBXFileReference; fileEncoding = 4; lastKnownFileType = sourcecode.c.h; path = MWZoomingScrollView.h; sourceTree = "<group>"; };
		4CC82BE51266804500C05633 /* MWZoomingScrollView.m */ = {isa = PBXFileReference; fileEncoding = 4; lastKnownFileType = sourcecode.c.objc; path = MWZoomingScrollView.m; sourceTree = "<group>"; };
		4CFB783C126A29BE00E5F263 /* MWTapDetectingImageView.h */ = {isa = PBXFileReference; fileEncoding = 4; lastKnownFileType = sourcecode.c.h; path = MWTapDetectingImageView.h; sourceTree = "<group>"; };
		4CFB783D126A29BE00E5F263 /* MWTapDetectingImageView.m */ = {isa = PBXFileReference; fileEncoding = 4; lastKnownFileType = sourcecode.c.objc; path = MWTapDetectingImageView.m; sourceTree = "<group>"; };
		8D1107310486CEB800E47090 /* MWPhotoBrowser-Info.plist */ = {isa = PBXFileReference; fileEncoding = 4; lastKnownFileType = text.plist.xml; path = "MWPhotoBrowser-Info.plist"; plistStructureDefinitionIdentifier = "com.apple.xcode.plist.structure-definition.iphone.info-plist"; sourceTree = "<group>"; };
/* End PBXFileReference section */

/* Begin PBXFrameworksBuildPhase section */
		1D60588F0D05DD3D006BFB54 /* Frameworks */ = {
			isa = PBXFrameworksBuildPhase;
			buildActionMask = 2147483647;
			files = (
				4C15BF5814AE5358004F9CA6 /* MessageUI.framework in Frameworks */,
				1D60589F0D05DD5A006BFB54 /* Foundation.framework in Frameworks */,
				1DF5F4E00D08C38300B7A737 /* UIKit.framework in Frameworks */,
				288765A50DF7441C002DB57D /* CoreGraphics.framework in Frameworks */,
			);
			runOnlyForDeploymentPostprocessing = 0;
		};
/* End PBXFrameworksBuildPhase section */

/* Begin PBXGroup section */
		080E96DDFE201D6D7F000001 /* Classes */ = {
			isa = PBXGroup;
			children = (
				4CC82BC6126679A200C05633 /* DemoApp */,
				4CC82BC51266798B00C05633 /* MWPhotoBrowser */,
				4CA3553414AF081A009D09B3 /* Libraries */,
			);
			path = Classes;
			sourceTree = "<group>";
		};
		19C28FACFE9D520D11CA2CBB /* Products */ = {
			isa = PBXGroup;
			children = (
				1D6058910D05DD3D006BFB54 /* MWPhotoBrowser.app */,
			);
			name = Products;
			sourceTree = "<group>";
		};
		29B97314FDCFA39411CA2CEA /* CustomTemplate */ = {
			isa = PBXGroup;
			children = (
				080E96DDFE201D6D7F000001 /* Classes */,
				29B97317FDCFA39411CA2CEA /* Resources */,
				29B97315FDCFA39411CA2CEA /* Other Sources */,
				29B97323FDCFA39411CA2CEA /* Frameworks */,
				19C28FACFE9D520D11CA2CBB /* Products */,
			);
			name = CustomTemplate;
			sourceTree = "<group>";
		};
		29B97315FDCFA39411CA2CEA /* Other Sources */ = {
			isa = PBXGroup;
			children = (
				32CA4F630368D1EE00C91783 /* MWPhotoBrowser_Prefix.pch */,
				29B97316FDCFA39411CA2CEA /* main.m */,
			);
			name = "Other Sources";
			sourceTree = "<group>";
		};
		29B97317FDCFA39411CA2CEA /* Resources */ = {
			isa = PBXGroup;
			children = (
				8D1107310486CEB800E47090 /* MWPhotoBrowser-Info.plist */,
				28AD733E0D9D9553002E5188 /* MainWindow.xib */,
				4CA3555214AF08A5009D09B3 /* MainWindow-iPad.xib */,
			);
			name = Resources;
			sourceTree = "<group>";
		};
		29B97323FDCFA39411CA2CEA /* Frameworks */ = {
			isa = PBXGroup;
			children = (
				4C15BF5714AE5358004F9CA6 /* MessageUI.framework */,
				1DF5F4DF0D08C38300B7A737 /* UIKit.framework */,
				1D30AB110D05D00D00671497 /* Foundation.framework */,
				288765A40DF7441C002DB57D /* CoreGraphics.framework */,
			);
			name = Frameworks;
			sourceTree = "<group>";
		};
		4C15BF3214ACDD2F004F9CA6 /* SDWebImage (g8318b29) */ = {
			isa = PBXGroup;
			children = (
				4CA3551B14AF0816009D09B3 /* SDImageCache.h */,
				4CA3551C14AF0816009D09B3 /* SDImageCache.m */,
				4CA3551D14AF0816009D09B3 /* SDImageCacheDelegate.h */,
				4CA3551E14AF0816009D09B3 /* SDWebImageCompat.h */,
				4CA3551F14AF0816009D09B3 /* SDWebImageDecoder.h */,
				4CA3552014AF0816009D09B3 /* SDWebImageDecoder.m */,
				4CA3552114AF0816009D09B3 /* SDWebImageDownloader.h */,
				4CA3552214AF0816009D09B3 /* SDWebImageDownloader.m */,
				4CA3552314AF0816009D09B3 /* SDWebImageDownloaderDelegate.h */,
				4CA3552414AF0816009D09B3 /* SDWebImageManager.h */,
				4CA3552514AF0816009D09B3 /* SDWebImageManager.m */,
				4CA3552614AF0816009D09B3 /* SDWebImageManagerDelegate.h */,
				4CA3552714AF0816009D09B3 /* SDWebImagePrefetcher.h */,
				4CA3552814AF0816009D09B3 /* SDWebImagePrefetcher.m */,
				4CA3552914AF0816009D09B3 /* UIButton+WebCache.h */,
				4CA3552A14AF0816009D09B3 /* UIButton+WebCache.m */,
				4CA3552B14AF0816009D09B3 /* UIImageView+WebCache.h */,
				4CA3552C14AF0816009D09B3 /* UIImageView+WebCache.m */,
			);
			name = "SDWebImage (g8318b29)";
			sourceTree = "<group>";
		};
		4C15BF5314AE527C004F9CA6 /* MBProgressHUD (f4e551a) */ = {
			isa = PBXGroup;
			children = (
				4CA3553514AF0833009D09B3 /* MBCheckmark.png */,
				4CA3553614AF0833009D09B3 /* MBProgressHUD.h */,
				4CA3553714AF0833009D09B3 /* MBProgressHUD.m */,
			);
			name = "MBProgressHUD (f4e551a)";
			sourceTree = "<group>";
		};
		4C667CB31270D0E50008B630 /* Photos */ = {
			isa = PBXGroup;
			children = (
				4CA3555814AF2371009D09B3 /* photo1l.jpg */,
				4CA3555914AF2371009D09B3 /* photo1m.jpg */,
				4CA3555A14AF2371009D09B3 /* photo2l.jpg */,
				4CA3555B14AF2371009D09B3 /* photo2m.jpg */,
				4CA3555C14AF2371009D09B3 /* photo3l.jpg */,
				4CA3555D14AF2371009D09B3 /* photo3m.jpg */,
				4CA3555E14AF2371009D09B3 /* photo4l.jpg */,
				4CA3555F14AF2371009D09B3 /* photo4m.jpg */,
			);
			name = Photos;
			sourceTree = "<group>";
		};
		4CA3553414AF081A009D09B3 /* Libraries */ = {
			isa = PBXGroup;
			children = (
				4C15BF5314AE527C004F9CA6 /* MBProgressHUD (f4e551a) */,
				4C15BF3214ACDD2F004F9CA6 /* SDWebImage (g8318b29) */,
			);
			name = Libraries;
			sourceTree = "<group>";
		};
		4CA3556814AF24A3009D09B3 /* Other Subclasses */ = {
			isa = PBXGroup;
			children = (
				4CC82BE41266804500C05633 /* MWZoomingScrollView.h */,
				4CC82BE51266804500C05633 /* MWZoomingScrollView.m */,
				4CFB783C126A29BE00E5F263 /* MWTapDetectingImageView.h */,
				4CFB783D126A29BE00E5F263 /* MWTapDetectingImageView.m */,
				4C48EFD0126F90B100F85546 /* MWTapDetectingView.h */,
				4C48EFD1126F90B100F85546 /* MWTapDetectingView.m */,
			);
			name = "Other Subclasses";
			sourceTree = "<group>";
		};
		4CC82BC51266798B00C05633 /* MWPhotoBrowser */ = {
			isa = PBXGroup;
			children = (
				28D7ACF60DDB3853001CB0EB /* MWPhotoBrowser.h */,
				28D7ACF70DDB3853001CB0EB /* MWPhotoBrowser.m */,
				4C75D46D126B659A004D0ECF /* MWPhoto.h */,
				4C75D46E126B659A004D0ECF /* MWPhoto.m */,
				4C0E5E2E14B1CB6D0076F4A9 /* MWPhotoProtocol.h */,
				4C15BF5014AE300F004F9CA6 /* MWCaptionView.h */,
				4C15BF5114AE300F004F9CA6 /* MWCaptionView.m */,
				4CA3556814AF24A3009D09B3 /* Other Subclasses */,
				4CA3555614AF2343009D09B3 /* MWPhotoBrowser.bundle */,
			);
			name = MWPhotoBrowser;
			sourceTree = "<group>";
		};
		4CC82BC6126679A200C05633 /* DemoApp */ = {
			isa = PBXGroup;
			children = (
				1D3623240D0F684500981E51 /* MWPhotoBrowserAppDelegate.h */,
				1D3623250D0F684500981E51 /* MWPhotoBrowserAppDelegate.m */,
				4C667B2B1270AFCE0008B630 /* Menu.h */,
				4C667B2C1270AFCE0008B630 /* Menu.m */,
				4C667CB31270D0E50008B630 /* Photos */,
			);
			name = DemoApp;
			sourceTree = "<group>";
		};
/* End PBXGroup section */

/* Begin PBXNativeTarget section */
		1D6058900D05DD3D006BFB54 /* MWPhotoBrowser */ = {
			isa = PBXNativeTarget;
			buildConfigurationList = 1D6058960D05DD3E006BFB54 /* Build configuration list for PBXNativeTarget "MWPhotoBrowser" */;
			buildPhases = (
				1D60588D0D05DD3D006BFB54 /* Resources */,
				1D60588E0D05DD3D006BFB54 /* Sources */,
				1D60588F0D05DD3D006BFB54 /* Frameworks */,
			);
			buildRules = (
			);
			dependencies = (
			);
			name = MWPhotoBrowser;
			productName = MWPhotoBrowser;
			productReference = 1D6058910D05DD3D006BFB54 /* MWPhotoBrowser.app */;
			productType = "com.apple.product-type.application";
		};
/* End PBXNativeTarget section */

/* Begin PBXProject section */
		29B97313FDCFA39411CA2CEA /* Project object */ = {
			isa = PBXProject;
			attributes = {
				LastUpgradeCheck = 0420;
			};
			buildConfigurationList = C01FCF4E08A954540054247B /* Build configuration list for PBXProject "MWPhotoBrowser" */;
			compatibilityVersion = "Xcode 3.2";
			developmentRegion = English;
			hasScannedForEncodings = 1;
			knownRegions = (
				English,
				Japanese,
				French,
				German,
			);
			mainGroup = 29B97314FDCFA39411CA2CEA /* CustomTemplate */;
			projectDirPath = "";
			projectRoot = "";
			targets = (
				1D6058900D05DD3D006BFB54 /* MWPhotoBrowser */,
			);
		};
/* End PBXProject section */

/* Begin PBXResourcesBuildPhase section */
		1D60588D0D05DD3D006BFB54 /* Resources */ = {
			isa = PBXResourcesBuildPhase;
			buildActionMask = 2147483647;
			files = (
				28AD733F0D9D9553002E5188 /* MainWindow.xib in Resources */,
				4CA3553814AF0833009D09B3 /* MBCheckmark.png in Resources */,
				4CA3555314AF08A5009D09B3 /* MainWindow-iPad.xib in Resources */,
				4CA3555714AF2343009D09B3 /* MWPhotoBrowser.bundle in Resources */,
				4CA3556014AF2371009D09B3 /* photo1l.jpg in Resources */,
				4CA3556114AF2371009D09B3 /* photo1m.jpg in Resources */,
				4CA3556214AF2371009D09B3 /* photo2l.jpg in Resources */,
				4CA3556314AF2371009D09B3 /* photo2m.jpg in Resources */,
				4CA3556414AF2371009D09B3 /* photo3l.jpg in Resources */,
				4CA3556514AF2371009D09B3 /* photo3m.jpg in Resources */,
				4CA3556614AF2371009D09B3 /* photo4l.jpg in Resources */,
				4CA3556714AF2371009D09B3 /* photo4m.jpg in Resources */,
			);
			runOnlyForDeploymentPostprocessing = 0;
		};
/* End PBXResourcesBuildPhase section */

/* Begin PBXSourcesBuildPhase section */
		1D60588E0D05DD3D006BFB54 /* Sources */ = {
			isa = PBXSourcesBuildPhase;
			buildActionMask = 2147483647;
			files = (
				1D60589B0D05DD56006BFB54 /* main.m in Sources */,
				1D3623260D0F684500981E51 /* MWPhotoBrowserAppDelegate.m in Sources */,
				28D7ACF80DDB3853001CB0EB /* MWPhotoBrowser.m in Sources */,
				4CC82BE61266804500C05633 /* MWZoomingScrollView.m in Sources */,
				4CFB783E126A29BE00E5F263 /* MWTapDetectingImageView.m in Sources */,
				4C75D46F126B659A004D0ECF /* MWPhoto.m in Sources */,
				4C48EFD2126F90B100F85546 /* MWTapDetectingView.m in Sources */,
				4C667B2D1270AFCE0008B630 /* Menu.m in Sources */,
				4C15BF5214AE300F004F9CA6 /* MWCaptionView.m in Sources */,
				4CA3552D14AF0816009D09B3 /* SDImageCache.m in Sources */,
				4CA3552E14AF0816009D09B3 /* SDWebImageDecoder.m in Sources */,
				4CA3552F14AF0816009D09B3 /* SDWebImageDownloader.m in Sources */,
				4CA3553014AF0816009D09B3 /* SDWebImageManager.m in Sources */,
				4CA3553114AF0816009D09B3 /* SDWebImagePrefetcher.m in Sources */,
				4CA3553214AF0816009D09B3 /* UIButton+WebCache.m in Sources */,
				4CA3553314AF0816009D09B3 /* UIImageView+WebCache.m in Sources */,
				4CA3553914AF0833009D09B3 /* MBProgressHUD.m in Sources */,
			);
			runOnlyForDeploymentPostprocessing = 0;
		};
/* End PBXSourcesBuildPhase section */

/* Begin XCBuildConfiguration section */
		1D6058940D05DD3E006BFB54 /* Debug */ = {
			isa = XCBuildConfiguration;
			buildSettings = {
				ALWAYS_SEARCH_USER_PATHS = NO;
				COPY_PHASE_STRIP = NO;
				GCC_DYNAMIC_NO_PIC = NO;
				GCC_OPTIMIZATION_LEVEL = 0;
				GCC_PRECOMPILE_PREFIX_HEADER = YES;
				GCC_PREFIX_HEADER = MWPhotoBrowser_Prefix.pch;
				INFOPLIST_FILE = "MWPhotoBrowser-Info.plist";
				IPHONEOS_DEPLOYMENT_TARGET = 3.0;
				PRODUCT_NAME = MWPhotoBrowser;
				TARGETED_DEVICE_FAMILY = "1,2";
			};
			name = Debug;
		};
		1D6058950D05DD3E006BFB54 /* Release */ = {
			isa = XCBuildConfiguration;
			buildSettings = {
				ALWAYS_SEARCH_USER_PATHS = NO;
				COPY_PHASE_STRIP = YES;
				GCC_PRECOMPILE_PREFIX_HEADER = YES;
				GCC_PREFIX_HEADER = MWPhotoBrowser_Prefix.pch;
				INFOPLIST_FILE = "MWPhotoBrowser-Info.plist";
				IPHONEOS_DEPLOYMENT_TARGET = 3.0;
				PRODUCT_NAME = MWPhotoBrowser;
				TARGETED_DEVICE_FAMILY = "1,2";
			};
			name = Release;
		};
		C01FCF4F08A954540054247B /* Debug */ = {
			isa = XCBuildConfiguration;
			buildSettings = {
				ARCHS = "$(ARCHS_STANDARD_32_BIT)";
				GCC_C_LANGUAGE_STANDARD = c99;
				GCC_VERSION = "";
				GCC_WARN_ABOUT_RETURN_TYPE = YES;
				GCC_WARN_UNUSED_VARIABLE = YES;
				SDKROOT = iphoneos;
			};
			name = Debug;
		};
		C01FCF5008A954540054247B /* Release */ = {
			isa = XCBuildConfiguration;
			buildSettings = {
				ARCHS = "$(ARCHS_STANDARD_32_BIT)";
				GCC_C_LANGUAGE_STANDARD = c99;
				GCC_VERSION = "";
				GCC_WARN_ABOUT_RETURN_TYPE = YES;
				GCC_WARN_UNUSED_VARIABLE = YES;
				OTHER_CFLAGS = "-DNS_BLOCK_ASSERTIONS=1";
				SDKROOT = iphoneos;
			};
			name = Release;
		};
/* End XCBuildConfiguration section */

/* Begin XCConfigurationList section */
		1D6058960D05DD3E006BFB54 /* Build configuration list for PBXNativeTarget "MWPhotoBrowser" */ = {
			isa = XCConfigurationList;
			buildConfigurations = (
				1D6058940D05DD3E006BFB54 /* Debug */,
				1D6058950D05DD3E006BFB54 /* Release */,
			);
			defaultConfigurationIsVisible = 0;
			defaultConfigurationName = Release;
		};
		C01FCF4E08A954540054247B /* Build configuration list for PBXProject "MWPhotoBrowser" */ = {
			isa = XCConfigurationList;
			buildConfigurations = (
				C01FCF4F08A954540054247B /* Debug */,
				C01FCF5008A954540054247B /* Release */,
			);
			defaultConfigurationIsVisible = 0;
			defaultConfigurationName = Release;
		};
/* End XCConfigurationList section */
	};
	rootObject = 29B97313FDCFA39411CA2CEA /* Project object */;
}
