// !$*UTF8*$!
{
	archiveVersion = 1;
	classes = {
	};
	objectVersion = 46;
	objects = {

/* Begin PBXBuildFile section */
		0E85B24C14C6F40500EA35BF /* Localizable.strings in Resources */ = {isa = PBXBuildFile; fileRef = 0E85B24E14C6F40500EA35BF /* Localizable.strings */; };
		4C6F979214AF734900F8389A /* UIKit.framework in Frameworks */ = {isa = PBXBuildFile; fileRef = 4C6F979114AF734900F8389A /* UIKit.framework */; };
		4C6F979414AF734900F8389A /* Foundation.framework in Frameworks */ = {isa = PBXBuildFile; fileRef = 4C6F979314AF734900F8389A /* Foundation.framework */; };
		4C6F979614AF734900F8389A /* CoreGraphics.framework in Frameworks */ = {isa = PBXBuildFile; fileRef = 4C6F979514AF734900F8389A /* CoreGraphics.framework */; };
		4C6F979E14AF734900F8389A /* main.m in Sources */ = {isa = PBXBuildFile; fileRef = 4C6F979D14AF734900F8389A /* main.m */; };
		4C6F97A214AF734900F8389A /* AppDelegate.m in Sources */ = {isa = PBXBuildFile; fileRef = 4C6F97A114AF734900F8389A /* AppDelegate.m */; };
		4C6F97B314AF737E00F8389A /* Menu.m in Sources */ = {isa = PBXBuildFile; fileRef = 4C6F97B214AF737E00F8389A /* Menu.m */; };
		4C6F97C914AF750400F8389A /* MessageUI.framework in Frameworks */ = {isa = PBXBuildFile; fileRef = 4C6F97C814AF750400F8389A /* MessageUI.framework */; };
		4C6F97D314AF760500F8389A /* photo1l.jpg in Resources */ = {isa = PBXBuildFile; fileRef = 4C6F97CB14AF760500F8389A /* photo1l.jpg */; };
		4C6F97D414AF760500F8389A /* photo1m.jpg in Resources */ = {isa = PBXBuildFile; fileRef = 4C6F97CC14AF760500F8389A /* photo1m.jpg */; };
		4C6F97D514AF760500F8389A /* photo2l.jpg in Resources */ = {isa = PBXBuildFile; fileRef = 4C6F97CD14AF760500F8389A /* photo2l.jpg */; };
		4C6F97D614AF760500F8389A /* photo2m.jpg in Resources */ = {isa = PBXBuildFile; fileRef = 4C6F97CE14AF760500F8389A /* photo2m.jpg */; };
		4C6F97D714AF760500F8389A /* photo3l.jpg in Resources */ = {isa = PBXBuildFile; fileRef = 4C6F97CF14AF760500F8389A /* photo3l.jpg */; };
		4C6F97D814AF760500F8389A /* photo3m.jpg in Resources */ = {isa = PBXBuildFile; fileRef = 4C6F97D014AF760500F8389A /* photo3m.jpg */; };
		4C6F97D914AF760500F8389A /* photo4l.jpg in Resources */ = {isa = PBXBuildFile; fileRef = 4C6F97D114AF760500F8389A /* photo4l.jpg */; };
		4C6F97DA14AF760500F8389A /* photo4m.jpg in Resources */ = {isa = PBXBuildFile; fileRef = 4C6F97D214AF760500F8389A /* photo4m.jpg */; };
		4CD92B1314B20FA2002200C1 /* MWPhotoBrowser.bundle in Resources */ = {isa = PBXBuildFile; fileRef = 4CD92B1214B20FA2002200C1 /* MWPhotoBrowser.bundle */; };
		4CD92B1614B20FB5002200C1 /* libMWPhotoBrowser.a in Frameworks */ = {isa = PBXBuildFile; fileRef = 4CD92B1114B20F9B002200C1 /* libMWPhotoBrowser.a */; };
/* End PBXBuildFile section */

/* Begin PBXContainerItemProxy section */
		4CD92B1014B20F9B002200C1 /* PBXContainerItemProxy */ = {
			isa = PBXContainerItemProxy;
			containerPortal = 4CD92B0114B20F97002200C1 /* MWPhotoBrowser.xcodeproj */;
			proxyType = 2;
			remoteGlobalIDString = 4C6F96C414AF704100F8389A;
			remoteInfo = MWPhotoBrowser;
		};
		4CD92B1414B20FAF002200C1 /* PBXContainerItemProxy */ = {
			isa = PBXContainerItemProxy;
			containerPortal = 4CD92B0114B20F97002200C1 /* MWPhotoBrowser.xcodeproj */;
			proxyType = 1;
			remoteGlobalIDString = 4C6F96C314AF704100F8389A;
			remoteInfo = MWPhotoBrowser;
		};
/* End PBXContainerItemProxy section */

/* Begin PBXFileReference section */
		0E85B24D14C6F40500EA35BF /* en */ = {isa = PBXFileReference; lastKnownFileType = text.plist.strings; name = en; path = en.lproj/Localizable.strings; sourceTree = "<group>"; };
		4C6F978D14AF734900F8389A /* PhotoBrowserDemo.app */ = {isa = PBXFileReference; explicitFileType = wrapper.application; includeInIndex = 0; path = PhotoBrowserDemo.app; sourceTree = BUILT_PRODUCTS_DIR; };
		4C6F979114AF734900F8389A /* UIKit.framework */ = {isa = PBXFileReference; lastKnownFileType = wrapper.framework; name = UIKit.framework; path = System/Library/Frameworks/UIKit.framework; sourceTree = SDKROOT; };
		4C6F979314AF734900F8389A /* Foundation.framework */ = {isa = PBXFileReference; lastKnownFileType = wrapper.framework; name = Foundation.framework; path = System/Library/Frameworks/Foundation.framework; sourceTree = SDKROOT; };
		4C6F979514AF734900F8389A /* CoreGraphics.framework */ = {isa = PBXFileReference; lastKnownFileType = wrapper.framework; name = CoreGraphics.framework; path = System/Library/Frameworks/CoreGraphics.framework; sourceTree = SDKROOT; };
		4C6F979914AF734900F8389A /* PhotoBrowserDemo-Info.plist */ = {isa = PBXFileReference; lastKnownFileType = text.plist.xml; path = "PhotoBrowserDemo-Info.plist"; sourceTree = "<group>"; };
		4C6F979D14AF734900F8389A /* main.m */ = {isa = PBXFileReference; lastKnownFileType = sourcecode.c.objc; path = main.m; sourceTree = "<group>"; };
		4C6F979F14AF734900F8389A /* PhotoBrowserDemo-Prefix.pch */ = {isa = PBXFileReference; lastKnownFileType = sourcecode.c.h; path = "PhotoBrowserDemo-Prefix.pch"; sourceTree = "<group>"; };
		4C6F97A014AF734900F8389A /* AppDelegate.h */ = {isa = PBXFileReference; lastKnownFileType = sourcecode.c.h; path = AppDelegate.h; sourceTree = "<group>"; };
		4C6F97A114AF734900F8389A /* AppDelegate.m */ = {isa = PBXFileReference; lastKnownFileType = sourcecode.c.objc; path = AppDelegate.m; sourceTree = "<group>"; };
		4C6F97B114AF737E00F8389A /* Menu.h */ = {isa = PBXFileReference; fileEncoding = 4; lastKnownFileType = sourcecode.c.h; path = Menu.h; sourceTree = "<group>"; };
		4C6F97B214AF737E00F8389A /* Menu.m */ = {isa = PBXFileReference; fileEncoding = 4; lastKnownFileType = sourcecode.c.objc; path = Menu.m; sourceTree = "<group>"; };
		4C6F97C814AF750400F8389A /* MessageUI.framework */ = {isa = PBXFileReference; lastKnownFileType = wrapper.framework; name = MessageUI.framework; path = System/Library/Frameworks/MessageUI.framework; sourceTree = SDKROOT; };
		4C6F97CB14AF760500F8389A /* photo1l.jpg */ = {isa = PBXFileReference; lastKnownFileType = image.jpeg; name = photo1l.jpg; path = Photos/photo1l.jpg; sourceTree = "<group>"; };
		4C6F97CC14AF760500F8389A /* photo1m.jpg */ = {isa = PBXFileReference; lastKnownFileType = image.jpeg; name = photo1m.jpg; path = Photos/photo1m.jpg; sourceTree = "<group>"; };
		4C6F97CD14AF760500F8389A /* photo2l.jpg */ = {isa = PBXFileReference; lastKnownFileType = image.jpeg; name = photo2l.jpg; path = Photos/photo2l.jpg; sourceTree = "<group>"; };
		4C6F97CE14AF760500F8389A /* photo2m.jpg */ = {isa = PBXFileReference; lastKnownFileType = image.jpeg; name = photo2m.jpg; path = Photos/photo2m.jpg; sourceTree = "<group>"; };
		4C6F97CF14AF760500F8389A /* photo3l.jpg */ = {isa = PBXFileReference; lastKnownFileType = image.jpeg; name = photo3l.jpg; path = Photos/photo3l.jpg; sourceTree = "<group>"; };
		4C6F97D014AF760500F8389A /* photo3m.jpg */ = {isa = PBXFileReference; lastKnownFileType = image.jpeg; name = photo3m.jpg; path = Photos/photo3m.jpg; sourceTree = "<group>"; };
		4C6F97D114AF760500F8389A /* photo4l.jpg */ = {isa = PBXFileReference; lastKnownFileType = image.jpeg; name = photo4l.jpg; path = Photos/photo4l.jpg; sourceTree = "<group>"; };
		4C6F97D214AF760500F8389A /* photo4m.jpg */ = {isa = PBXFileReference; lastKnownFileType = image.jpeg; name = photo4m.jpg; path = Photos/photo4m.jpg; sourceTree = "<group>"; };
		4CD92B0114B20F97002200C1 /* MWPhotoBrowser.xcodeproj */ = {isa = PBXFileReference; lastKnownFileType = "wrapper.pb-project"; name = MWPhotoBrowser.xcodeproj; path = ../../MWPhotoBrowser/MWPhotoBrowser.xcodeproj; sourceTree = "<group>"; };
		4CD92B1214B20FA2002200C1 /* MWPhotoBrowser.bundle */ = {isa = PBXFileReference; lastKnownFileType = "wrapper.plug-in"; name = MWPhotoBrowser.bundle; path = ../../MWPhotoBrowser/MWPhotoBrowser.bundle; sourceTree = "<group>"; };
/* End PBXFileReference section */

/* Begin PBXFrameworksBuildPhase section */
		4C6F978A14AF734800F8389A /* Frameworks */ = {
			isa = PBXFrameworksBuildPhase;
			buildActionMask = 2147483647;
			files = (
				4CD92B1614B20FB5002200C1 /* libMWPhotoBrowser.a in Frameworks */,
				4C6F97C914AF750400F8389A /* MessageUI.framework in Frameworks */,
				4C6F979214AF734900F8389A /* UIKit.framework in Frameworks */,
				4C6F979414AF734900F8389A /* Foundation.framework in Frameworks */,
				4C6F979614AF734900F8389A /* CoreGraphics.framework in Frameworks */,
			);
			runOnlyForDeploymentPostprocessing = 0;
		};
/* End PBXFrameworksBuildPhase section */

/* Begin PBXGroup section */
		4C6F978214AF734800F8389A = {
			isa = PBXGroup;
			children = (
				4C6F979714AF734900F8389A /* PhotoBrowserDemo */,
				4C6F979014AF734900F8389A /* Frameworks */,
				4C6F978E14AF734900F8389A /* Products */,
			);
			sourceTree = "<group>";
		};
		4C6F978E14AF734900F8389A /* Products */ = {
			isa = PBXGroup;
			children = (
				4C6F978D14AF734900F8389A /* PhotoBrowserDemo.app */,
			);
			name = Products;
			sourceTree = "<group>";
		};
		4C6F979014AF734900F8389A /* Frameworks */ = {
			isa = PBXGroup;
			children = (
				4C6F97C814AF750400F8389A /* MessageUI.framework */,
				4C6F979114AF734900F8389A /* UIKit.framework */,
				4C6F979314AF734900F8389A /* Foundation.framework */,
				4C6F979514AF734900F8389A /* CoreGraphics.framework */,
			);
			name = Frameworks;
			sourceTree = "<group>";
		};
		4C6F979714AF734900F8389A /* PhotoBrowserDemo */ = {
			isa = PBXGroup;
			children = (
				4C6F97A014AF734900F8389A /* AppDelegate.h */,
				4C6F97A114AF734900F8389A /* AppDelegate.m */,
				4C6F97B114AF737E00F8389A /* Menu.h */,
				4C6F97B214AF737E00F8389A /* Menu.m */,
				0E85B24E14C6F40500EA35BF /* Localizable.strings */,
				4C6F97CA14AF75D300F8389A /* Photos */,
				4CB08BF314B1FF7300730E9F /* MWPhotoBrowser */,
				4C6F979814AF734900F8389A /* Supporting Files */,
			);
			path = PhotoBrowserDemo;
			sourceTree = "<group>";
		};
		4C6F979814AF734900F8389A /* Supporting Files */ = {
			isa = PBXGroup;
			children = (
				4C6F979914AF734900F8389A /* PhotoBrowserDemo-Info.plist */,
				4C6F979D14AF734900F8389A /* main.m */,
				4C6F979F14AF734900F8389A /* PhotoBrowserDemo-Prefix.pch */,
			);
			name = "Supporting Files";
			sourceTree = "<group>";
		};
		4C6F97CA14AF75D300F8389A /* Photos */ = {
			isa = PBXGroup;
			children = (
				4C6F97CB14AF760500F8389A /* photo1l.jpg */,
				4C6F97CC14AF760500F8389A /* photo1m.jpg */,
				4C6F97CD14AF760500F8389A /* photo2l.jpg */,
				4C6F97CE14AF760500F8389A /* photo2m.jpg */,
				4C6F97CF14AF760500F8389A /* photo3l.jpg */,
				4C6F97D014AF760500F8389A /* photo3m.jpg */,
				4C6F97D114AF760500F8389A /* photo4l.jpg */,
				4C6F97D214AF760500F8389A /* photo4m.jpg */,
			);
			name = Photos;
			sourceTree = "<group>";
		};
		4CB08BF314B1FF7300730E9F /* MWPhotoBrowser */ = {
			isa = PBXGroup;
			children = (
				4CD92B1214B20FA2002200C1 /* MWPhotoBrowser.bundle */,
				4CD92B0114B20F97002200C1 /* MWPhotoBrowser.xcodeproj */,
			);
			name = MWPhotoBrowser;
			sourceTree = "<group>";
		};
		4CD92B0D14B20F9B002200C1 /* Products */ = {
			isa = PBXGroup;
			children = (
				4CD92B1114B20F9B002200C1 /* libMWPhotoBrowser.a */,
			);
			name = Products;
			sourceTree = "<group>";
		};
/* End PBXGroup section */

/* Begin PBXNativeTarget section */
		4C6F978C14AF734800F8389A /* PhotoBrowserDemo */ = {
			isa = PBXNativeTarget;
			buildConfigurationList = 4C6F97AE14AF734900F8389A /* Build configuration list for PBXNativeTarget "PhotoBrowserDemo" */;
			buildPhases = (
				4C6F978914AF734800F8389A /* Sources */,
				4C6F978A14AF734800F8389A /* Frameworks */,
				4C6F978B14AF734800F8389A /* Resources */,
			);
			buildRules = (
			);
			dependencies = (
				4CD92B1514B20FAF002200C1 /* PBXTargetDependency */,
			);
			name = PhotoBrowserDemo;
			productName = PhotoBrowserDemo;
			productReference = 4C6F978D14AF734900F8389A /* PhotoBrowserDemo.app */;
			productType = "com.apple.product-type.application";
		};
/* End PBXNativeTarget section */

/* Begin PBXProject section */
		4C6F978414AF734800F8389A /* Project object */ = {
			isa = PBXProject;
			attributes = {
				LastUpgradeCheck = 0420;
			};
			buildConfigurationList = 4C6F978714AF734800F8389A /* Build configuration list for PBXProject "PhotoBrowserDemo" */;
			compatibilityVersion = "Xcode 3.2";
			developmentRegion = English;
			hasScannedForEncodings = 0;
			knownRegions = (
				en,
				fr,
			);
			mainGroup = 4C6F978214AF734800F8389A;
			productRefGroup = 4C6F978E14AF734900F8389A /* Products */;
			projectDirPath = "";
			projectReferences = (
				{
					ProductGroup = 4CD92B0D14B20F9B002200C1 /* Products */;
					ProjectRef = 4CD92B0114B20F97002200C1 /* MWPhotoBrowser.xcodeproj */;
				},
			);
			projectRoot = "";
			targets = (
				4C6F978C14AF734800F8389A /* PhotoBrowserDemo */,
			);
		};
/* End PBXProject section */

/* Begin PBXReferenceProxy section */
		4CD92B1114B20F9B002200C1 /* libMWPhotoBrowser.a */ = {
			isa = PBXReferenceProxy;
			fileType = archive.ar;
			path = libMWPhotoBrowser.a;
			remoteRef = 4CD92B1014B20F9B002200C1 /* PBXContainerItemProxy */;
			sourceTree = BUILT_PRODUCTS_DIR;
		};
/* End PBXReferenceProxy section */

/* Begin PBXResourcesBuildPhase section */
		4C6F978B14AF734800F8389A /* Resources */ = {
			isa = PBXResourcesBuildPhase;
			buildActionMask = 2147483647;
			files = (
				4C6F97D314AF760500F8389A /* photo1l.jpg in Resources */,
				4C6F97D414AF760500F8389A /* photo1m.jpg in Resources */,
				4C6F97D514AF760500F8389A /* photo2l.jpg in Resources */,
				4C6F97D614AF760500F8389A /* photo2m.jpg in Resources */,
				4C6F97D714AF760500F8389A /* photo3l.jpg in Resources */,
				4C6F97D814AF760500F8389A /* photo3m.jpg in Resources */,
				4C6F97D914AF760500F8389A /* photo4l.jpg in Resources */,
				4C6F97DA14AF760500F8389A /* photo4m.jpg in Resources */,
				4CD92B1314B20FA2002200C1 /* MWPhotoBrowser.bundle in Resources */,
				0E85B24C14C6F40500EA35BF /* Localizable.strings in Resources */,
			);
			runOnlyForDeploymentPostprocessing = 0;
		};
/* End PBXResourcesBuildPhase section */

/* Begin PBXSourcesBuildPhase section */
		4C6F978914AF734800F8389A /* Sources */ = {
			isa = PBXSourcesBuildPhase;
			buildActionMask = 2147483647;
			files = (
				4C6F979E14AF734900F8389A /* main.m in Sources */,
				4C6F97A214AF734900F8389A /* AppDelegate.m in Sources */,
				4C6F97B314AF737E00F8389A /* Menu.m in Sources */,
			);
			runOnlyForDeploymentPostprocessing = 0;
		};
/* End PBXSourcesBuildPhase section */

/* Begin PBXTargetDependency section */
		4CD92B1514B20FAF002200C1 /* PBXTargetDependency */ = {
			isa = PBXTargetDependency;
			name = MWPhotoBrowser;
			targetProxy = 4CD92B1414B20FAF002200C1 /* PBXContainerItemProxy */;
		};
/* End PBXTargetDependency section */

/* Begin PBXVariantGroup section */
		0E85B24E14C6F40500EA35BF /* Localizable.strings */ = {
			isa = PBXVariantGroup;
			children = (
				0E85B24D14C6F40500EA35BF /* en */,
			);
			name = Localizable.strings;
			sourceTree = "<group>";
		};
/* End PBXVariantGroup section */

/* Begin XCBuildConfiguration section */
		4C6F97AC14AF734900F8389A /* Debug */ = {
			isa = XCBuildConfiguration;
			buildSettings = {
				ALWAYS_SEARCH_USER_PATHS = YES;
				ARCHS = "$(ARCHS_STANDARD_32_BIT)";
				"CODE_SIGN_IDENTITY[sdk=iphoneos*]" = "iPhone Developer";
				COPY_PHASE_STRIP = NO;
				GCC_C_LANGUAGE_STANDARD = gnu99;
				GCC_DYNAMIC_NO_PIC = NO;
				GCC_OPTIMIZATION_LEVEL = 0;
				GCC_PREPROCESSOR_DEFINITIONS = (
					"DEBUG=1",
					"$(inherited)",
				);
				GCC_SYMBOLS_PRIVATE_EXTERN = NO;
				GCC_VERSION = com.apple.compilers.llvm.clang.1_0;
				GCC_WARN_ABOUT_MISSING_PROTOTYPES = YES;
				GCC_WARN_ABOUT_RETURN_TYPE = YES;
				GCC_WARN_UNUSED_VARIABLE = YES;
				IPHONEOS_DEPLOYMENT_TARGET = 4.0;
				SDKROOT = iphoneos;
				TARGETED_DEVICE_FAMILY = "1,2";
				USER_HEADER_SEARCH_PATHS = "../../../**";
			};
			name = Debug;
		};
		4C6F97AD14AF734900F8389A /* Release */ = {
			isa = XCBuildConfiguration;
			buildSettings = {
				ALWAYS_SEARCH_USER_PATHS = YES;
				ARCHS = "$(ARCHS_STANDARD_32_BIT)";
				"CODE_SIGN_IDENTITY[sdk=iphoneos*]" = "iPhone Developer";
				COPY_PHASE_STRIP = YES;
				GCC_C_LANGUAGE_STANDARD = gnu99;
				GCC_VERSION = com.apple.compilers.llvm.clang.1_0;
				GCC_WARN_ABOUT_MISSING_PROTOTYPES = YES;
				GCC_WARN_ABOUT_RETURN_TYPE = YES;
				GCC_WARN_UNUSED_VARIABLE = YES;
				IPHONEOS_DEPLOYMENT_TARGET = 4.0;
				OTHER_CFLAGS = "-DNS_BLOCK_ASSERTIONS=1";
				SDKROOT = iphoneos;
				TARGETED_DEVICE_FAMILY = "1,2";
				USER_HEADER_SEARCH_PATHS = "../../../**";
				VALIDATE_PRODUCT = YES;
			};
			name = Release;
		};
		4C6F97AF14AF734900F8389A /* Debug */ = {
			isa = XCBuildConfiguration;
			buildSettings = {
				ARCHS = (
					armv6,
					"$(ARCHS_STANDARD_32_BIT)",
				);
				CLANG_ENABLE_OBJC_ARC = NO;
				GCC_PRECOMPILE_PREFIX_HEADER = YES;
				GCC_PREFIX_HEADER = "PhotoBrowserDemo/PhotoBrowserDemo-Prefix.pch";
				INFOPLIST_FILE = "PhotoBrowserDemo/PhotoBrowserDemo-Info.plist";
				LIBRARY_SEARCH_PATHS = "";
				PRODUCT_NAME = "$(TARGET_NAME)";
				USER_HEADER_SEARCH_PATHS = "../**";
				WRAPPER_EXTENSION = app;
			};
			name = Debug;
		};
		4C6F97B014AF734900F8389A /* Release */ = {
			isa = XCBuildConfiguration;
			buildSettings = {
				ARCHS = (
					armv6,
					"$(ARCHS_STANDARD_32_BIT)",
				);
				CLANG_ENABLE_OBJC_ARC = NO;
				GCC_PRECOMPILE_PREFIX_HEADER = YES;
				GCC_PREFIX_HEADER = "PhotoBrowserDemo/PhotoBrowserDemo-Prefix.pch";
				INFOPLIST_FILE = "PhotoBrowserDemo/PhotoBrowserDemo-Info.plist";
				LIBRARY_SEARCH_PATHS = "";
				PRODUCT_NAME = "$(TARGET_NAME)";
				USER_HEADER_SEARCH_PATHS = "../**";
				WRAPPER_EXTENSION = app;
			};
			name = Release;
		};
/* End XCBuildConfiguration section */

/* Begin XCConfigurationList section */
		4C6F978714AF734800F8389A /* Build configuration list for PBXProject "PhotoBrowserDemo" */ = {
			isa = XCConfigurationList;
			buildConfigurations = (
				4C6F97AC14AF734900F8389A /* Debug */,
				4C6F97AD14AF734900F8389A /* Release */,
			);
			defaultConfigurationIsVisible = 0;
			defaultConfigurationName = Release;
		};
		4C6F97AE14AF734900F8389A /* Build configuration list for PBXNativeTarget "PhotoBrowserDemo" */ = {
			isa = XCConfigurationList;
			buildConfigurations = (
				4C6F97AF14AF734900F8389A /* Debug */,
				4C6F97B014AF734900F8389A /* Release */,
			);
			defaultConfigurationIsVisible = 0;
			defaultConfigurationName = Release;
		};
/* End XCConfigurationList section */
	};
	rootObject = 4C6F978414AF734800F8389A /* Project object */;
}
