// !$*UTF8*$!
{
	archiveVersion = 1;
	classes = {
	};
	objectVersion = 46;
	objects = {

/* Begin PBXBuildFile section */
		0E17D70117FAE1A80094ABF6 /* Default-568h@2x.png in Resources */ = {isa = PBXBuildFile; fileRef = 0E17D70017FAE1A80094ABF6 /* Default-568h@2x.png */; };
		0E3CF61C18CF322F000EC5F2 /* MapKit.framework in Frameworks */ = {isa = PBXBuildFile; fileRef = 0E3CF61B18CF322F000EC5F2 /* MapKit.framework */; };
		0E3D588F180456580000E3A0 /* photo1.jpg in Resources */ = {isa = PBXBuildFile; fileRef = 0E3D5887180456580000E3A0 /* photo1.jpg */; };
		0E3D5890180456580000E3A0 /* photo2.jpg in Resources */ = {isa = PBXBuildFile; fileRef = 0E3D5888180456580000E3A0 /* photo2.jpg */; };
		0E3D5891180456580000E3A0 /* photo3.jpg in Resources */ = {isa = PBXBuildFile; fileRef = 0E3D5889180456580000E3A0 /* photo3.jpg */; };
		0E3D5892180456580000E3A0 /* photo4.jpg in Resources */ = {isa = PBXBuildFile; fileRef = 0E3D588A180456580000E3A0 /* photo4.jpg */; };
		0E3D5893180456580000E3A0 /* photo5.jpg in Resources */ = {isa = PBXBuildFile; fileRef = 0E3D588B180456580000E3A0 /* photo5.jpg */; };
		0E3D5894180456580000E3A0 /* photo6.jpg in Resources */ = {isa = PBXBuildFile; fileRef = 0E3D588C180456580000E3A0 /* photo6.jpg */; };
		0E3D5895180456580000E3A0 /* photo7.jpg in Resources */ = {isa = PBXBuildFile; fileRef = 0E3D588D180456580000E3A0 /* photo7.jpg */; };
		0E3D5896180456580000E3A0 /* photo8.jpg in Resources */ = {isa = PBXBuildFile; fileRef = 0E3D588E180456580000E3A0 /* photo8.jpg */; };
		0E3D58E41805629E0000E3A0 /* photo1t.jpg in Resources */ = {isa = PBXBuildFile; fileRef = 0E3D58DC1805629E0000E3A0 /* photo1t.jpg */; };
		0E3D58E51805629E0000E3A0 /* photo2t.jpg in Resources */ = {isa = PBXBuildFile; fileRef = 0E3D58DD1805629E0000E3A0 /* photo2t.jpg */; };
		0E3D58E61805629E0000E3A0 /* photo3t.jpg in Resources */ = {isa = PBXBuildFile; fileRef = 0E3D58DE1805629E0000E3A0 /* photo3t.jpg */; };
		0E3D58E71805629E0000E3A0 /* photo4t.jpg in Resources */ = {isa = PBXBuildFile; fileRef = 0E3D58DF1805629E0000E3A0 /* photo4t.jpg */; };
		0E3D58E81805629E0000E3A0 /* photo5t.jpg in Resources */ = {isa = PBXBuildFile; fileRef = 0E3D58E01805629E0000E3A0 /* photo5t.jpg */; };
		0E3D58E91805629E0000E3A0 /* photo6t.jpg in Resources */ = {isa = PBXBuildFile; fileRef = 0E3D58E11805629E0000E3A0 /* photo6t.jpg */; };
		0E3D58EA1805629E0000E3A0 /* photo7t.jpg in Resources */ = {isa = PBXBuildFile; fileRef = 0E3D58E21805629E0000E3A0 /* photo7t.jpg */; };
		0E3D58EB1805629E0000E3A0 /* photo8t.jpg in Resources */ = {isa = PBXBuildFile; fileRef = 0E3D58E31805629E0000E3A0 /* photo8t.jpg */; };
		0E76FFEF1573FE1A000EE5CA /* MWPhotoBrowser.bundle in Resources */ = {isa = PBXBuildFile; fileRef = 0E76FFEE1573FE1A000EE5CA /* MWPhotoBrowser.bundle */; };
		0E76FFF21573FE25000EE5CA /* libMWPhotoBrowser.a in Frameworks */ = {isa = PBXBuildFile; fileRef = 0E76FFED1573FE14000EE5CA /* libMWPhotoBrowser.a */; };
		0E8515C617FC781600FE1EF3 /* QuartzCore.framework in Frameworks */ = {isa = PBXBuildFile; fileRef = 0E8515C517FC781600FE1EF3 /* QuartzCore.framework */; };
		0E8515D017FCC34700FE1EF3 /* AssetsLibrary.framework in Frameworks */ = {isa = PBXBuildFile; fileRef = 0E8515CF17FCC34700FE1EF3 /* AssetsLibrary.framework */; };
		0E85B24C14C6F40500EA35BF /* Localizable.strings in Resources */ = {isa = PBXBuildFile; fileRef = 0E85B24E14C6F40500EA35BF /* Localizable.strings */; };
		0EA380351573EA53003F4582 /* ImageIO.framework in Frameworks */ = {isa = PBXBuildFile; fileRef = 0EA380341573EA53003F4582 /* ImageIO.framework */; };
		4C6F979214AF734900F8389A /* UIKit.framework in Frameworks */ = {isa = PBXBuildFile; fileRef = 4C6F979114AF734900F8389A /* UIKit.framework */; };
		4C6F979414AF734900F8389A /* Foundation.framework in Frameworks */ = {isa = PBXBuildFile; fileRef = 4C6F979314AF734900F8389A /* Foundation.framework */; };
		4C6F979614AF734900F8389A /* CoreGraphics.framework in Frameworks */ = {isa = PBXBuildFile; fileRef = 4C6F979514AF734900F8389A /* CoreGraphics.framework */; };
		4C6F979E14AF734900F8389A /* main.m in Sources */ = {isa = PBXBuildFile; fileRef = 4C6F979D14AF734900F8389A /* main.m */; };
		4C6F97A214AF734900F8389A /* AppDelegate.m in Sources */ = {isa = PBXBuildFile; fileRef = 4C6F97A114AF734900F8389A /* AppDelegate.m */; };
		4C6F97B314AF737E00F8389A /* Menu.m in Sources */ = {isa = PBXBuildFile; fileRef = 4C6F97B214AF737E00F8389A /* Menu.m */; };
		4C6F97C914AF750400F8389A /* MessageUI.framework in Frameworks */ = {isa = PBXBuildFile; fileRef = 4C6F97C814AF750400F8389A /* MessageUI.framework */; };
/* End PBXBuildFile section */

/* Begin PBXContainerItemProxy section */
		0E76FFEC1573FE14000EE5CA /* PBXContainerItemProxy */ = {
			isa = PBXContainerItemProxy;
			containerPortal = 0E76FFE51573FE13000EE5CA /* MWPhotoBrowser.xcodeproj */;
			proxyType = 2;
			remoteGlobalIDString = 4C6F96C414AF704100F8389A;
			remoteInfo = MWPhotoBrowser;
		};
		0E76FFF01573FE21000EE5CA /* PBXContainerItemProxy */ = {
			isa = PBXContainerItemProxy;
			containerPortal = 0E76FFE51573FE13000EE5CA /* MWPhotoBrowser.xcodeproj */;
			proxyType = 1;
			remoteGlobalIDString = 4C6F96C314AF704100F8389A;
			remoteInfo = MWPhotoBrowser;
		};
/* End PBXContainerItemProxy section */

/* Begin PBXFileReference section */
		0E17D70017FAE1A80094ABF6 /* Default-568h@2x.png */ = {isa = PBXFileReference; lastKnownFileType = image.png; path = "Default-568h@2x.png"; sourceTree = "<group>"; };
		0E3CF61B18CF322F000EC5F2 /* MapKit.framework */ = {isa = PBXFileReference; lastKnownFileType = wrapper.framework; name = MapKit.framework; path = System/Library/Frameworks/MapKit.framework; sourceTree = SDKROOT; };
		0E3D5887180456580000E3A0 /* photo1.jpg */ = {isa = PBXFileReference; lastKnownFileType = image.jpeg; name = photo1.jpg; path = Photos/photo1.jpg; sourceTree = "<group>"; };
		0E3D5888180456580000E3A0 /* photo2.jpg */ = {isa = PBXFileReference; lastKnownFileType = image.jpeg; name = photo2.jpg; path = Photos/photo2.jpg; sourceTree = "<group>"; };
		0E3D5889180456580000E3A0 /* photo3.jpg */ = {isa = PBXFileReference; lastKnownFileType = image.jpeg; name = photo3.jpg; path = Photos/photo3.jpg; sourceTree = "<group>"; };
		0E3D588A180456580000E3A0 /* photo4.jpg */ = {isa = PBXFileReference; lastKnownFileType = image.jpeg; name = photo4.jpg; path = Photos/photo4.jpg; sourceTree = "<group>"; };
		0E3D588B180456580000E3A0 /* photo5.jpg */ = {isa = PBXFileReference; lastKnownFileType = image.jpeg; name = photo5.jpg; path = Photos/photo5.jpg; sourceTree = "<group>"; };
		0E3D588C180456580000E3A0 /* photo6.jpg */ = {isa = PBXFileReference; lastKnownFileType = image.jpeg; name = photo6.jpg; path = Photos/photo6.jpg; sourceTree = "<group>"; };
		0E3D588D180456580000E3A0 /* photo7.jpg */ = {isa = PBXFileReference; lastKnownFileType = image.jpeg; name = photo7.jpg; path = Photos/photo7.jpg; sourceTree = "<group>"; };
		0E3D588E180456580000E3A0 /* photo8.jpg */ = {isa = PBXFileReference; lastKnownFileType = image.jpeg; name = photo8.jpg; path = Photos/photo8.jpg; sourceTree = "<group>"; };
		0E3D58DC1805629E0000E3A0 /* photo1t.jpg */ = {isa = PBXFileReference; lastKnownFileType = image.jpeg; name = photo1t.jpg; path = Photos/photo1t.jpg; sourceTree = "<group>"; };
		0E3D58DD1805629E0000E3A0 /* photo2t.jpg */ = {isa = PBXFileReference; lastKnownFileType = image.jpeg; name = photo2t.jpg; path = Photos/photo2t.jpg; sourceTree = "<group>"; };
		0E3D58DE1805629E0000E3A0 /* photo3t.jpg */ = {isa = PBXFileReference; lastKnownFileType = image.jpeg; name = photo3t.jpg; path = Photos/photo3t.jpg; sourceTree = "<group>"; };
		0E3D58DF1805629E0000E3A0 /* photo4t.jpg */ = {isa = PBXFileReference; lastKnownFileType = image.jpeg; name = photo4t.jpg; path = Photos/photo4t.jpg; sourceTree = "<group>"; };
		0E3D58E01805629E0000E3A0 /* photo5t.jpg */ = {isa = PBXFileReference; lastKnownFileType = image.jpeg; name = photo5t.jpg; path = Photos/photo5t.jpg; sourceTree = "<group>"; };
		0E3D58E11805629E0000E3A0 /* photo6t.jpg */ = {isa = PBXFileReference; lastKnownFileType = image.jpeg; name = photo6t.jpg; path = Photos/photo6t.jpg; sourceTree = "<group>"; };
		0E3D58E21805629E0000E3A0 /* photo7t.jpg */ = {isa = PBXFileReference; lastKnownFileType = image.jpeg; name = photo7t.jpg; path = Photos/photo7t.jpg; sourceTree = "<group>"; };
		0E3D58E31805629E0000E3A0 /* photo8t.jpg */ = {isa = PBXFileReference; lastKnownFileType = image.jpeg; name = photo8t.jpg; path = Photos/photo8t.jpg; sourceTree = "<group>"; };
		0E76FFE51573FE13000EE5CA /* MWPhotoBrowser.xcodeproj */ = {isa = PBXFileReference; lastKnownFileType = "wrapper.pb-project"; name = MWPhotoBrowser.xcodeproj; path = ../../MWPhotoBrowser/MWPhotoBrowser.xcodeproj; sourceTree = "<group>"; };
		0E76FFEE1573FE1A000EE5CA /* MWPhotoBrowser.bundle */ = {isa = PBXFileReference; lastKnownFileType = "wrapper.plug-in"; name = MWPhotoBrowser.bundle; path = ../../MWPhotoBrowser/MWPhotoBrowser.bundle; sourceTree = "<group>"; };
		0E8515C517FC781600FE1EF3 /* QuartzCore.framework */ = {isa = PBXFileReference; lastKnownFileType = wrapper.framework; name = QuartzCore.framework; path = System/Library/Frameworks/QuartzCore.framework; sourceTree = SDKROOT; };
		0E8515CF17FCC34700FE1EF3 /* AssetsLibrary.framework */ = {isa = PBXFileReference; lastKnownFileType = wrapper.framework; name = AssetsLibrary.framework; path = System/Library/Frameworks/AssetsLibrary.framework; sourceTree = SDKROOT; };
		0E85B24D14C6F40500EA35BF /* en */ = {isa = PBXFileReference; lastKnownFileType = text.plist.strings; name = en; path = en.lproj/Localizable.strings; sourceTree = "<group>"; };
		0EA380341573EA53003F4582 /* ImageIO.framework */ = {isa = PBXFileReference; lastKnownFileType = wrapper.framework; name = ImageIO.framework; path = System/Library/Frameworks/ImageIO.framework; sourceTree = SDKROOT; };
		4C6F978D14AF734900F8389A /* PhotoBrowserDemo.app */ = {isa = PBXFileReference; explicitFileType = wrapper.application; includeInIndex = 0; path = PhotoBrowserDemo.app; sourceTree = BUILT_PRODUCTS_DIR; };
		4C6F979114AF734900F8389A /* UIKit.framework */ = {isa = PBXFileReference; lastKnownFileType = wrapper.framework; name = UIKit.framework; path = System/Library/Frameworks/UIKit.framework; sourceTree = SDKROOT; };
		4C6F979314AF734900F8389A /* Foundation.framework */ = {isa = PBXFileReference; lastKnownFileType = wrapper.framework; name = Foundation.framework; path = System/Library/Frameworks/Foundation.framework; sourceTree = SDKROOT; };
		4C6F979514AF734900F8389A /* CoreGraphics.framework */ = {isa = PBXFileReference; lastKnownFileType = wrapper.framework; name = CoreGraphics.framework; path = System/Library/Frameworks/CoreGraphics.framework; sourceTree = SDKROOT; };
		4C6F979914AF734900F8389A /* PhotoBrowserDemo-Info.plist */ = {isa = PBXFileReference; lastKnownFileType = text.plist.xml; path = "PhotoBrowserDemo-Info.plist"; sourceTree = "<group>"; };
		4C6F979D14AF734900F8389A /* main.m */ = {isa = PBXFileReference; lastKnownFileType = sourcecode.c.objc; path = main.m; sourceTree = "<group>"; };
		4C6F979F14AF734900F8389A /* PhotoBrowserDemo-Prefix.pch */ = {isa = PBXFileReference; lastKnownFileType = sourcecode.c.h; path = "PhotoBrowserDemo-Prefix.pch"; sourceTree = "<group>"; };
		4C6F97A014AF734900F8389A /* AppDelegate.h */ = {isa = PBXFileReference; lastKnownFileType = sourcecode.c.h; path = AppDelegate.h; sourceTree = "<group>"; };
		4C6F97A114AF734900F8389A /* AppDelegate.m */ = {isa = PBXFileReference; lastKnownFileType = sourcecode.c.objc; path = AppDelegate.m; sourceTree = "<group>"; };
		4C6F97B114AF737E00F8389A /* Menu.h */ = {isa = PBXFileReference; fileEncoding = 4; lastKnownFileType = sourcecode.c.h; path = Menu.h; sourceTree = "<group>"; };
		4C6F97B214AF737E00F8389A /* Menu.m */ = {isa = PBXFileReference; fileEncoding = 4; lastKnownFileType = sourcecode.c.objc; path = Menu.m; sourceTree = "<group>"; };
		4C6F97C814AF750400F8389A /* MessageUI.framework */ = {isa = PBXFileReference; lastKnownFileType = wrapper.framework; name = MessageUI.framework; path = System/Library/Frameworks/MessageUI.framework; sourceTree = SDKROOT; };
/* End PBXFileReference section */

/* Begin PBXFrameworksBuildPhase section */
		4C6F978A14AF734800F8389A /* Frameworks */ = {
			isa = PBXFrameworksBuildPhase;
			buildActionMask = 2147483647;
			files = (
				0E3CF61C18CF322F000EC5F2 /* MapKit.framework in Frameworks */,
				0E8515D017FCC34700FE1EF3 /* AssetsLibrary.framework in Frameworks */,
				0E8515C617FC781600FE1EF3 /* QuartzCore.framework in Frameworks */,
				0E76FFF21573FE25000EE5CA /* libMWPhotoBrowser.a in Frameworks */,
				0EA380351573EA53003F4582 /* ImageIO.framework in Frameworks */,
				4C6F97C914AF750400F8389A /* MessageUI.framework in Frameworks */,
				4C6F979214AF734900F8389A /* UIKit.framework in Frameworks */,
				4C6F979414AF734900F8389A /* Foundation.framework in Frameworks */,
				4C6F979614AF734900F8389A /* CoreGraphics.framework in Frameworks */,
			);
			runOnlyForDeploymentPostprocessing = 0;
		};
/* End PBXFrameworksBuildPhase section */

/* Begin PBXGroup section */
		0E76FFE61573FE13000EE5CA /* Products */ = {
			isa = PBXGroup;
			children = (
				0E76FFED1573FE14000EE5CA /* libMWPhotoBrowser.a */,
			);
			name = Products;
			sourceTree = "<group>";
		};
		4C6F978214AF734800F8389A = {
			isa = PBXGroup;
			children = (
				0E17D70017FAE1A80094ABF6 /* Default-568h@2x.png */,
				4C6F979714AF734900F8389A /* PhotoBrowserDemo */,
				4C6F979014AF734900F8389A /* Frameworks */,
				4C6F978E14AF734900F8389A /* Products */,
			);
			sourceTree = "<group>";
		};
		4C6F978E14AF734900F8389A /* Products */ = {
			isa = PBXGroup;
			children = (
				4C6F978D14AF734900F8389A /* PhotoBrowserDemo.app */,
			);
			name = Products;
			sourceTree = "<group>";
		};
		4C6F979014AF734900F8389A /* Frameworks */ = {
			isa = PBXGroup;
			children = (
				0E3CF61B18CF322F000EC5F2 /* MapKit.framework */,
				0E8515CF17FCC34700FE1EF3 /* AssetsLibrary.framework */,
				0E8515C517FC781600FE1EF3 /* QuartzCore.framework */,
				0EA380341573EA53003F4582 /* ImageIO.framework */,
				4C6F97C814AF750400F8389A /* MessageUI.framework */,
				4C6F979114AF734900F8389A /* UIKit.framework */,
				4C6F979314AF734900F8389A /* Foundation.framework */,
				4C6F979514AF734900F8389A /* CoreGraphics.framework */,
			);
			name = Frameworks;
			sourceTree = "<group>";
		};
		4C6F979714AF734900F8389A /* PhotoBrowserDemo */ = {
			isa = PBXGroup;
			children = (
				4C6F97A014AF734900F8389A /* AppDelegate.h */,
				4C6F97A114AF734900F8389A /* AppDelegate.m */,
				4C6F97B114AF737E00F8389A /* Menu.h */,
				4C6F97B214AF737E00F8389A /* Menu.m */,
				0E85B24E14C6F40500EA35BF /* Localizable.strings */,
				4C6F97CA14AF75D300F8389A /* Photos */,
				4CB08BF314B1FF7300730E9F /* MWPhotoBrowser */,
				4C6F979814AF734900F8389A /* Supporting Files */,
			);
			path = PhotoBrowserDemo;
			sourceTree = "<group>";
		};
		4C6F979814AF734900F8389A /* Supporting Files */ = {
			isa = PBXGroup;
			children = (
				4C6F979914AF734900F8389A /* PhotoBrowserDemo-Info.plist */,
				4C6F979D14AF734900F8389A /* main.m */,
				4C6F979F14AF734900F8389A /* PhotoBrowserDemo-Prefix.pch */,
			);
			name = "Supporting Files";
			sourceTree = "<group>";
		};
		4C6F97CA14AF75D300F8389A /* Photos */ = {
			isa = PBXGroup;
			children = (
				0E3D58DC1805629E0000E3A0 /* photo1t.jpg */,
				0E3D58DD1805629E0000E3A0 /* photo2t.jpg */,
				0E3D58DE1805629E0000E3A0 /* photo3t.jpg */,
				0E3D58DF1805629E0000E3A0 /* photo4t.jpg */,
				0E3D58E01805629E0000E3A0 /* photo5t.jpg */,
				0E3D58E11805629E0000E3A0 /* photo6t.jpg */,
				0E3D58E21805629E0000E3A0 /* photo7t.jpg */,
				0E3D58E31805629E0000E3A0 /* photo8t.jpg */,
				0E3D5887180456580000E3A0 /* photo1.jpg */,
				0E3D5888180456580000E3A0 /* photo2.jpg */,
				0E3D5889180456580000E3A0 /* photo3.jpg */,
				0E3D588A180456580000E3A0 /* photo4.jpg */,
				0E3D588B180456580000E3A0 /* photo5.jpg */,
				0E3D588C180456580000E3A0 /* photo6.jpg */,
				0E3D588D180456580000E3A0 /* photo7.jpg */,
				0E3D588E180456580000E3A0 /* photo8.jpg */,
			);
			name = Photos;
			sourceTree = "<group>";
		};
		4CB08BF314B1FF7300730E9F /* MWPhotoBrowser */ = {
			isa = PBXGroup;
			children = (
				0E76FFEE1573FE1A000EE5CA /* MWPhotoBrowser.bundle */,
				0E76FFE51573FE13000EE5CA /* MWPhotoBrowser.xcodeproj */,
			);
			name = MWPhotoBrowser;
			sourceTree = "<group>";
		};
/* End PBXGroup section */

/* Begin PBXNativeTarget section */
		4C6F978C14AF734800F8389A /* PhotoBrowserDemo */ = {
			isa = PBXNativeTarget;
			buildConfigurationList = 4C6F97AE14AF734900F8389A /* Build configuration list for PBXNativeTarget "PhotoBrowserDemo" */;
			buildPhases = (
				4C6F978914AF734800F8389A /* Sources */,
				4C6F978A14AF734800F8389A /* Frameworks */,
				4C6F978B14AF734800F8389A /* Resources */,
			);
			buildRules = (
			);
			dependencies = (
				0E76FFF11573FE21000EE5CA /* PBXTargetDependency */,
			);
			name = PhotoBrowserDemo;
			productName = PhotoBrowserDemo;
			productReference = 4C6F978D14AF734900F8389A /* PhotoBrowserDemo.app */;
			productType = "com.apple.product-type.application";
		};
/* End PBXNativeTarget section */

/* Begin PBXProject section */
		4C6F978414AF734800F8389A /* Project object */ = {
			isa = PBXProject;
			attributes = {
				LastUpgradeCheck = 0510;
				TargetAttributes = {
					4C6F978C14AF734800F8389A = {
						DevelopmentTeam = VK94X636H2;
					};
				};
			};
			buildConfigurationList = 4C6F978714AF734800F8389A /* Build configuration list for PBXProject "PhotoBrowserDemo" */;
			compatibilityVersion = "Xcode 3.2";
			developmentRegion = English;
			hasScannedForEncodings = 0;
			knownRegions = (
				en,
				fr,
			);
			mainGroup = 4C6F978214AF734800F8389A;
			productRefGroup = 4C6F978E14AF734900F8389A /* Products */;
			projectDirPath = "";
			projectReferences = (
				{
					ProductGroup = 0E76FFE61573FE13000EE5CA /* Products */;
					ProjectRef = 0E76FFE51573FE13000EE5CA /* MWPhotoBrowser.xcodeproj */;
				},
			);
			projectRoot = "";
			targets = (
				4C6F978C14AF734800F8389A /* PhotoBrowserDemo */,
			);
		};
/* End PBXProject section */

/* Begin PBXReferenceProxy section */
		0E76FFED1573FE14000EE5CA /* libMWPhotoBrowser.a */ = {
			isa = PBXReferenceProxy;
			fileType = archive.ar;
			path = libMWPhotoBrowser.a;
			remoteRef = 0E76FFEC1573FE14000EE5CA /* PBXContainerItemProxy */;
			sourceTree = BUILT_PRODUCTS_DIR;
		};
/* End PBXReferenceProxy section */

/* Begin PBXResourcesBuildPhase section */
		4C6F978B14AF734800F8389A /* Resources */ = {
			isa = PBXResourcesBuildPhase;
			buildActionMask = 2147483647;
			files = (
				0E3D58E51805629E0000E3A0 /* photo2t.jpg in Resources */,
				0E3D5895180456580000E3A0 /* photo7.jpg in Resources */,
				0E3D5894180456580000E3A0 /* photo6.jpg in Resources */,
				0E3D58E71805629E0000E3A0 /* photo4t.jpg in Resources */,
				0E3D5896180456580000E3A0 /* photo8.jpg in Resources */,
				0E3D5893180456580000E3A0 /* photo5.jpg in Resources */,
				0E3D5892180456580000E3A0 /* photo4.jpg in Resources */,
				0E3D5891180456580000E3A0 /* photo3.jpg in Resources */,
				0E3D58E61805629E0000E3A0 /* photo3t.jpg in Resources */,
				0E3D58EA1805629E0000E3A0 /* photo7t.jpg in Resources */,
				0E3D58EB1805629E0000E3A0 /* photo8t.jpg in Resources */,
				0E3D5890180456580000E3A0 /* photo2.jpg in Resources */,
				0E3D58E91805629E0000E3A0 /* photo6t.jpg in Resources */,
				0E3D588F180456580000E3A0 /* photo1.jpg in Resources */,
				0E17D70117FAE1A80094ABF6 /* Default-568h@2x.png in Resources */,
				0E3D58E41805629E0000E3A0 /* photo1t.jpg in Resources */,
				0E3D58E81805629E0000E3A0 /* photo5t.jpg in Resources */,
				0E85B24C14C6F40500EA35BF /* Localizable.strings in Resources */,
				0E76FFEF1573FE1A000EE5CA /* MWPhotoBrowser.bundle in Resources */,
			);
			runOnlyForDeploymentPostprocessing = 0;
		};
/* End PBXResourcesBuildPhase section */

/* Begin PBXSourcesBuildPhase section */
		4C6F978914AF734800F8389A /* Sources */ = {
			isa = PBXSourcesBuildPhase;
			buildActionMask = 2147483647;
			files = (
				4C6F979E14AF734900F8389A /* main.m in Sources */,
				4C6F97A214AF734900F8389A /* AppDelegate.m in Sources */,
				4C6F97B314AF737E00F8389A /* Menu.m in Sources */,
			);
			runOnlyForDeploymentPostprocessing = 0;
		};
/* End PBXSourcesBuildPhase section */

/* Begin PBXTargetDependency section */
		0E76FFF11573FE21000EE5CA /* PBXTargetDependency */ = {
			isa = PBXTargetDependency;
			name = MWPhotoBrowser;
			targetProxy = 0E76FFF01573FE21000EE5CA /* PBXContainerItemProxy */;
		};
/* End PBXTargetDependency section */

/* Begin PBXVariantGroup section */
		0E85B24E14C6F40500EA35BF /* Localizable.strings */ = {
			isa = PBXVariantGroup;
			children = (
				0E85B24D14C6F40500EA35BF /* en */,
			);
			name = Localizable.strings;
			sourceTree = "<group>";
		};
/* End PBXVariantGroup section */

/* Begin XCBuildConfiguration section */
		4C6F97AC14AF734900F8389A /* Debug */ = {
			isa = XCBuildConfiguration;
			buildSettings = {
				ALWAYS_SEARCH_USER_PATHS = YES;
				CLANG_WARN_BOOL_CONVERSION = YES;
				CLANG_WARN_CONSTANT_CONVERSION = YES;
				CLANG_WARN_EMPTY_BODY = YES;
				CLANG_WARN_ENUM_CONVERSION = YES;
				CLANG_WARN_INT_CONVERSION = YES;
				CLANG_WARN__DUPLICATE_METHOD_MATCH = YES;
				"CODE_SIGN_IDENTITY[sdk=iphoneos*]" = "iPhone Developer";
				COPY_PHASE_STRIP = NO;
				GCC_C_LANGUAGE_STANDARD = gnu99;
				GCC_DYNAMIC_NO_PIC = NO;
				GCC_OPTIMIZATION_LEVEL = 0;
				GCC_PREPROCESSOR_DEFINITIONS = (
					"DEBUG=1",
					"$(inherited)",
				);
				GCC_SYMBOLS_PRIVATE_EXTERN = NO;
				GCC_VERSION = com.apple.compilers.llvm.clang.1_0;
				GCC_WARN_64_TO_32_BIT_CONVERSION = YES;
				GCC_WARN_ABOUT_MISSING_PROTOTYPES = YES;
				GCC_WARN_ABOUT_RETURN_TYPE = YES;
				GCC_WARN_UNDECLARED_SELECTOR = YES;
				GCC_WARN_UNINITIALIZED_AUTOS = YES;
				GCC_WARN_UNUSED_FUNCTION = YES;
				GCC_WARN_UNUSED_VARIABLE = YES;
				IPHONEOS_DEPLOYMENT_TARGET = 5.1.1;
				ONLY_ACTIVE_ARCH = YES;
				SDKROOT = iphoneos;
				TARGETED_DEVICE_FAMILY = "1,2";
			};
			name = Debug;
		};
		4C6F97AD14AF734900F8389A /* Release */ = {
			isa = XCBuildConfiguration;
			buildSettings = {
				ALWAYS_SEARCH_USER_PATHS = YES;
				CLANG_WARN_BOOL_CONVERSION = YES;
				CLANG_WARN_CONSTANT_CONVERSION = YES;
				CLANG_WARN_EMPTY_BODY = YES;
				CLANG_WARN_ENUM_CONVERSION = YES;
				CLANG_WARN_INT_CONVERSION = YES;
				CLANG_WARN__DUPLICATE_METHOD_MATCH = YES;
				"CODE_SIGN_IDENTITY[sdk=iphoneos*]" = "iPhone Developer";
				COPY_PHASE_STRIP = YES;
				GCC_C_LANGUAGE_STANDARD = gnu99;
				GCC_VERSION = com.apple.compilers.llvm.clang.1_0;
				GCC_WARN_64_TO_32_BIT_CONVERSION = YES;
				GCC_WARN_ABOUT_MISSING_PROTOTYPES = YES;
				GCC_WARN_ABOUT_RETURN_TYPE = YES;
				GCC_WARN_UNDECLARED_SELECTOR = YES;
				GCC_WARN_UNINITIALIZED_AUTOS = YES;
				GCC_WARN_UNUSED_FUNCTION = YES;
				GCC_WARN_UNUSED_VARIABLE = YES;
				IPHONEOS_DEPLOYMENT_TARGET = 5.1.1;
				OTHER_CFLAGS = "-DNS_BLOCK_ASSERTIONS=1";
				SDKROOT = iphoneos;
				TARGETED_DEVICE_FAMILY = "1,2";
				VALIDATE_PRODUCT = YES;
			};
			name = Release;
		};
		4C6F97AF14AF734900F8389A /* Debug */ = {
			isa = XCBuildConfiguration;
			buildSettings = {
				CLANG_ENABLE_OBJC_ARC = YES;
				CODE_SIGN_IDENTITY = "iPhone Developer";
				"CODE_SIGN_IDENTITY[sdk=iphoneos*]" = "iPhone Developer";
				GCC_PRECOMPILE_PREFIX_HEADER = YES;
				GCC_PREFIX_HEADER = "PhotoBrowserDemo/PhotoBrowserDemo-Prefix.pch";
				GCC_THUMB_SUPPORT = NO;
				INFOPLIST_FILE = "PhotoBrowserDemo/PhotoBrowserDemo-Info.plist";
				OTHER_LDFLAGS = (
					"-ObjC",
					"-all_load",
				);
				PRODUCT_NAME = "$(TARGET_NAME)";
				PROVISIONING_PROFILE = "";
				USER_HEADER_SEARCH_PATHS = "../**";
				WRAPPER_EXTENSION = app;
			};
			name = Debug;
		};
		4C6F97B014AF734900F8389A /* Release */ = {
			isa = XCBuildConfiguration;
			buildSettings = {
				CLANG_ENABLE_OBJC_ARC = YES;
				CODE_SIGN_IDENTITY = "iPhone Developer";
				"CODE_SIGN_IDENTITY[sdk=iphoneos*]" = "iPhone Developer";
				GCC_PRECOMPILE_PREFIX_HEADER = YES;
				GCC_PREFIX_HEADER = "PhotoBrowserDemo/PhotoBrowserDemo-Prefix.pch";
				GCC_THUMB_SUPPORT = NO;
				INFOPLIST_FILE = "PhotoBrowserDemo/PhotoBrowserDemo-Info.plist";
				OTHER_LDFLAGS = (
					"-ObjC",
					"-all_load",
				);
				PRODUCT_NAME = "$(TARGET_NAME)";
				PROVISIONING_PROFILE = "";
				USER_HEADER_SEARCH_PATHS = "../**";
				WRAPPER_EXTENSION = app;
			};
			name = Release;
		};
/* End XCBuildConfiguration section */

/* Begin XCConfigurationList section */
		4C6F978714AF734800F8389A /* Build configuration list for PBXProject "PhotoBrowserDemo" */ = {
			isa = XCConfigurationList;
			buildConfigurations = (
				4C6F97AC14AF734900F8389A /* Debug */,
				4C6F97AD14AF734900F8389A /* Release */,
			);
			defaultConfigurationIsVisible = 0;
			defaultConfigurationName = Release;
		};
		4C6F97AE14AF734900F8389A /* Build configuration list for PBXNativeTarget "PhotoBrowserDemo" */ = {
			isa = XCConfigurationList;
			buildConfigurations = (
				4C6F97AF14AF734900F8389A /* Debug */,
				4C6F97B014AF734900F8389A /* Release */,
			);
			defaultConfigurationIsVisible = 0;
			defaultConfigurationName = Release;
		};
/* End XCConfigurationList section */
	};
	rootObject = 4C6F978414AF734800F8389A /* Project object */;
}
